// !$*UTF8*$!
{
	archiveVersion = 1;
	classes = {
	};
	objectVersion = 46;
	objects = {

/* Begin PBXBuildFile section */
		020C700017FC7FD900623DF6 /* combineResultsViewController.m in Sources */ = {isa = PBXBuildFile; fileRef = 020C6FFE17FC7FD900623DF6 /* combineResultsViewController.m */; settings = {COMPILER_FLAGS = "-fno-objc-arc"; }; };
		020C700117FC7FD900623DF6 /* combineResultsViewController.xib in Resources */ = {isa = PBXBuildFile; fileRef = 020C6FFF17FC7FD900623DF6 /* combineResultsViewController.xib */; };
		023842BF17588CC800831605 /* UploadRecipe.m in Sources */ = {isa = PBXBuildFile; fileRef = 023842BD17588CC700831605 /* UploadRecipe.m */; };
		023842C017588CC800831605 /* UploadRecipe.xib in Resources */ = {isa = PBXBuildFile; fileRef = 023842BE17588CC700831605 /* UploadRecipe.xib */; };
		02608D0017FDEAB900F0082E /* UILabel+AutoFrame.m in Sources */ = {isa = PBXBuildFile; fileRef = 02608CFE17FDEAB900F0082E /* UILabel+AutoFrame.m */; };
		02612DE8173CB23600C04A37 /* QuartzCore.framework in Frameworks */ = {isa = PBXBuildFile; fileRef = 02612DE7173CB23600C04A37 /* QuartzCore.framework */; };
		02A4E79E174C023A00EA8FEB /* foodData.plist in Resources */ = {isa = PBXBuildFile; fileRef = 02A4E79D174C023A00EA8FEB /* foodData.plist */; };
		02A67C72174BDA1800BCD095 /* CVCell.m in Sources */ = {isa = PBXBuildFile; fileRef = 02A67C70174BDA1800BCD095 /* CVCell.m */; };
		02A67C73174BDA1800BCD095 /* CVCell.xib in Resources */ = {isa = PBXBuildFile; fileRef = 02A67C71174BDA1800BCD095 /* CVCell.xib */; };
		02A67C85174BDECA00BCD095 /* Recipes.m in Sources */ = {isa = PBXBuildFile; fileRef = 02A67C84174BDECA00BCD095 /* Recipes.m */; };
		02A67C88174BDF0500BCD095 /* PlsitRead.m in Sources */ = {isa = PBXBuildFile; fileRef = 02A67C87174BDF0500BCD095 /* PlsitRead.m */; };
		02A67C8C174BE06000BCD095 /* refViewController.m in Sources */ = {isa = PBXBuildFile; fileRef = 02A67C8A174BE05F00BCD095 /* refViewController.m */; };
		02A67C8D174BE06000BCD095 /* refViewController.xib in Resources */ = {isa = PBXBuildFile; fileRef = 02A67C8B174BE05F00BCD095 /* refViewController.xib */; };
		02A67C96174BE21100BCD095 /* menuViewController.m in Sources */ = {isa = PBXBuildFile; fileRef = 02A67C94174BE21100BCD095 /* menuViewController.m */; };
		02A67C97174BE21100BCD095 /* menuViewController.xib in Resources */ = {isa = PBXBuildFile; fileRef = 02A67C95174BE21100BCD095 /* menuViewController.xib */; };
		02A67C9B174BE29600BCD095 /* foodDetailViewController.m in Sources */ = {isa = PBXBuildFile; fileRef = 02A67C99174BE29500BCD095 /* foodDetailViewController.m */; };
		02A67C9C174BE29600BCD095 /* foodDetailViewController.xib in Resources */ = {isa = PBXBuildFile; fileRef = 02A67C9A174BE29600BCD095 /* foodDetailViewController.xib */; };
		02A67CA8174BE3DE00BCD095 /* Property List.plist in Resources */ = {isa = PBXBuildFile; fileRef = 02A67CA7174BE3DE00BCD095 /* Property List.plist */; };
		02A68AEF17033FFD00B34828 /* SystemConfiguration.framework in Frameworks */ = {isa = PBXBuildFile; fileRef = 02A68AEE17033FFD00B34828 /* SystemConfiguration.framework */; };
		02A68AF11703401000B34828 /* CFNetwork.framework in Frameworks */ = {isa = PBXBuildFile; fileRef = 02A68AF01703401000B34828 /* CFNetwork.framework */; };
		02A68AF31703402700B34828 /* MobileCoreServices.framework in Frameworks */ = {isa = PBXBuildFile; fileRef = 02A68AF21703402700B34828 /* MobileCoreServices.framework */; };
		02A68AF51703404A00B34828 /* CoreLocation.framework in Frameworks */ = {isa = PBXBuildFile; fileRef = 02A68AF41703404A00B34828 /* CoreLocation.framework */; };
		02A68AF71703405000B34828 /* MapKit.framework in Frameworks */ = {isa = PBXBuildFile; fileRef = 02A68AF61703405000B34828 /* MapKit.framework */; };
		02A68AFB17034A8300B34828 /* JsonViewController.m in Sources */ = {isa = PBXBuildFile; fileRef = 02A68AF917034A8300B34828 /* JsonViewController.m */; };
		02A68AFC17034A8300B34828 /* JsonViewController.xib in Resources */ = {isa = PBXBuildFile; fileRef = 02A68AFA17034A8300B34828 /* JsonViewController.xib */; };
		02A68B3017035EDF00B34828 /* Person.m in Sources */ = {isa = PBXBuildFile; fileRef = 02A68B2F17035EDF00B34828 /* Person.m */; };
		02A68B3417035F9F00B34828 /* WebJsonDataGetter.m in Sources */ = {isa = PBXBuildFile; fileRef = 02A68B3317035F9F00B34828 /* WebJsonDataGetter.m */; };
		02A68B6817037BEE00B34828 /* libxml2.dylib in Frameworks */ = {isa = PBXBuildFile; fileRef = 02A68B6717037BEE00B34828 /* libxml2.dylib */; };
		02A68B6A17037BFC00B34828 /* libz.dylib in Frameworks */ = {isa = PBXBuildFile; fileRef = 02A68B6917037BFC00B34828 /* libz.dylib */; };
		02A8DD5617F1DE5E00E6B5D9 /* materialWithCollectionViewController.m in Sources */ = {isa = PBXBuildFile; fileRef = 02A8DD5417F1DE5E00E6B5D9 /* materialWithCollectionViewController.m */; };
		02A8DD5717F1DE5E00E6B5D9 /* materialWithCollectionViewController.xib in Resources */ = {isa = PBXBuildFile; fileRef = 02A8DD5517F1DE5E00E6B5D9 /* materialWithCollectionViewController.xib */; };
		02A8DD6217F2027D00E6B5D9 /* MaterialCell.m in Sources */ = {isa = PBXBuildFile; fileRef = 02A8DD6017F2027D00E6B5D9 /* MaterialCell.m */; };
		02A8DD6317F2027D00E6B5D9 /* MaterialCell.xib in Resources */ = {isa = PBXBuildFile; fileRef = 02A8DD6117F2027D00E6B5D9 /* MaterialCell.xib */; };
		02A91716170207BC00F2E55F /* UIKit.framework in Frameworks */ = {isa = PBXBuildFile; fileRef = 02A91715170207BC00F2E55F /* UIKit.framework */; };
		02A91718170207BC00F2E55F /* Foundation.framework in Frameworks */ = {isa = PBXBuildFile; fileRef = 02A91717170207BC00F2E55F /* Foundation.framework */; };
		02A9171A170207BC00F2E55F /* CoreGraphics.framework in Frameworks */ = {isa = PBXBuildFile; fileRef = 02A91719170207BC00F2E55F /* CoreGraphics.framework */; };
		02A91720170207BC00F2E55F /* InfoPlist.strings in Resources */ = {isa = PBXBuildFile; fileRef = 02A9171E170207BC00F2E55F /* InfoPlist.strings */; };
		02A91722170207BC00F2E55F /* main.m in Sources */ = {isa = PBXBuildFile; fileRef = 02A91721170207BC00F2E55F /* main.m */; };
		02A91726170207BC00F2E55F /* AppDelegate.m in Sources */ = {isa = PBXBuildFile; fileRef = 02A91725170207BC00F2E55F /* AppDelegate.m */; };
		02A91728170207BC00F2E55F /* Default.png in Resources */ = {isa = PBXBuildFile; fileRef = 02A91727170207BC00F2E55F /* Default.png */; };
		02A9172C170207BC00F2E55F /* Default-568h@2x.png in Resources */ = {isa = PBXBuildFile; fileRef = 02A9172B170207BC00F2E55F /* Default-568h@2x.png */; };
		02A9172F170207BC00F2E55F /* ViewController.m in Sources */ = {isa = PBXBuildFile; fileRef = 02A9172E170207BC00F2E55F /* ViewController.m */; settings = {COMPILER_FLAGS = "-fno-objc-arc"; }; };
		02A91732170207BC00F2E55F /* ViewController.xib in Resources */ = {isa = PBXBuildFile; fileRef = 02A91730170207BC00F2E55F /* ViewController.xib */; };
		02A917391702307A00F2E55F /* CoreMotion.framework in Frameworks */ = {isa = PBXBuildFile; fileRef = 02A917381702307A00F2E55F /* CoreMotion.framework */; };
		02A99DAB174F450600F576E2 /* game.png in Resources */ = {isa = PBXBuildFile; fileRef = 02A99DA8174F450600F576E2 /* game.png */; };
		02A99DAE174F492700F576E2 /* gamepan.png in Resources */ = {isa = PBXBuildFile; fileRef = 02A99DAD174F492700F576E2 /* gamepan.png */; };
		02A99DB0174F496C00F576E2 /* gamebaby.png in Resources */ = {isa = PBXBuildFile; fileRef = 02A99DAF174F496C00F576E2 /* gamebaby.png */; };
		02A99DB6174F5D2E00F576E2 /* 001.png in Resources */ = {isa = PBXBuildFile; fileRef = 02A99DB5174F5D2E00F576E2 /* 001.png */; };
		02A9B11517F5FDE200535CC7 /* LBYouTubeExtractor.m in Sources */ = {isa = PBXBuildFile; fileRef = 02A9B11217F5FDE200535CC7 /* LBYouTubeExtractor.m */; };
		02A9B11617F5FDE200535CC7 /* LBYouTubePlayerViewController.m in Sources */ = {isa = PBXBuildFile; fileRef = 02A9B11417F5FDE200535CC7 /* LBYouTubePlayerViewController.m */; };
		02AE7873174F211500DDCBDA /* 蒜香烤土司.jpg in Resources */ = {isa = PBXBuildFile; fileRef = 02AE7871174F211500DDCBDA /* 蒜香烤土司.jpg */; };
		02AE7874174F211500DDCBDA /* 銀杏百合蝦球.jpg in Resources */ = {isa = PBXBuildFile; fileRef = 02AE7872174F211500DDCBDA /* 銀杏百合蝦球.jpg */; };
		02B69EE61801ECBD00A43E20 /* left.png in Resources */ = {isa = PBXBuildFile; fileRef = 02B69EE31801ECBD00A43E20 /* left.png */; };
		02B69EE71801ECBD00A43E20 /* navbackgound.png in Resources */ = {isa = PBXBuildFile; fileRef = 02B69EE41801ECBD00A43E20 /* navbackgound.png */; };
		02B69EE81801ECBD00A43E20 /* back.png in Resources */ = {isa = PBXBuildFile; fileRef = 02B69EE51801ECBD00A43E20 /* back.png */; };
		02C8795217EA1BDD00E1F738 /* materialSideViewController.m in Sources */ = {isa = PBXBuildFile; fileRef = 02C8795117EA1BDD00E1F738 /* materialSideViewController.m */; settings = {COMPILER_FLAGS = "-fno-objc-arc"; }; };
		2BEDE413FCB64F2EB044019A /* libPods.a in Frameworks */ = {isa = PBXBuildFile; fileRef = 2A691AA26FB84D70BFC64D3E /* libPods.a */; };
		490322C817E5BBBB0008F1F4 /* recipesWithICarouselViewController.m in Sources */ = {isa = PBXBuildFile; fileRef = 490322C617E5BBBB0008F1F4 /* recipesWithICarouselViewController.m */; };
		490322C917E5BBBB0008F1F4 /* recipesWithICarouselViewController.xib in Resources */ = {isa = PBXBuildFile; fileRef = 490322C717E5BBBB0008F1F4 /* recipesWithICarouselViewController.xib */; };
		491AE83C175FAD4800E4121C /* homepage1.png in Resources */ = {isa = PBXBuildFile; fileRef = 491AE83A175FAD4800E4121C /* homepage1.png */; };
		491AE83D175FAD4800E4121C /* homepage2-1.png in Resources */ = {isa = PBXBuildFile; fileRef = 491AE83B175FAD4800E4121C /* homepage2-1.png */; };
		491AE841175FAF3D00E4121C /* entryViewController.m in Sources */ = {isa = PBXBuildFile; fileRef = 491AE83F175FAF3C00E4121C /* entryViewController.m */; };
		491AE842175FAF3D00E4121C /* entryViewController.xib in Resources */ = {isa = PBXBuildFile; fileRef = 491AE840175FAF3D00E4121C /* entryViewController.xib */; };
		491AE849175FB7FB00E4121C /* materialViewController.m in Sources */ = {isa = PBXBuildFile; fileRef = 491AE847175FB7F900E4121C /* materialViewController.m */; };
		491AE84A175FB7FB00E4121C /* materialViewController.xib in Resources */ = {isa = PBXBuildFile; fileRef = 491AE848175FB7FA00E4121C /* materialViewController.xib */; };
		4927D89A17E33FEE000DDEBF /* matchMaterialViewController.m in Sources */ = {isa = PBXBuildFile; fileRef = 4927D89817E33FEE000DDEBF /* matchMaterialViewController.m */; };
		4927D89B17E33FEE000DDEBF /* matchMaterialViewController.xib in Resources */ = {isa = PBXBuildFile; fileRef = 4927D89917E33FEE000DDEBF /* matchMaterialViewController.xib */; };
		4927D8A017E34AC0000DDEBF /* moveFinishViewController.m in Sources */ = {isa = PBXBuildFile; fileRef = 4927D89D17E34AC0000DDEBF /* moveFinishViewController.m */; };
		4927D8A117E34AC0000DDEBF /* moveFinishViewController.xib in Resources */ = {isa = PBXBuildFile; fileRef = 4927D89F17E34AC0000DDEBF /* moveFinishViewController.xib */; };
		4927D8A317E39558000DDEBF /* AdSupport.framework in Frameworks */ = {isa = PBXBuildFile; fileRef = 4927D8A217E39558000DDEBF /* AdSupport.framework */; };
		4927D8A517E3955F000DDEBF /* Accounts.framework in Frameworks */ = {isa = PBXBuildFile; fileRef = 4927D8A417E3955E000DDEBF /* Accounts.framework */; };
		4927D8A717E3958D000DDEBF /* libsqlite3.dylib in Frameworks */ = {isa = PBXBuildFile; fileRef = 4927D8A617E3958D000DDEBF /* libsqlite3.dylib */; };
		4927D8A917E39596000DDEBF /* Social.framework in Frameworks */ = {isa = PBXBuildFile; fileRef = 4927D8A817E39596000DDEBF /* Social.framework */; };
		4927D8AB17E3959C000DDEBF /* Security.framework in Frameworks */ = {isa = PBXBuildFile; fileRef = 4927D8AA17E3959C000DDEBF /* Security.framework */; };
		497562EE17F1D0570053248F /* procedureWithMPFlipViewController.m in Sources */ = {isa = PBXBuildFile; fileRef = 497562EC17F1D0570053248F /* procedureWithMPFlipViewController.m */; };
		497562EF17F1D0570053248F /* procedureWithMPFlipViewController.xib in Resources */ = {isa = PBXBuildFile; fileRef = 497562ED17F1D0570053248F /* procedureWithMPFlipViewController.xib */; };
		497562FB17F1D1F50053248F /* MPAnimation.m in Sources */ = {isa = PBXBuildFile; fileRef = 497562F217F1D1F50053248F /* MPAnimation.m */; };
		497562FC17F1D1F50053248F /* MPFlipTransition.m in Sources */ = {isa = PBXBuildFile; fileRef = 497562F517F1D1F50053248F /* MPFlipTransition.m */; };
		497562FD17F1D1F60053248F /* MPFlipViewController.m in Sources */ = {isa = PBXBuildFile; fileRef = 497562F717F1D1F50053248F /* MPFlipViewController.m */; };
		497562FE17F1D1F60053248F /* MPTransition.m in Sources */ = {isa = PBXBuildFile; fileRef = 497562F917F1D1F50053248F /* MPTransition.m */; };
		4975630317F1D4C10053248F /* procedureStepViewController.m in Sources */ = {isa = PBXBuildFile; fileRef = 4975630117F1D4C10053248F /* procedureStepViewController.m */; };
		4975630417F1D4C10053248F /* procedureStepViewController.xib in Resources */ = {isa = PBXBuildFile; fileRef = 4975630217F1D4C10053248F /* procedureStepViewController.xib */; };
		499C632917E43EFB00513989 /* loginWithFBViewController.m in Sources */ = {isa = PBXBuildFile; fileRef = 499C632717E43EFB00513989 /* loginWithFBViewController.m */; settings = {COMPILER_FLAGS = "-fno-objc-arc"; }; };
		499C632A17E43EFB00513989 /* loginWithFBViewController.xib in Resources */ = {isa = PBXBuildFile; fileRef = 499C632817E43EFB00513989 /* loginWithFBViewController.xib */; };
		499C634417E449EC00513989 /* 37x-Checkmark.png in Resources */ = {isa = PBXBuildFile; fileRef = 499C633D17E449EB00513989 /* 37x-Checkmark.png */; };
		499C634517E449EC00513989 /* icon.png in Resources */ = {isa = PBXBuildFile; fileRef = 499C633E17E449EB00513989 /* icon.png */; };
		499C634617E449EC00513989 /* icon@2x.png in Resources */ = {isa = PBXBuildFile; fileRef = 499C633F17E449EC00513989 /* icon@2x.png */; };
		499C634717E449EC00513989 /* Icon-72.png in Resources */ = {isa = PBXBuildFile; fileRef = 499C634017E449EC00513989 /* Icon-72.png */; };
		499C634817E449EC00513989 /* Icon-72@2x.png in Resources */ = {isa = PBXBuildFile; fileRef = 499C634117E449EC00513989 /* Icon-72@2x.png */; };
		49A090DC17E22F7900B19E8C /* back-arrow.png in Resources */ = {isa = PBXBuildFile; fileRef = 49A090D817E22F7900B19E8C /* back-arrow.png */; };
		49A090DD17E22F7900B19E8C /* back-arrow@2x.png in Resources */ = {isa = PBXBuildFile; fileRef = 49A090D917E22F7900B19E8C /* back-arrow@2x.png */; };
		49A090DE17E22F7900B19E8C /* menu-icon.png in Resources */ = {isa = PBXBuildFile; fileRef = 49A090DA17E22F7900B19E8C /* menu-icon.png */; };
		49A090DF17E22F7900B19E8C /* menu-icon@2x.png in Resources */ = {isa = PBXBuildFile; fileRef = 49A090DB17E22F7900B19E8C /* menu-icon@2x.png */; };
		49E388B617F5A25C0012C8A9 /* TimelineView+Discovery.m in Sources */ = {isa = PBXBuildFile; fileRef = 49E388A817F5A25C0012C8A9 /* TimelineView+Discovery.m */; };
		49E388B717F5A25C0012C8A9 /* TimelineView+Gestures.m in Sources */ = {isa = PBXBuildFile; fileRef = 49E388AA17F5A25C0012C8A9 /* TimelineView+Gestures.m */; };
		49E388B817F5A25C0012C8A9 /* TimelineView+Mutation.m in Sources */ = {isa = PBXBuildFile; fileRef = 49E388AC17F5A25C0012C8A9 /* TimelineView+Mutation.m */; };
		49E388B917F5A25C0012C8A9 /* TimelineView+Tiling.m in Sources */ = {isa = PBXBuildFile; fileRef = 49E388AE17F5A25C0012C8A9 /* TimelineView+Tiling.m */; };
		49E388BA17F5A25C0012C8A9 /* TimelineView.m in Sources */ = {isa = PBXBuildFile; fileRef = 49E388B017F5A25C0012C8A9 /* TimelineView.m */; };
		49E388BB17F5A25C0012C8A9 /* TimelineViewCell.m in Sources */ = {isa = PBXBuildFile; fileRef = 49E388B317F5A25C0012C8A9 /* TimelineViewCell.m */; };
		49E388C017F5A2CD0012C8A9 /* newsTimeLineViewController.m in Sources */ = {isa = PBXBuildFile; fileRef = 49E388BE17F5A2CD0012C8A9 /* newsTimeLineViewController.m */; };
		49E388C117F5A2CD0012C8A9 /* newsTimeLineViewController.xib in Resources */ = {isa = PBXBuildFile; fileRef = 49E388BF17F5A2CD0012C8A9 /* newsTimeLineViewController.xib */; };
		49E388D017F5A4570012C8A9 /* SampleTimelineViewCell.m in Sources */ = {isa = PBXBuildFile; fileRef = 49E388CD17F5A4570012C8A9 /* SampleTimelineViewCell.m */; };
		49E388D117F5A4570012C8A9 /* SampleTimelineViewCell.xib in Resources */ = {isa = PBXBuildFile; fileRef = 49E388CE17F5A4570012C8A9 /* SampleTimelineViewCell.xib */; };
		49E388D617F5B4A80012C8A9 /* asyncImageCellViewController.m in Sources */ = {isa = PBXBuildFile; fileRef = 49E388D417F5B4A80012C8A9 /* asyncImageCellViewController.m */; };
		49E388D717F5B4A80012C8A9 /* asyncImageCellViewController.xib in Resources */ = {isa = PBXBuildFile; fileRef = 49E388D517F5B4A80012C8A9 /* asyncImageCellViewController.xib */; };
		49E86D4D17F47530002CF0CF /* MediaPlayer.framework in Frameworks */ = {isa = PBXBuildFile; fileRef = 49E86D4C17F47530002CF0CF /* MediaPlayer.framework */; };
		49F1F4C417FEBCF900E7A0AA /* FacebookSDK.framework in Frameworks */ = {isa = PBXBuildFile; fileRef = 49F1F4C317FEBCF900E7A0AA /* FacebookSDK.framework */; };
		49F1F4C917FEC64B00E7A0AA /* background-big.png in Resources */ = {isa = PBXBuildFile; fileRef = 49F1F4C517FEC64B00E7A0AA /* background-big.png */; };
		49F1F4CA17FEC64B00E7A0AA /* backgrond.png in Resources */ = {isa = PBXBuildFile; fileRef = 49F1F4C617FEC64B00E7A0AA /* backgrond.png */; };
		49F1F4CB17FEC64B00E7A0AA /* 564.png in Resources */ = {isa = PBXBuildFile; fileRef = 49F1F4C717FEC64B00E7A0AA /* 564.png */; };
		49F1F4CC17FEC64B00E7A0AA /* 123.png in Resources */ = {isa = PBXBuildFile; fileRef = 49F1F4C817FEC64B00E7A0AA /* 123.png */; };
		49FD44AC17EC3A6E00F472B5 /* recipesSideViewController.m in Sources */ = {isa = PBXBuildFile; fileRef = 49FD44AA17EC3A6E00F472B5 /* recipesSideViewController.m */; };
		49FD44AD17EC3A6E00F472B5 /* recipesSideViewController.xib in Resources */ = {isa = PBXBuildFile; fileRef = 49FD44AB17EC3A6E00F472B5 /* recipesSideViewController.xib */; };
		49FD44B017EC3E1600F472B5 /* profileSideMenuViewController.m in Sources */ = {isa = PBXBuildFile; fileRef = 49FD44AE17EC3E1600F472B5 /* profileSideMenuViewController.m */; };
		49FD44B617EC57F900F472B5 /* aboutUsViewController.m in Sources */ = {isa = PBXBuildFile; fileRef = 49FD44B417EC57F900F472B5 /* aboutUsViewController.m */; };
		49FD44B717EC57F900F472B5 /* aboutUsViewController.xib in Resources */ = {isa = PBXBuildFile; fileRef = 49FD44B517EC57F900F472B5 /* aboutUsViewController.xib */; };
		49FD44B917EC5E4800F472B5 /* MessageUI.framework in Frameworks */ = {isa = PBXBuildFile; fileRef = 49FD44B817EC5E4800F472B5 /* MessageUI.framework */; };
/* End PBXBuildFile section */

/* Begin PBXFileReference section */
		020C6FFD17FC7FD900623DF6 /* combineResultsViewController.h */ = {isa = PBXFileReference; fileEncoding = 4; lastKnownFileType = sourcecode.c.h; path = combineResultsViewController.h; sourceTree = "<group>"; };
		020C6FFE17FC7FD900623DF6 /* combineResultsViewController.m */ = {isa = PBXFileReference; fileEncoding = 4; lastKnownFileType = sourcecode.c.objc; path = combineResultsViewController.m; sourceTree = "<group>"; };
		020C6FFF17FC7FD900623DF6 /* combineResultsViewController.xib */ = {isa = PBXFileReference; fileEncoding = 4; lastKnownFileType = file.xib; path = combineResultsViewController.xib; sourceTree = "<group>"; };
		023842BC17588CC700831605 /* UploadRecipe.h */ = {isa = PBXFileReference; fileEncoding = 4; lastKnownFileType = sourcecode.c.h; path = UploadRecipe.h; sourceTree = "<group>"; };
		023842BD17588CC700831605 /* UploadRecipe.m */ = {isa = PBXFileReference; fileEncoding = 4; lastKnownFileType = sourcecode.c.objc; path = UploadRecipe.m; sourceTree = "<group>"; };
		023842BE17588CC700831605 /* UploadRecipe.xib */ = {isa = PBXFileReference; fileEncoding = 4; lastKnownFileType = file.xib; path = UploadRecipe.xib; sourceTree = "<group>"; };
		02608CFE17FDEAB900F0082E /* UILabel+AutoFrame.m */ = {isa = PBXFileReference; fileEncoding = 4; lastKnownFileType = sourcecode.c.objc; path = "UILabel+AutoFrame.m"; sourceTree = "<group>"; };
		02608CFF17FDEAB900F0082E /* UILabel+AutoFrame.h */ = {isa = PBXFileReference; fileEncoding = 4; lastKnownFileType = sourcecode.c.h; path = "UILabel+AutoFrame.h"; sourceTree = "<group>"; };
		02612DE7173CB23600C04A37 /* QuartzCore.framework */ = {isa = PBXFileReference; lastKnownFileType = wrapper.framework; name = QuartzCore.framework; path = System/Library/Frameworks/QuartzCore.framework; sourceTree = SDKROOT; };
		02A4E79D174C023A00EA8FEB /* foodData.plist */ = {isa = PBXFileReference; fileEncoding = 4; lastKnownFileType = text.plist.xml; path = foodData.plist; sourceTree = "<group>"; };
		02A4E79F174C03CA00EA8FEB /* icon.png */ = {isa = PBXFileReference; lastKnownFileType = image.png; path = icon.png; sourceTree = "<group>"; };
		02A4E7A1174C03D000EA8FEB /* icon@2x.png */ = {isa = PBXFileReference; lastKnownFileType = image.png; path = "icon@2x.png"; sourceTree = "<group>"; };
		02A4E7A9174C08DD00EA8FEB /* Default@2x.png */ = {isa = PBXFileReference; lastKnownFileType = image.png; path = "Default@2x.png"; sourceTree = "<group>"; };
		02A67C6F174BDA1800BCD095 /* CVCell.h */ = {isa = PBXFileReference; fileEncoding = 4; lastKnownFileType = sourcecode.c.h; path = CVCell.h; sourceTree = "<group>"; };
		02A67C70174BDA1800BCD095 /* CVCell.m */ = {isa = PBXFileReference; fileEncoding = 4; lastKnownFileType = sourcecode.c.objc; path = CVCell.m; sourceTree = "<group>"; };
		02A67C71174BDA1800BCD095 /* CVCell.xib */ = {isa = PBXFileReference; fileEncoding = 4; lastKnownFileType = file.xib; path = CVCell.xib; sourceTree = "<group>"; };
		02A67C83174BDECA00BCD095 /* Recipes.h */ = {isa = PBXFileReference; fileEncoding = 4; lastKnownFileType = sourcecode.c.h; path = Recipes.h; sourceTree = "<group>"; };
		02A67C84174BDECA00BCD095 /* Recipes.m */ = {isa = PBXFileReference; fileEncoding = 4; lastKnownFileType = sourcecode.c.objc; path = Recipes.m; sourceTree = "<group>"; };
		02A67C86174BDF0500BCD095 /* PlsitRead.h */ = {isa = PBXFileReference; fileEncoding = 4; lastKnownFileType = sourcecode.c.h; path = PlsitRead.h; sourceTree = "<group>"; };
		02A67C87174BDF0500BCD095 /* PlsitRead.m */ = {isa = PBXFileReference; fileEncoding = 4; lastKnownFileType = sourcecode.c.objc; path = PlsitRead.m; sourceTree = "<group>"; };
		02A67C89174BE05F00BCD095 /* refViewController.h */ = {isa = PBXFileReference; fileEncoding = 4; lastKnownFileType = sourcecode.c.h; path = refViewController.h; sourceTree = "<group>"; };
		02A67C8A174BE05F00BCD095 /* refViewController.m */ = {isa = PBXFileReference; fileEncoding = 4; lastKnownFileType = sourcecode.c.objc; path = refViewController.m; sourceTree = "<group>"; };
		02A67C8B174BE05F00BCD095 /* refViewController.xib */ = {isa = PBXFileReference; fileEncoding = 4; lastKnownFileType = file.xib; path = refViewController.xib; sourceTree = "<group>"; };
		02A67C93174BE21100BCD095 /* menuViewController.h */ = {isa = PBXFileReference; fileEncoding = 4; lastKnownFileType = sourcecode.c.h; path = menuViewController.h; sourceTree = "<group>"; };
		02A67C94174BE21100BCD095 /* menuViewController.m */ = {isa = PBXFileReference; fileEncoding = 4; lastKnownFileType = sourcecode.c.objc; path = menuViewController.m; sourceTree = "<group>"; };
		02A67C95174BE21100BCD095 /* menuViewController.xib */ = {isa = PBXFileReference; fileEncoding = 4; lastKnownFileType = file.xib; path = menuViewController.xib; sourceTree = "<group>"; };
		02A67C98174BE29500BCD095 /* foodDetailViewController.h */ = {isa = PBXFileReference; fileEncoding = 4; lastKnownFileType = sourcecode.c.h; path = foodDetailViewController.h; sourceTree = "<group>"; };
		02A67C99174BE29500BCD095 /* foodDetailViewController.m */ = {isa = PBXFileReference; fileEncoding = 4; lastKnownFileType = sourcecode.c.objc; path = foodDetailViewController.m; sourceTree = "<group>"; };
		02A67C9A174BE29600BCD095 /* foodDetailViewController.xib */ = {isa = PBXFileReference; fileEncoding = 4; lastKnownFileType = file.xib; path = foodDetailViewController.xib; sourceTree = "<group>"; };
		02A67CA7174BE3DE00BCD095 /* Property List.plist */ = {isa = PBXFileReference; fileEncoding = 4; lastKnownFileType = text.plist.xml; path = "Property List.plist"; sourceTree = "<group>"; };
		02A68AEE17033FFD00B34828 /* SystemConfiguration.framework */ = {isa = PBXFileReference; lastKnownFileType = wrapper.framework; name = SystemConfiguration.framework; path = System/Library/Frameworks/SystemConfiguration.framework; sourceTree = SDKROOT; };
		02A68AF01703401000B34828 /* CFNetwork.framework */ = {isa = PBXFileReference; lastKnownFileType = wrapper.framework; name = CFNetwork.framework; path = System/Library/Frameworks/CFNetwork.framework; sourceTree = SDKROOT; };
		02A68AF21703402700B34828 /* MobileCoreServices.framework */ = {isa = PBXFileReference; lastKnownFileType = wrapper.framework; name = MobileCoreServices.framework; path = System/Library/Frameworks/MobileCoreServices.framework; sourceTree = SDKROOT; };
		02A68AF41703404A00B34828 /* CoreLocation.framework */ = {isa = PBXFileReference; lastKnownFileType = wrapper.framework; name = CoreLocation.framework; path = System/Library/Frameworks/CoreLocation.framework; sourceTree = SDKROOT; };
		02A68AF61703405000B34828 /* MapKit.framework */ = {isa = PBXFileReference; lastKnownFileType = wrapper.framework; name = MapKit.framework; path = System/Library/Frameworks/MapKit.framework; sourceTree = SDKROOT; };
		02A68AF817034A8300B34828 /* JsonViewController.h */ = {isa = PBXFileReference; fileEncoding = 4; lastKnownFileType = sourcecode.c.h; path = JsonViewController.h; sourceTree = "<group>"; };
		02A68AF917034A8300B34828 /* JsonViewController.m */ = {isa = PBXFileReference; fileEncoding = 4; lastKnownFileType = sourcecode.c.objc; path = JsonViewController.m; sourceTree = "<group>"; };
		02A68AFA17034A8300B34828 /* JsonViewController.xib */ = {isa = PBXFileReference; fileEncoding = 4; lastKnownFileType = file.xib; path = JsonViewController.xib; sourceTree = "<group>"; };
		02A68B2E17035EDF00B34828 /* Person.h */ = {isa = PBXFileReference; fileEncoding = 4; lastKnownFileType = sourcecode.c.h; path = Person.h; sourceTree = "<group>"; };
		02A68B2F17035EDF00B34828 /* Person.m */ = {isa = PBXFileReference; fileEncoding = 4; lastKnownFileType = sourcecode.c.objc; path = Person.m; sourceTree = "<group>"; };
		02A68B3217035F9F00B34828 /* WebJsonDataGetter.h */ = {isa = PBXFileReference; fileEncoding = 4; lastKnownFileType = sourcecode.c.h; path = WebJsonDataGetter.h; sourceTree = "<group>"; };
		02A68B3317035F9F00B34828 /* WebJsonDataGetter.m */ = {isa = PBXFileReference; fileEncoding = 4; lastKnownFileType = sourcecode.c.objc; path = WebJsonDataGetter.m; sourceTree = "<group>"; };
		02A68B6717037BEE00B34828 /* libxml2.dylib */ = {isa = PBXFileReference; lastKnownFileType = "compiled.mach-o.dylib"; name = libxml2.dylib; path = usr/lib/libxml2.dylib; sourceTree = SDKROOT; };
		02A68B6917037BFC00B34828 /* libz.dylib */ = {isa = PBXFileReference; lastKnownFileType = "compiled.mach-o.dylib"; name = libz.dylib; path = usr/lib/libz.dylib; sourceTree = SDKROOT; };
		02A8DD5317F1DE5E00E6B5D9 /* materialWithCollectionViewController.h */ = {isa = PBXFileReference; fileEncoding = 4; lastKnownFileType = sourcecode.c.h; path = materialWithCollectionViewController.h; sourceTree = "<group>"; };
		02A8DD5417F1DE5E00E6B5D9 /* materialWithCollectionViewController.m */ = {isa = PBXFileReference; fileEncoding = 4; lastKnownFileType = sourcecode.c.objc; path = materialWithCollectionViewController.m; sourceTree = "<group>"; };
		02A8DD5517F1DE5E00E6B5D9 /* materialWithCollectionViewController.xib */ = {isa = PBXFileReference; fileEncoding = 4; lastKnownFileType = file.xib; path = materialWithCollectionViewController.xib; sourceTree = "<group>"; };
		02A8DD5F17F2027D00E6B5D9 /* MaterialCell.h */ = {isa = PBXFileReference; fileEncoding = 4; lastKnownFileType = sourcecode.c.h; path = MaterialCell.h; sourceTree = "<group>"; };
		02A8DD6017F2027D00E6B5D9 /* MaterialCell.m */ = {isa = PBXFileReference; fileEncoding = 4; lastKnownFileType = sourcecode.c.objc; path = MaterialCell.m; sourceTree = "<group>"; };
		02A8DD6117F2027D00E6B5D9 /* MaterialCell.xib */ = {isa = PBXFileReference; fileEncoding = 4; lastKnownFileType = file.xib; path = MaterialCell.xib; sourceTree = "<group>"; };
		02A91712170207BC00F2E55F /* ShaCookie.app */ = {isa = PBXFileReference; explicitFileType = wrapper.application; includeInIndex = 0; path = ShaCookie.app; sourceTree = BUILT_PRODUCTS_DIR; };
		02A91715170207BC00F2E55F /* UIKit.framework */ = {isa = PBXFileReference; lastKnownFileType = wrapper.framework; name = UIKit.framework; path = System/Library/Frameworks/UIKit.framework; sourceTree = SDKROOT; };
		02A91717170207BC00F2E55F /* Foundation.framework */ = {isa = PBXFileReference; lastKnownFileType = wrapper.framework; name = Foundation.framework; path = System/Library/Frameworks/Foundation.framework; sourceTree = SDKROOT; };
		02A91719170207BC00F2E55F /* CoreGraphics.framework */ = {isa = PBXFileReference; lastKnownFileType = wrapper.framework; name = CoreGraphics.framework; path = System/Library/Frameworks/CoreGraphics.framework; sourceTree = SDKROOT; };
		02A9171D170207BC00F2E55F /* miniGame-Info.plist */ = {isa = PBXFileReference; lastKnownFileType = text.plist.xml; path = "miniGame-Info.plist"; sourceTree = "<group>"; };
		02A9171F170207BC00F2E55F /* en */ = {isa = PBXFileReference; lastKnownFileType = text.plist.strings; name = en; path = en.lproj/InfoPlist.strings; sourceTree = "<group>"; };
		02A91721170207BC00F2E55F /* main.m */ = {isa = PBXFileReference; lastKnownFileType = sourcecode.c.objc; path = main.m; sourceTree = "<group>"; };
		02A91723170207BC00F2E55F /* miniGame-Prefix.pch */ = {isa = PBXFileReference; lastKnownFileType = sourcecode.c.h; path = "miniGame-Prefix.pch"; sourceTree = "<group>"; };
		02A91724170207BC00F2E55F /* AppDelegate.h */ = {isa = PBXFileReference; lastKnownFileType = sourcecode.c.h; path = AppDelegate.h; sourceTree = "<group>"; };
		02A91725170207BC00F2E55F /* AppDelegate.m */ = {isa = PBXFileReference; lastKnownFileType = sourcecode.c.objc; path = AppDelegate.m; sourceTree = "<group>"; };
		02A91727170207BC00F2E55F /* Default.png */ = {isa = PBXFileReference; lastKnownFileType = image.png; path = Default.png; sourceTree = "<group>"; };
		02A91729170207BC00F2E55F /* Default@2x.png */ = {isa = PBXFileReference; lastKnownFileType = image.png; path = "Default@2x.png"; sourceTree = "<group>"; };
		02A9172B170207BC00F2E55F /* Default-568h@2x.png */ = {isa = PBXFileReference; lastKnownFileType = image.png; path = "Default-568h@2x.png"; sourceTree = "<group>"; };
		02A9172D170207BC00F2E55F /* ViewController.h */ = {isa = PBXFileReference; lastKnownFileType = sourcecode.c.h; path = ViewController.h; sourceTree = "<group>"; };
		02A9172E170207BC00F2E55F /* ViewController.m */ = {isa = PBXFileReference; lastKnownFileType = sourcecode.c.objc; path = ViewController.m; sourceTree = "<group>"; };
		02A91731170207BC00F2E55F /* en */ = {isa = PBXFileReference; lastKnownFileType = file.xib; name = en; path = en.lproj/ViewController.xib; sourceTree = "<group>"; };
		02A917381702307A00F2E55F /* CoreMotion.framework */ = {isa = PBXFileReference; lastKnownFileType = wrapper.framework; name = CoreMotion.framework; path = System/Library/Frameworks/CoreMotion.framework; sourceTree = SDKROOT; };
		02A99DA8174F450600F576E2 /* game.png */ = {isa = PBXFileReference; lastKnownFileType = image.png; path = game.png; sourceTree = "<group>"; };
		02A99DAD174F492700F576E2 /* gamepan.png */ = {isa = PBXFileReference; lastKnownFileType = image.png; path = gamepan.png; sourceTree = "<group>"; };
		02A99DAF174F496C00F576E2 /* gamebaby.png */ = {isa = PBXFileReference; lastKnownFileType = image.png; path = gamebaby.png; sourceTree = "<group>"; };
		02A99DB5174F5D2E00F576E2 /* 001.png */ = {isa = PBXFileReference; lastKnownFileType = image.png; path = 001.png; sourceTree = "<group>"; };
		02A9B11017F5FDE200535CC7 /* LBYouTube.h */ = {isa = PBXFileReference; fileEncoding = 4; lastKnownFileType = sourcecode.c.h; path = LBYouTube.h; sourceTree = "<group>"; };
		02A9B11117F5FDE200535CC7 /* LBYouTubeExtractor.h */ = {isa = PBXFileReference; fileEncoding = 4; lastKnownFileType = sourcecode.c.h; path = LBYouTubeExtractor.h; sourceTree = "<group>"; };
		02A9B11217F5FDE200535CC7 /* LBYouTubeExtractor.m */ = {isa = PBXFileReference; fileEncoding = 4; lastKnownFileType = sourcecode.c.objc; path = LBYouTubeExtractor.m; sourceTree = "<group>"; };
		02A9B11317F5FDE200535CC7 /* LBYouTubePlayerViewController.h */ = {isa = PBXFileReference; fileEncoding = 4; lastKnownFileType = sourcecode.c.h; path = LBYouTubePlayerViewController.h; sourceTree = "<group>"; };
		02A9B11417F5FDE200535CC7 /* LBYouTubePlayerViewController.m */ = {isa = PBXFileReference; fileEncoding = 4; lastKnownFileType = sourcecode.c.objc; path = LBYouTubePlayerViewController.m; sourceTree = "<group>"; };
		02AE7871174F211500DDCBDA /* 蒜香烤土司.jpg */ = {isa = PBXFileReference; lastKnownFileType = image.jpeg; path = "蒜香烤土司.jpg"; sourceTree = "<group>"; };
		02AE7872174F211500DDCBDA /* 銀杏百合蝦球.jpg */ = {isa = PBXFileReference; lastKnownFileType = image.jpeg; path = "銀杏百合蝦球.jpg"; sourceTree = "<group>"; };
		02B69EE31801ECBD00A43E20 /* left.png */ = {isa = PBXFileReference; lastKnownFileType = image.png; path = left.png; sourceTree = "<group>"; };
		02B69EE41801ECBD00A43E20 /* navbackgound.png */ = {isa = PBXFileReference; lastKnownFileType = image.png; path = navbackgound.png; sourceTree = "<group>"; };
		02B69EE51801ECBD00A43E20 /* back.png */ = {isa = PBXFileReference; lastKnownFileType = image.png; path = back.png; sourceTree = "<group>"; };
		02C8795017EA1BDD00E1F738 /* materialSideViewController.h */ = {isa = PBXFileReference; fileEncoding = 4; lastKnownFileType = sourcecode.c.h; path = materialSideViewController.h; sourceTree = "<group>"; };
		02C8795117EA1BDD00E1F738 /* materialSideViewController.m */ = {isa = PBXFileReference; fileEncoding = 4; lastKnownFileType = sourcecode.c.objc; path = materialSideViewController.m; sourceTree = "<group>"; };
		15404D105D6D4CF9B5351AEF /* Pods.xcconfig */ = {isa = PBXFileReference; includeInIndex = 1; lastKnownFileType = text.xcconfig; name = Pods.xcconfig; path = Pods/Pods.xcconfig; sourceTree = SOURCE_ROOT; };
		2A691AA26FB84D70BFC64D3E /* libPods.a */ = {isa = PBXFileReference; explicitFileType = archive.ar; includeInIndex = 0; path = libPods.a; sourceTree = BUILT_PRODUCTS_DIR; };
		490322C517E5BBBA0008F1F4 /* recipesWithICarouselViewController.h */ = {isa = PBXFileReference; fileEncoding = 4; lastKnownFileType = sourcecode.c.h; path = recipesWithICarouselViewController.h; sourceTree = "<group>"; };
		490322C617E5BBBB0008F1F4 /* recipesWithICarouselViewController.m */ = {isa = PBXFileReference; fileEncoding = 4; lastKnownFileType = sourcecode.c.objc; path = recipesWithICarouselViewController.m; sourceTree = "<group>"; };
		490322C717E5BBBB0008F1F4 /* recipesWithICarouselViewController.xib */ = {isa = PBXFileReference; fileEncoding = 4; lastKnownFileType = file.xib; path = recipesWithICarouselViewController.xib; sourceTree = "<group>"; };
		491AE83A175FAD4800E4121C /* homepage1.png */ = {isa = PBXFileReference; lastKnownFileType = image.png; path = homepage1.png; sourceTree = "<group>"; };
		491AE83B175FAD4800E4121C /* homepage2-1.png */ = {isa = PBXFileReference; lastKnownFileType = image.png; path = "homepage2-1.png"; sourceTree = "<group>"; };
		491AE83E175FAF3C00E4121C /* entryViewController.h */ = {isa = PBXFileReference; fileEncoding = 4; lastKnownFileType = sourcecode.c.h; path = entryViewController.h; sourceTree = "<group>"; };
		491AE83F175FAF3C00E4121C /* entryViewController.m */ = {isa = PBXFileReference; fileEncoding = 4; lastKnownFileType = sourcecode.c.objc; path = entryViewController.m; sourceTree = "<group>"; };
		491AE840175FAF3D00E4121C /* entryViewController.xib */ = {isa = PBXFileReference; fileEncoding = 4; lastKnownFileType = file.xib; path = entryViewController.xib; sourceTree = "<group>"; };
		491AE846175FB7F900E4121C /* materialViewController.h */ = {isa = PBXFileReference; fileEncoding = 4; lastKnownFileType = sourcecode.c.h; path = materialViewController.h; sourceTree = "<group>"; };
		491AE847175FB7F900E4121C /* materialViewController.m */ = {isa = PBXFileReference; fileEncoding = 4; lastKnownFileType = sourcecode.c.objc; path = materialViewController.m; sourceTree = "<group>"; };
		491AE848175FB7FA00E4121C /* materialViewController.xib */ = {isa = PBXFileReference; fileEncoding = 4; lastKnownFileType = file.xib; path = materialViewController.xib; sourceTree = "<group>"; };
		4927D89717E33FEE000DDEBF /* matchMaterialViewController.h */ = {isa = PBXFileReference; fileEncoding = 4; lastKnownFileType = sourcecode.c.h; path = matchMaterialViewController.h; sourceTree = "<group>"; };
		4927D89817E33FEE000DDEBF /* matchMaterialViewController.m */ = {isa = PBXFileReference; fileEncoding = 4; lastKnownFileType = sourcecode.c.objc; path = matchMaterialViewController.m; sourceTree = "<group>"; };
		4927D89917E33FEE000DDEBF /* matchMaterialViewController.xib */ = {isa = PBXFileReference; fileEncoding = 4; lastKnownFileType = file.xib; path = matchMaterialViewController.xib; sourceTree = "<group>"; };
		4927D89D17E34AC0000DDEBF /* moveFinishViewController.m */ = {isa = PBXFileReference; fileEncoding = 4; lastKnownFileType = sourcecode.c.objc; path = moveFinishViewController.m; sourceTree = "<group>"; };
		4927D89E17E34AC0000DDEBF /* moveFinishViewController.h */ = {isa = PBXFileReference; fileEncoding = 4; lastKnownFileType = sourcecode.c.h; path = moveFinishViewController.h; sourceTree = "<group>"; };
		4927D89F17E34AC0000DDEBF /* moveFinishViewController.xib */ = {isa = PBXFileReference; fileEncoding = 4; lastKnownFileType = file.xib; path = moveFinishViewController.xib; sourceTree = "<group>"; };
		4927D8A217E39558000DDEBF /* AdSupport.framework */ = {isa = PBXFileReference; lastKnownFileType = wrapper.framework; name = AdSupport.framework; path = System/Library/Frameworks/AdSupport.framework; sourceTree = SDKROOT; };
		4927D8A417E3955E000DDEBF /* Accounts.framework */ = {isa = PBXFileReference; lastKnownFileType = wrapper.framework; name = Accounts.framework; path = System/Library/Frameworks/Accounts.framework; sourceTree = SDKROOT; };
		4927D8A617E3958D000DDEBF /* libsqlite3.dylib */ = {isa = PBXFileReference; lastKnownFileType = "compiled.mach-o.dylib"; name = libsqlite3.dylib; path = usr/lib/libsqlite3.dylib; sourceTree = SDKROOT; };
		4927D8A817E39596000DDEBF /* Social.framework */ = {isa = PBXFileReference; lastKnownFileType = wrapper.framework; name = Social.framework; path = System/Library/Frameworks/Social.framework; sourceTree = SDKROOT; };
		4927D8AA17E3959C000DDEBF /* Security.framework */ = {isa = PBXFileReference; lastKnownFileType = wrapper.framework; name = Security.framework; path = System/Library/Frameworks/Security.framework; sourceTree = SDKROOT; };
		4940D55B17E33EDC00939995 /* GetJsonURLString.h */ = {isa = PBXFileReference; fileEncoding = 4; lastKnownFileType = sourcecode.c.h; path = GetJsonURLString.h; sourceTree = "<group>"; };
		497562EB17F1D0570053248F /* procedureWithMPFlipViewController.h */ = {isa = PBXFileReference; fileEncoding = 4; lastKnownFileType = sourcecode.c.h; path = procedureWithMPFlipViewController.h; sourceTree = "<group>"; };
		497562EC17F1D0570053248F /* procedureWithMPFlipViewController.m */ = {isa = PBXFileReference; fileEncoding = 4; lastKnownFileType = sourcecode.c.objc; path = procedureWithMPFlipViewController.m; sourceTree = "<group>"; };
		497562ED17F1D0570053248F /* procedureWithMPFlipViewController.xib */ = {isa = PBXFileReference; fileEncoding = 4; lastKnownFileType = file.xib; path = procedureWithMPFlipViewController.xib; sourceTree = "<group>"; };
		497562F117F1D1F50053248F /* MPAnimation.h */ = {isa = PBXFileReference; fileEncoding = 4; lastKnownFileType = sourcecode.c.h; path = MPAnimation.h; sourceTree = "<group>"; };
		497562F217F1D1F50053248F /* MPAnimation.m */ = {isa = PBXFileReference; fileEncoding = 4; lastKnownFileType = sourcecode.c.objc; path = MPAnimation.m; sourceTree = "<group>"; };
		497562F317F1D1F50053248F /* MPFlipEnumerations.h */ = {isa = PBXFileReference; fileEncoding = 4; lastKnownFileType = sourcecode.c.h; path = MPFlipEnumerations.h; sourceTree = "<group>"; };
		497562F417F1D1F50053248F /* MPFlipTransition.h */ = {isa = PBXFileReference; fileEncoding = 4; lastKnownFileType = sourcecode.c.h; path = MPFlipTransition.h; sourceTree = "<group>"; };
		497562F517F1D1F50053248F /* MPFlipTransition.m */ = {isa = PBXFileReference; fileEncoding = 4; lastKnownFileType = sourcecode.c.objc; path = MPFlipTransition.m; sourceTree = "<group>"; };
		497562F617F1D1F50053248F /* MPFlipViewController.h */ = {isa = PBXFileReference; fileEncoding = 4; lastKnownFileType = sourcecode.c.h; path = MPFlipViewController.h; sourceTree = "<group>"; };
		497562F717F1D1F50053248F /* MPFlipViewController.m */ = {isa = PBXFileReference; fileEncoding = 4; lastKnownFileType = sourcecode.c.objc; path = MPFlipViewController.m; sourceTree = "<group>"; };
		497562F817F1D1F50053248F /* MPTransition.h */ = {isa = PBXFileReference; fileEncoding = 4; lastKnownFileType = sourcecode.c.h; path = MPTransition.h; sourceTree = "<group>"; };
		497562F917F1D1F50053248F /* MPTransition.m */ = {isa = PBXFileReference; fileEncoding = 4; lastKnownFileType = sourcecode.c.objc; path = MPTransition.m; sourceTree = "<group>"; };
		497562FA17F1D1F50053248F /* MPTransitionEnumerations.h */ = {isa = PBXFileReference; fileEncoding = 4; lastKnownFileType = sourcecode.c.h; path = MPTransitionEnumerations.h; sourceTree = "<group>"; };
		4975630017F1D4C10053248F /* procedureStepViewController.h */ = {isa = PBXFileReference; fileEncoding = 4; lastKnownFileType = sourcecode.c.h; path = procedureStepViewController.h; sourceTree = "<group>"; };
		4975630117F1D4C10053248F /* procedureStepViewController.m */ = {isa = PBXFileReference; fileEncoding = 4; lastKnownFileType = sourcecode.c.objc; path = procedureStepViewController.m; sourceTree = "<group>"; };
		4975630217F1D4C10053248F /* procedureStepViewController.xib */ = {isa = PBXFileReference; fileEncoding = 4; lastKnownFileType = file.xib; path = procedureStepViewController.xib; sourceTree = "<group>"; };
		499C632617E43EFB00513989 /* loginWithFBViewController.h */ = {isa = PBXFileReference; fileEncoding = 4; lastKnownFileType = sourcecode.c.h; path = loginWithFBViewController.h; sourceTree = "<group>"; };
		499C632717E43EFB00513989 /* loginWithFBViewController.m */ = {isa = PBXFileReference; fileEncoding = 4; lastKnownFileType = sourcecode.c.objc; path = loginWithFBViewController.m; sourceTree = "<group>"; };
		499C632817E43EFB00513989 /* loginWithFBViewController.xib */ = {isa = PBXFileReference; fileEncoding = 4; lastKnownFileType = file.xib; path = loginWithFBViewController.xib; sourceTree = "<group>"; };
		499C633D17E449EB00513989 /* 37x-Checkmark.png */ = {isa = PBXFileReference; lastKnownFileType = image.png; path = "37x-Checkmark.png"; sourceTree = "<group>"; };
		499C633E17E449EB00513989 /* icon.png */ = {isa = PBXFileReference; lastKnownFileType = image.png; path = icon.png; sourceTree = "<group>"; };
		499C633F17E449EC00513989 /* icon@2x.png */ = {isa = PBXFileReference; lastKnownFileType = image.png; path = "icon@2x.png"; sourceTree = "<group>"; };
		499C634017E449EC00513989 /* Icon-72.png */ = {isa = PBXFileReference; lastKnownFileType = image.png; path = "Icon-72.png"; sourceTree = "<group>"; };
		499C634117E449EC00513989 /* Icon-72@2x.png */ = {isa = PBXFileReference; lastKnownFileType = image.png; path = "Icon-72@2x.png"; sourceTree = "<group>"; };
		49A090D817E22F7900B19E8C /* back-arrow.png */ = {isa = PBXFileReference; lastKnownFileType = image.png; path = "back-arrow.png"; sourceTree = "<group>"; };
		49A090D917E22F7900B19E8C /* back-arrow@2x.png */ = {isa = PBXFileReference; lastKnownFileType = image.png; path = "back-arrow@2x.png"; sourceTree = "<group>"; };
		49A090DA17E22F7900B19E8C /* menu-icon.png */ = {isa = PBXFileReference; lastKnownFileType = image.png; path = "menu-icon.png"; sourceTree = "<group>"; };
		49A090DB17E22F7900B19E8C /* menu-icon@2x.png */ = {isa = PBXFileReference; lastKnownFileType = image.png; path = "menu-icon@2x.png"; sourceTree = "<group>"; };
		49CFC50F17E22AF30001E0D6 /* icon.png */ = {isa = PBXFileReference; lastKnownFileType = image.png; path = icon.png; sourceTree = "<group>"; };
		49CFC51117E22B310001E0D6 /* icon@2x.png */ = {isa = PBXFileReference; lastKnownFileType = image.png; path = "icon@2x.png"; sourceTree = "<group>"; };
		49CFC51317E22B3F0001E0D6 /* Default@2x.png */ = {isa = PBXFileReference; lastKnownFileType = image.png; path = "Default@2x.png"; sourceTree = "<group>"; };
		49CFC51517E22B4A0001E0D6 /* Default-568h@2x.png */ = {isa = PBXFileReference; lastKnownFileType = image.png; path = "Default-568h@2x.png"; sourceTree = "<group>"; };
		49E388A717F5A25C0012C8A9 /* TimelineView+Discovery.h */ = {isa = PBXFileReference; fileEncoding = 4; lastKnownFileType = sourcecode.c.h; path = "TimelineView+Discovery.h"; sourceTree = "<group>"; };
		49E388A817F5A25C0012C8A9 /* TimelineView+Discovery.m */ = {isa = PBXFileReference; fileEncoding = 4; lastKnownFileType = sourcecode.c.objc; path = "TimelineView+Discovery.m"; sourceTree = "<group>"; };
		49E388A917F5A25C0012C8A9 /* TimelineView+Gestures.h */ = {isa = PBXFileReference; fileEncoding = 4; lastKnownFileType = sourcecode.c.h; path = "TimelineView+Gestures.h"; sourceTree = "<group>"; };
		49E388AA17F5A25C0012C8A9 /* TimelineView+Gestures.m */ = {isa = PBXFileReference; fileEncoding = 4; lastKnownFileType = sourcecode.c.objc; path = "TimelineView+Gestures.m"; sourceTree = "<group>"; };
		49E388AB17F5A25C0012C8A9 /* TimelineView+Mutation.h */ = {isa = PBXFileReference; fileEncoding = 4; lastKnownFileType = sourcecode.c.h; path = "TimelineView+Mutation.h"; sourceTree = "<group>"; };
		49E388AC17F5A25C0012C8A9 /* TimelineView+Mutation.m */ = {isa = PBXFileReference; fileEncoding = 4; lastKnownFileType = sourcecode.c.objc; path = "TimelineView+Mutation.m"; sourceTree = "<group>"; };
		49E388AD17F5A25C0012C8A9 /* TimelineView+Tiling.h */ = {isa = PBXFileReference; fileEncoding = 4; lastKnownFileType = sourcecode.c.h; path = "TimelineView+Tiling.h"; sourceTree = "<group>"; };
		49E388AE17F5A25C0012C8A9 /* TimelineView+Tiling.m */ = {isa = PBXFileReference; fileEncoding = 4; lastKnownFileType = sourcecode.c.objc; path = "TimelineView+Tiling.m"; sourceTree = "<group>"; };
		49E388AF17F5A25C0012C8A9 /* TimelineView.h */ = {isa = PBXFileReference; fileEncoding = 4; lastKnownFileType = sourcecode.c.h; path = TimelineView.h; sourceTree = "<group>"; };
		49E388B017F5A25C0012C8A9 /* TimelineView.m */ = {isa = PBXFileReference; fileEncoding = 4; lastKnownFileType = sourcecode.c.objc; path = TimelineView.m; sourceTree = "<group>"; };
		49E388B117F5A25C0012C8A9 /* TimelineView_Private.h */ = {isa = PBXFileReference; fileEncoding = 4; lastKnownFileType = sourcecode.c.h; path = TimelineView_Private.h; sourceTree = "<group>"; };
		49E388B217F5A25C0012C8A9 /* TimelineViewCell.h */ = {isa = PBXFileReference; fileEncoding = 4; lastKnownFileType = sourcecode.c.h; path = TimelineViewCell.h; sourceTree = "<group>"; };
		49E388B317F5A25C0012C8A9 /* TimelineViewCell.m */ = {isa = PBXFileReference; fileEncoding = 4; lastKnownFileType = sourcecode.c.objc; path = TimelineViewCell.m; sourceTree = "<group>"; };
		49E388B417F5A25C0012C8A9 /* TimelineViewDataSource.h */ = {isa = PBXFileReference; fileEncoding = 4; lastKnownFileType = sourcecode.c.h; path = TimelineViewDataSource.h; sourceTree = "<group>"; };
		49E388B517F5A25C0012C8A9 /* TimelineViewDelegate.h */ = {isa = PBXFileReference; fileEncoding = 4; lastKnownFileType = sourcecode.c.h; path = TimelineViewDelegate.h; sourceTree = "<group>"; };
		49E388BD17F5A2CD0012C8A9 /* newsTimeLineViewController.h */ = {isa = PBXFileReference; fileEncoding = 4; lastKnownFileType = sourcecode.c.h; path = newsTimeLineViewController.h; sourceTree = "<group>"; };
		49E388BE17F5A2CD0012C8A9 /* newsTimeLineViewController.m */ = {isa = PBXFileReference; fileEncoding = 4; lastKnownFileType = sourcecode.c.objc; path = newsTimeLineViewController.m; sourceTree = "<group>"; };
		49E388BF17F5A2CD0012C8A9 /* newsTimeLineViewController.xib */ = {isa = PBXFileReference; fileEncoding = 4; lastKnownFileType = file.xib; path = newsTimeLineViewController.xib; sourceTree = "<group>"; };
		49E388CD17F5A4570012C8A9 /* SampleTimelineViewCell.m */ = {isa = PBXFileReference; fileEncoding = 4; lastKnownFileType = sourcecode.c.objc; path = SampleTimelineViewCell.m; sourceTree = "<group>"; };
		49E388CE17F5A4570012C8A9 /* SampleTimelineViewCell.xib */ = {isa = PBXFileReference; fileEncoding = 4; lastKnownFileType = file.xib; path = SampleTimelineViewCell.xib; sourceTree = "<group>"; };
		49E388CF17F5A4570012C8A9 /* SampleTimelineViewCell.h */ = {isa = PBXFileReference; fileEncoding = 4; lastKnownFileType = sourcecode.c.h; path = SampleTimelineViewCell.h; sourceTree = "<group>"; };
		49E388D317F5B4A80012C8A9 /* asyncImageCellViewController.h */ = {isa = PBXFileReference; fileEncoding = 4; lastKnownFileType = sourcecode.c.h; path = asyncImageCellViewController.h; sourceTree = "<group>"; };
		49E388D417F5B4A80012C8A9 /* asyncImageCellViewController.m */ = {isa = PBXFileReference; fileEncoding = 4; lastKnownFileType = sourcecode.c.objc; path = asyncImageCellViewController.m; sourceTree = "<group>"; };
		49E388D517F5B4A80012C8A9 /* asyncImageCellViewController.xib */ = {isa = PBXFileReference; fileEncoding = 4; lastKnownFileType = file.xib; path = asyncImageCellViewController.xib; sourceTree = "<group>"; };
		49E86D4C17F47530002CF0CF /* MediaPlayer.framework */ = {isa = PBXFileReference; lastKnownFileType = wrapper.framework; name = MediaPlayer.framework; path = System/Library/Frameworks/MediaPlayer.framework; sourceTree = SDKROOT; };
		49F1F4C317FEBCF900E7A0AA /* FacebookSDK.framework */ = {isa = PBXFileReference; lastKnownFileType = wrapper.framework; name = FacebookSDK.framework; path = ../../Documents/ios_framework/FacebookSDK/FacebookSDK.framework; sourceTree = "<group>"; };
		49F1F4C517FEC64B00E7A0AA /* background-big.png */ = {isa = PBXFileReference; lastKnownFileType = image.png; path = "background-big.png"; sourceTree = "<group>"; };
		49F1F4C617FEC64B00E7A0AA /* backgrond.png */ = {isa = PBXFileReference; lastKnownFileType = image.png; path = backgrond.png; sourceTree = "<group>"; };
		49F1F4C717FEC64B00E7A0AA /* 564.png */ = {isa = PBXFileReference; lastKnownFileType = image.png; path = 564.png; sourceTree = "<group>"; };
		49F1F4C817FEC64B00E7A0AA /* 123.png */ = {isa = PBXFileReference; lastKnownFileType = image.png; path = 123.png; sourceTree = "<group>"; };
		49FD44A917EC3A6E00F472B5 /* recipesSideViewController.h */ = {isa = PBXFileReference; fileEncoding = 4; lastKnownFileType = sourcecode.c.h; path = recipesSideViewController.h; sourceTree = "<group>"; };
		49FD44AA17EC3A6E00F472B5 /* recipesSideViewController.m */ = {isa = PBXFileReference; fileEncoding = 4; lastKnownFileType = sourcecode.c.objc; path = recipesSideViewController.m; sourceTree = "<group>"; };
		49FD44AB17EC3A6E00F472B5 /* recipesSideViewController.xib */ = {isa = PBXFileReference; fileEncoding = 4; lastKnownFileType = file.xib; path = recipesSideViewController.xib; sourceTree = "<group>"; };
		49FD44AE17EC3E1600F472B5 /* profileSideMenuViewController.m */ = {isa = PBXFileReference; fileEncoding = 4; lastKnownFileType = sourcecode.c.objc; path = profileSideMenuViewController.m; sourceTree = "<group>"; };
		49FD44AF17EC3E1600F472B5 /* profileSideMenuViewController.h */ = {isa = PBXFileReference; fileEncoding = 4; lastKnownFileType = sourcecode.c.h; path = profileSideMenuViewController.h; sourceTree = "<group>"; };
		49FD44B317EC57F900F472B5 /* aboutUsViewController.h */ = {isa = PBXFileReference; fileEncoding = 4; lastKnownFileType = sourcecode.c.h; path = aboutUsViewController.h; sourceTree = "<group>"; };
		49FD44B417EC57F900F472B5 /* aboutUsViewController.m */ = {isa = PBXFileReference; fileEncoding = 4; lastKnownFileType = sourcecode.c.objc; path = aboutUsViewController.m; sourceTree = "<group>"; };
		49FD44B517EC57F900F472B5 /* aboutUsViewController.xib */ = {isa = PBXFileReference; fileEncoding = 4; lastKnownFileType = file.xib; path = aboutUsViewController.xib; sourceTree = "<group>"; };
		49FD44B817EC5E4800F472B5 /* MessageUI.framework */ = {isa = PBXFileReference; lastKnownFileType = wrapper.framework; name = MessageUI.framework; path = System/Library/Frameworks/MessageUI.framework; sourceTree = SDKROOT; };
/* End PBXFileReference section */

/* Begin PBXFrameworksBuildPhase section */
		02A9170F170207BC00F2E55F /* Frameworks */ = {
			isa = PBXFrameworksBuildPhase;
			buildActionMask = 2147483647;
			files = (
				49F1F4C417FEBCF900E7A0AA /* FacebookSDK.framework in Frameworks */,
				49E86D4D17F47530002CF0CF /* MediaPlayer.framework in Frameworks */,
				49FD44B917EC5E4800F472B5 /* MessageUI.framework in Frameworks */,
				4927D8AB17E3959C000DDEBF /* Security.framework in Frameworks */,
				4927D8A917E39596000DDEBF /* Social.framework in Frameworks */,
				4927D8A717E3958D000DDEBF /* libsqlite3.dylib in Frameworks */,
				02A68AF51703404A00B34828 /* CoreLocation.framework in Frameworks */,
				4927D8A517E3955F000DDEBF /* Accounts.framework in Frameworks */,
				4927D8A317E39558000DDEBF /* AdSupport.framework in Frameworks */,
				02612DE8173CB23600C04A37 /* QuartzCore.framework in Frameworks */,
				02A68B6A17037BFC00B34828 /* libz.dylib in Frameworks */,
				02A68B6817037BEE00B34828 /* libxml2.dylib in Frameworks */,
				02A68AF71703405000B34828 /* MapKit.framework in Frameworks */,
				02A68AF31703402700B34828 /* MobileCoreServices.framework in Frameworks */,
				02A68AF11703401000B34828 /* CFNetwork.framework in Frameworks */,
				02A68AEF17033FFD00B34828 /* SystemConfiguration.framework in Frameworks */,
				02A917391702307A00F2E55F /* CoreMotion.framework in Frameworks */,
				02A91716170207BC00F2E55F /* UIKit.framework in Frameworks */,
				02A91718170207BC00F2E55F /* Foundation.framework in Frameworks */,
				02A9171A170207BC00F2E55F /* CoreGraphics.framework in Frameworks */,
				2BEDE413FCB64F2EB044019A /* libPods.a in Frameworks */,
			);
			runOnlyForDeploymentPostprocessing = 0;
		};
/* End PBXFrameworksBuildPhase section */

/* Begin PBXGroup section */
		020C6FFC17FC7CEF00623DF6 /* combineResults */ = {
			isa = PBXGroup;
			children = (
				020C6FFD17FC7FD900623DF6 /* combineResultsViewController.h */,
				020C6FFE17FC7FD900623DF6 /* combineResultsViewController.m */,
				020C6FFF17FC7FD900623DF6 /* combineResultsViewController.xib */,
			);
			name = combineResults;
			sourceTree = "<group>";
		};
		023F8A051708971B00283A71 /* Resources */ = {
			isa = PBXGroup;
			children = (
				023F8A081708979200283A71 /* Images */,
				023F8A071708978800283A71 /* UI */,
			);
			name = Resources;
			sourceTree = "<group>";
		};
		023F8A071708978800283A71 /* UI */ = {
			isa = PBXGroup;
			children = (
			);
			name = UI;
			sourceTree = "<group>";
		};
		023F8A081708979200283A71 /* Images */ = {
			isa = PBXGroup;
			children = (
				49CFC51517E22B4A0001E0D6 /* Default-568h@2x.png */,
				49CFC51317E22B3F0001E0D6 /* Default@2x.png */,
				49CFC51117E22B310001E0D6 /* icon@2x.png */,
				49CFC50F17E22AF30001E0D6 /* icon.png */,
				02A4E7A9174C08DD00EA8FEB /* Default@2x.png */,
				02A4E7A1174C03D000EA8FEB /* icon@2x.png */,
				02A4E79F174C03CA00EA8FEB /* icon.png */,
			);
			name = Images;
			sourceTree = "<group>";
		};
		02A8DD5817F1DE8300E6B5D9 /* materialWithCollectionViewController */ = {
			isa = PBXGroup;
			children = (
				02A8DD5317F1DE5E00E6B5D9 /* materialWithCollectionViewController.h */,
				02A8DD5417F1DE5E00E6B5D9 /* materialWithCollectionViewController.m */,
				02A8DD5517F1DE5E00E6B5D9 /* materialWithCollectionViewController.xib */,
			);
			name = materialWithCollectionViewController;
			sourceTree = "<group>";
		};
		02A8DD5917F1FF6900E6B5D9 /* MaterialCell */ = {
			isa = PBXGroup;
			children = (
				02A8DD5F17F2027D00E6B5D9 /* MaterialCell.h */,
				02A8DD6017F2027D00E6B5D9 /* MaterialCell.m */,
				02A8DD6117F2027D00E6B5D9 /* MaterialCell.xib */,
			);
			name = MaterialCell;
			sourceTree = "<group>";
		};
		02A91709170207BC00F2E55F = {
			isa = PBXGroup;
			children = (
				023F8A051708971B00283A71 /* Resources */,
				02A9171B170207BC00F2E55F /* miniGame */,
				02A91714170207BC00F2E55F /* Frameworks */,
				02A91713170207BC00F2E55F /* Products */,
				15404D105D6D4CF9B5351AEF /* Pods.xcconfig */,
			);
			sourceTree = "<group>";
		};
		02A91713170207BC00F2E55F /* Products */ = {
			isa = PBXGroup;
			children = (
				02A91712170207BC00F2E55F /* ShaCookie.app */,
			);
			name = Products;
			sourceTree = "<group>";
		};
		02A91714170207BC00F2E55F /* Frameworks */ = {
			isa = PBXGroup;
			children = (
				49F1F4C317FEBCF900E7A0AA /* FacebookSDK.framework */,
				49E86D4C17F47530002CF0CF /* MediaPlayer.framework */,
				49FD44B817EC5E4800F472B5 /* MessageUI.framework */,
				4927D8AA17E3959C000DDEBF /* Security.framework */,
				4927D8A817E39596000DDEBF /* Social.framework */,
				4927D8A617E3958D000DDEBF /* libsqlite3.dylib */,
				4927D8A417E3955E000DDEBF /* Accounts.framework */,
				4927D8A217E39558000DDEBF /* AdSupport.framework */,
				02A68B6917037BFC00B34828 /* libz.dylib */,
				02A68B6717037BEE00B34828 /* libxml2.dylib */,
				02612DE7173CB23600C04A37 /* QuartzCore.framework */,
				02A68AF61703405000B34828 /* MapKit.framework */,
				02A68AF41703404A00B34828 /* CoreLocation.framework */,
				02A68AF21703402700B34828 /* MobileCoreServices.framework */,
				02A68AF01703401000B34828 /* CFNetwork.framework */,
				02A68AEE17033FFD00B34828 /* SystemConfiguration.framework */,
				02A917381702307A00F2E55F /* CoreMotion.framework */,
				02A91715170207BC00F2E55F /* UIKit.framework */,
				02A91717170207BC00F2E55F /* Foundation.framework */,
				02A91719170207BC00F2E55F /* CoreGraphics.framework */,
				2A691AA26FB84D70BFC64D3E /* libPods.a */,
			);
			name = Frameworks;
			sourceTree = "<group>";
		};
		02A9171B170207BC00F2E55F /* miniGame */ = {
			isa = PBXGroup;
			children = (
				499C634A17E44BA000513989 /* Delegate */,
				4984C50A17DF140400EDE6B1 /* images */,
				4984C51C17DF17D300EDE6B1 /* logical */,
				02A9171C170207BC00F2E55F /* Supporting Files */,
				4984C51B17DF177400EDE6B1 /* Views */,
			);
			path = miniGame;
			sourceTree = "<group>";
		};
		02A9171C170207BC00F2E55F /* Supporting Files */ = {
			isa = PBXGroup;
			children = (
				02A9171D170207BC00F2E55F /* miniGame-Info.plist */,
				02A4E79D174C023A00EA8FEB /* foodData.plist */,
				02A9171E170207BC00F2E55F /* InfoPlist.strings */,
				02A91721170207BC00F2E55F /* main.m */,
				02A91723170207BC00F2E55F /* miniGame-Prefix.pch */,
				02A91727170207BC00F2E55F /* Default.png */,
				02A91729170207BC00F2E55F /* Default@2x.png */,
				02A9172B170207BC00F2E55F /* Default-568h@2x.png */,
			);
			name = "Supporting Files";
			sourceTree = "<group>";
		};
		02A9B10F17F5FDD600535CC7 /* LBYouTubeView */ = {
			isa = PBXGroup;
			children = (
				02A9B11017F5FDE200535CC7 /* LBYouTube.h */,
				02A9B11117F5FDE200535CC7 /* LBYouTubeExtractor.h */,
				02A9B11217F5FDE200535CC7 /* LBYouTubeExtractor.m */,
				02A9B11317F5FDE200535CC7 /* LBYouTubePlayerViewController.h */,
				02A9B11417F5FDE200535CC7 /* LBYouTubePlayerViewController.m */,
			);
			name = LBYouTubeView;
			sourceTree = "<group>";
		};
		02C8794F17EA1B8300E1F738 /* materialSideView */ = {
			isa = PBXGroup;
			children = (
				02C8795017EA1BDD00E1F738 /* materialSideViewController.h */,
				02C8795117EA1BDD00E1F738 /* materialSideViewController.m */,
			);
			name = materialSideView;
			sourceTree = "<group>";
		};
		02C8795417EA3B9300E1F738 /* recipesSideView */ = {
			isa = PBXGroup;
			children = (
				49FD44A917EC3A6E00F472B5 /* recipesSideViewController.h */,
				49FD44AA17EC3A6E00F472B5 /* recipesSideViewController.m */,
				49FD44AB17EC3A6E00F472B5 /* recipesSideViewController.xib */,
			);
			name = recipesSideView;
			sourceTree = "<group>";
		};
		490322B817E476050008F1F4 /* loginwithFBView */ = {
			isa = PBXGroup;
			children = (
				499C632617E43EFB00513989 /* loginWithFBViewController.h */,
				499C632717E43EFB00513989 /* loginWithFBViewController.m */,
				499C632817E43EFB00513989 /* loginWithFBViewController.xib */,
			);
			name = loginwithFBView;
			sourceTree = "<group>";
		};
		4927D89617E33FCF000DDEBF /* matchMaterialView */ = {
			isa = PBXGroup;
			children = (
				4927D89717E33FEE000DDEBF /* matchMaterialViewController.h */,
				4927D89817E33FEE000DDEBF /* matchMaterialViewController.m */,
				4927D89917E33FEE000DDEBF /* matchMaterialViewController.xib */,
			);
			name = matchMaterialView;
			sourceTree = "<group>";
		};
		4927D89C17E34AAB000DDEBF /* moveFinishView */ = {
			isa = PBXGroup;
			children = (
				4927D89D17E34AC0000DDEBF /* moveFinishViewController.m */,
				4927D89E17E34AC0000DDEBF /* moveFinishViewController.h */,
				4927D89F17E34AC0000DDEBF /* moveFinishViewController.xib */,
			);
			name = moveFinishView;
			sourceTree = "<group>";
		};
		4934431F17E0D95300237BAF /* FriendView */ = {
			isa = PBXGroup;
			children = (
				02A9172D170207BC00F2E55F /* ViewController.h */,
				02A9172E170207BC00F2E55F /* ViewController.m */,
				02A91730170207BC00F2E55F /* ViewController.xib */,
			);
			name = FriendView;
			sourceTree = "<group>";
		};
		4963CE2D17F318FF002DFE70 /* notInUse */ = {
			isa = PBXGroup;
			children = (
				4984C51917DF174300EDE6B1 /* UploadRecipe */,
				4984C51517DF16D500EDE6B1 /* PlsitRead */,
				4984C51417DF16B600EDE6B1 /* Recipes */,
			);
			name = notInUse;
			sourceTree = "<group>";
		};
		4963CE2E17F319C2002DFE70 /* notInUse */ = {
			isa = PBXGroup;
			children = (
				4927D89C17E34AAB000DDEBF /* moveFinishView */,
				4927D89617E33FCF000DDEBF /* matchMaterialView */,
				4984C51A17DF175400EDE6B1 /* entryView */,
				4984C51017DF160800EDE6B1 /* materialView */,
				4984C51817DF173000EDE6B1 /* foodDetailView */,
				4934431F17E0D95300237BAF /* FriendView */,
			);
			name = notInUse;
			sourceTree = "<group>";
		};
		497562E717F1CF950053248F /* procedureWithMPFlipView */ = {
			isa = PBXGroup;
			children = (
				497562EB17F1D0570053248F /* procedureWithMPFlipViewController.h */,
				497562EC17F1D0570053248F /* procedureWithMPFlipViewController.m */,
				497562ED17F1D0570053248F /* procedureWithMPFlipViewController.xib */,
			);
			name = procedureWithMPFlipView;
			sourceTree = "<group>";
		};
		497562F017F1D1F50053248F /* Container */ = {
			isa = PBXGroup;
			children = (
				497562F117F1D1F50053248F /* MPAnimation.h */,
				497562F217F1D1F50053248F /* MPAnimation.m */,
				497562F317F1D1F50053248F /* MPFlipEnumerations.h */,
				497562F417F1D1F50053248F /* MPFlipTransition.h */,
				497562F517F1D1F50053248F /* MPFlipTransition.m */,
				497562F617F1D1F50053248F /* MPFlipViewController.h */,
				497562F717F1D1F50053248F /* MPFlipViewController.m */,
				497562F817F1D1F50053248F /* MPTransition.h */,
				497562F917F1D1F50053248F /* MPTransition.m */,
				497562FA17F1D1F50053248F /* MPTransitionEnumerations.h */,
			);
			path = Container;
			sourceTree = "<group>";
		};
		497562FF17F1D4810053248F /* procedureStepView */ = {
			isa = PBXGroup;
			children = (
				4975630017F1D4C10053248F /* procedureStepViewController.h */,
				4975630117F1D4C10053248F /* procedureStepViewController.m */,
				4975630217F1D4C10053248F /* procedureStepViewController.xib */,
			);
			name = procedureStepView;
			sourceTree = "<group>";
		};
		4975630517F1DB850053248F /* procedureView */ = {
			isa = PBXGroup;
			children = (
				497562FF17F1D4810053248F /* procedureStepView */,
				497562E717F1CF950053248F /* procedureWithMPFlipView */,
			);
			name = procedureView;
			sourceTree = "<group>";
		};
		4984C50A17DF140400EDE6B1 /* images */ = {
			isa = PBXGroup;
			children = (
				02B69EE31801ECBD00A43E20 /* left.png */,
				02B69EE41801ECBD00A43E20 /* navbackgound.png */,
				02B69EE51801ECBD00A43E20 /* back.png */,
				499C633D17E449EB00513989 /* 37x-Checkmark.png */,
				49F1F4C517FEC64B00E7A0AA /* background-big.png */,
				49F1F4C617FEC64B00E7A0AA /* backgrond.png */,
				49F1F4C717FEC64B00E7A0AA /* 564.png */,
				49F1F4C817FEC64B00E7A0AA /* 123.png */,
				499C633E17E449EB00513989 /* icon.png */,
				499C633F17E449EC00513989 /* icon@2x.png */,
				499C634017E449EC00513989 /* Icon-72.png */,
				499C634117E449EC00513989 /* Icon-72@2x.png */,
				49A090D817E22F7900B19E8C /* back-arrow.png */,
				49A090D917E22F7900B19E8C /* back-arrow@2x.png */,
				49A090DA17E22F7900B19E8C /* menu-icon.png */,
				49A090DB17E22F7900B19E8C /* menu-icon@2x.png */,
				02A67CA7174BE3DE00BCD095 /* Property List.plist */,
				02A99DB5174F5D2E00F576E2 /* 001.png */,
				491AE83A175FAD4800E4121C /* homepage1.png */,
				491AE83B175FAD4800E4121C /* homepage2-1.png */,
				02A99DAF174F496C00F576E2 /* gamebaby.png */,
				02A99DAD174F492700F576E2 /* gamepan.png */,
				02A99DA8174F450600F576E2 /* game.png */,
				02AE7871174F211500DDCBDA /* 蒜香烤土司.jpg */,
				02AE7872174F211500DDCBDA /* 銀杏百合蝦球.jpg */,
			);
			name = images;
			sourceTree = "<group>";
		};
		4984C50B17DF14BD00EDE6B1 /* JsonView */ = {
			isa = PBXGroup;
			children = (
				02A68AF817034A8300B34828 /* JsonViewController.h */,
				02A68AF917034A8300B34828 /* JsonViewController.m */,
				02A68AFA17034A8300B34828 /* JsonViewController.xib */,
			);
			name = JsonView;
			sourceTree = "<group>";
		};
		4984C50D17DF153B00EDE6B1 /* Person */ = {
			isa = PBXGroup;
			children = (
				02A68B2E17035EDF00B34828 /* Person.h */,
				02A68B2F17035EDF00B34828 /* Person.m */,
			);
			name = Person;
			sourceTree = "<group>";
		};
		4984C50E17DF156800EDE6B1 /* WebJsonDataGetter */ = {
			isa = PBXGroup;
			children = (
				02A68B3217035F9F00B34828 /* WebJsonDataGetter.h */,
				02A68B3317035F9F00B34828 /* WebJsonDataGetter.m */,
			);
			name = WebJsonDataGetter;
			sourceTree = "<group>";
		};
		4984C51017DF160800EDE6B1 /* materialView */ = {
			isa = PBXGroup;
			children = (
				491AE846175FB7F900E4121C /* materialViewController.h */,
				491AE847175FB7F900E4121C /* materialViewController.m */,
				491AE848175FB7FA00E4121C /* materialViewController.xib */,
			);
			name = materialView;
			sourceTree = "<group>";
		};
		4984C51217DF166F00EDE6B1 /* CVCell */ = {
			isa = PBXGroup;
			children = (
				02A67C6F174BDA1800BCD095 /* CVCell.h */,
				02A67C70174BDA1800BCD095 /* CVCell.m */,
				02A67C71174BDA1800BCD095 /* CVCell.xib */,
			);
			name = CVCell;
			sourceTree = "<group>";
		};
		4984C51417DF16B600EDE6B1 /* Recipes */ = {
			isa = PBXGroup;
			children = (
				02A67C83174BDECA00BCD095 /* Recipes.h */,
				02A67C84174BDECA00BCD095 /* Recipes.m */,
			);
			name = Recipes;
			sourceTree = "<group>";
		};
		4984C51517DF16D500EDE6B1 /* PlsitRead */ = {
			isa = PBXGroup;
			children = (
				02A67C86174BDF0500BCD095 /* PlsitRead.h */,
				02A67C87174BDF0500BCD095 /* PlsitRead.m */,
			);
			name = PlsitRead;
			sourceTree = "<group>";
		};
		4984C51617DF16E800EDE6B1 /* refView */ = {
			isa = PBXGroup;
			children = (
				02A67C89174BE05F00BCD095 /* refViewController.h */,
				02A67C8A174BE05F00BCD095 /* refViewController.m */,
				02A67C8B174BE05F00BCD095 /* refViewController.xib */,
			);
			name = refView;
			sourceTree = "<group>";
		};
		4984C51717DF16FF00EDE6B1 /* menuView */ = {
			isa = PBXGroup;
			children = (
				02A67C93174BE21100BCD095 /* menuViewController.h */,
				02A67C94174BE21100BCD095 /* menuViewController.m */,
				02A67C95174BE21100BCD095 /* menuViewController.xib */,
			);
			name = menuView;
			sourceTree = "<group>";
		};
		4984C51817DF173000EDE6B1 /* foodDetailView */ = {
			isa = PBXGroup;
			children = (
				02A67C98174BE29500BCD095 /* foodDetailViewController.h */,
				02A67C99174BE29500BCD095 /* foodDetailViewController.m */,
				02A67C9A174BE29600BCD095 /* foodDetailViewController.xib */,
			);
			name = foodDetailView;
			sourceTree = "<group>";
		};
		4984C51917DF174300EDE6B1 /* UploadRecipe */ = {
			isa = PBXGroup;
			children = (
				023842BC17588CC700831605 /* UploadRecipe.h */,
				023842BD17588CC700831605 /* UploadRecipe.m */,
				023842BE17588CC700831605 /* UploadRecipe.xib */,
			);
			name = UploadRecipe;
			sourceTree = "<group>";
		};
		4984C51A17DF175400EDE6B1 /* entryView */ = {
			isa = PBXGroup;
			children = (
				491AE83E175FAF3C00E4121C /* entryViewController.h */,
				491AE83F175FAF3C00E4121C /* entryViewController.m */,
				491AE840175FAF3D00E4121C /* entryViewController.xib */,
			);
			name = entryView;
			sourceTree = "<group>";
		};
		4984C51B17DF177400EDE6B1 /* Views */ = {
			isa = PBXGroup;
			children = (
				020C6FFC17FC7CEF00623DF6 /* combineResults */,
				49E388BC17F5A2A30012C8A9 /* newsTimeLineView */,
				4963CE2E17F319C2002DFE70 /* notInUse */,
				4975630517F1DB850053248F /* procedureView */,
				4984C51817DF173000EDE6B1 /* foodDetailView */,
				02A8DD5817F1DE8300E6B5D9 /* materialWithCollectionViewController */,
				49FD44B117EC57D100F472B5 /* aboutUsView */,
				02C8795417EA3B9300E1F738 /* recipesSideView */,
				02C8794F17EA1B8300E1F738 /* materialSideView */,
				49F546D117E5DCA200166D62 /* recipesWithICarouselView */,
				490322B817E476050008F1F4 /* loginwithFBView */,
				49A090D717E22E6800B19E8C /* profileSideMenuView */,
				4934431F17E0D95300237BAF /* FriendView */,
				4984C51A17DF175400EDE6B1 /* entryView */,
				4984C51717DF16FF00EDE6B1 /* menuView */,
				4984C51617DF16E800EDE6B1 /* refView */,
				4984C50B17DF14BD00EDE6B1 /* JsonView */,
			);
			name = Views;
			sourceTree = "<group>";
		};
		4984C51C17DF17D300EDE6B1 /* logical */ = {
			isa = PBXGroup;
			children = (
				BB2C2D4517FC832F0081E38A /* AutoFrame */,
				02A9B10F17F5FDD600535CC7 /* LBYouTubeView */,
				49E388D217F5B4700012C8A9 /* AsyncImageCell */,
				49E388C217F5A30F0012C8A9 /* TimeLineCell */,
				49E388A617F5A25C0012C8A9 /* TimelineView */,
				4963CE2D17F318FF002DFE70 /* notInUse */,
				497562F017F1D1F50053248F /* Container */,
				02A8DD5917F1FF6900E6B5D9 /* MaterialCell */,
				4940D55B17E33EDC00939995 /* GetJsonURLString.h */,
				4984C51217DF166F00EDE6B1 /* CVCell */,
				4984C50E17DF156800EDE6B1 /* WebJsonDataGetter */,
				4984C50D17DF153B00EDE6B1 /* Person */,
			);
			name = logical;
			sourceTree = "<group>";
		};
		499C634A17E44BA000513989 /* Delegate */ = {
			isa = PBXGroup;
			children = (
				02A91724170207BC00F2E55F /* AppDelegate.h */,
				02A91725170207BC00F2E55F /* AppDelegate.m */,
			);
			name = Delegate;
			sourceTree = "<group>";
		};
		49A090D717E22E6800B19E8C /* profileSideMenuView */ = {
			isa = PBXGroup;
			children = (
				49FD44AE17EC3E1600F472B5 /* profileSideMenuViewController.m */,
				49FD44AF17EC3E1600F472B5 /* profileSideMenuViewController.h */,
			);
			name = profileSideMenuView;
			sourceTree = "<group>";
		};
		49E388A617F5A25C0012C8A9 /* TimelineView */ = {
			isa = PBXGroup;
			children = (
				49E388A717F5A25C0012C8A9 /* TimelineView+Discovery.h */,
				49E388A817F5A25C0012C8A9 /* TimelineView+Discovery.m */,
				49E388A917F5A25C0012C8A9 /* TimelineView+Gestures.h */,
				49E388AA17F5A25C0012C8A9 /* TimelineView+Gestures.m */,
				49E388AB17F5A25C0012C8A9 /* TimelineView+Mutation.h */,
				49E388AC17F5A25C0012C8A9 /* TimelineView+Mutation.m */,
				49E388AD17F5A25C0012C8A9 /* TimelineView+Tiling.h */,
				49E388AE17F5A25C0012C8A9 /* TimelineView+Tiling.m */,
				49E388AF17F5A25C0012C8A9 /* TimelineView.h */,
				49E388B017F5A25C0012C8A9 /* TimelineView.m */,
				49E388B117F5A25C0012C8A9 /* TimelineView_Private.h */,
				49E388B217F5A25C0012C8A9 /* TimelineViewCell.h */,
				49E388B317F5A25C0012C8A9 /* TimelineViewCell.m */,
				49E388B417F5A25C0012C8A9 /* TimelineViewDataSource.h */,
				49E388B517F5A25C0012C8A9 /* TimelineViewDelegate.h */,
			);
			path = TimelineView;
			sourceTree = "<group>";
		};
		49E388BC17F5A2A30012C8A9 /* newsTimeLineView */ = {
			isa = PBXGroup;
			children = (
				49E388BD17F5A2CD0012C8A9 /* newsTimeLineViewController.h */,
				49E388BE17F5A2CD0012C8A9 /* newsTimeLineViewController.m */,
				49E388BF17F5A2CD0012C8A9 /* newsTimeLineViewController.xib */,
			);
			name = newsTimeLineView;
			sourceTree = "<group>";
		};
		49E388C217F5A30F0012C8A9 /* TimeLineCell */ = {
			isa = PBXGroup;
			children = (
				49E388CD17F5A4570012C8A9 /* SampleTimelineViewCell.m */,
				49E388CE17F5A4570012C8A9 /* SampleTimelineViewCell.xib */,
				49E388CF17F5A4570012C8A9 /* SampleTimelineViewCell.h */,
			);
			name = TimeLineCell;
			sourceTree = "<group>";
		};
		49E388D217F5B4700012C8A9 /* AsyncImageCell */ = {
			isa = PBXGroup;
			children = (
				49E388D317F5B4A80012C8A9 /* asyncImageCellViewController.h */,
				49E388D417F5B4A80012C8A9 /* asyncImageCellViewController.m */,
				49E388D517F5B4A80012C8A9 /* asyncImageCellViewController.xib */,
			);
			name = AsyncImageCell;
			sourceTree = "<group>";
		};
		49F546D117E5DCA200166D62 /* recipesWithICarouselView */ = {
			isa = PBXGroup;
			children = (
				490322C517E5BBBA0008F1F4 /* recipesWithICarouselViewController.h */,
				490322C617E5BBBB0008F1F4 /* recipesWithICarouselViewController.m */,
				490322C717E5BBBB0008F1F4 /* recipesWithICarouselViewController.xib */,
			);
			name = recipesWithICarouselView;
			sourceTree = "<group>";
		};
		49FD44B117EC57D100F472B5 /* aboutUsView */ = {
			isa = PBXGroup;
			children = (
				49FD44B317EC57F900F472B5 /* aboutUsViewController.h */,
				49FD44B417EC57F900F472B5 /* aboutUsViewController.m */,
				49FD44B517EC57F900F472B5 /* aboutUsViewController.xib */,
			);
			name = aboutUsView;
			sourceTree = "<group>";
		};
		BB2C2D4517FC832F0081E38A /* AutoFrame */ = {
			isa = PBXGroup;
			children = (
				02608CFE17FDEAB900F0082E /* UILabel+AutoFrame.m */,
				02608CFF17FDEAB900F0082E /* UILabel+AutoFrame.h */,
			);
			name = AutoFrame;
			sourceTree = "<group>";
		};
/* End PBXGroup section */

/* Begin PBXNativeTarget section */
		02A91711170207BC00F2E55F /* miniGame */ = {
			isa = PBXNativeTarget;
			buildConfigurationList = 02A91735170207BC00F2E55F /* Build configuration list for PBXNativeTarget "miniGame" */;
			buildPhases = (
				260B78C1321446C4B6257BC3 /* Check Pods Manifest.lock */,
				02A9170E170207BC00F2E55F /* Sources */,
				02A9170F170207BC00F2E55F /* Frameworks */,
				02A91710170207BC00F2E55F /* Resources */,
				63B92297A3464817A1FA3B5F /* Copy Pods Resources */,
			);
			buildRules = (
			);
			dependencies = (
			);
			name = miniGame;
			productName = miniGame;
			productReference = 02A91712170207BC00F2E55F /* ShaCookie.app */;
			productType = "com.apple.product-type.application";
		};
/* End PBXNativeTarget section */

/* Begin PBXProject section */
		02A9170A170207BC00F2E55F /* Project object */ = {
			isa = PBXProject;
			attributes = {
				LastUpgradeCheck = 0460;
			};
			buildConfigurationList = 02A9170D170207BC00F2E55F /* Build configuration list for PBXProject "miniGame" */;
			compatibilityVersion = "Xcode 3.2";
			developmentRegion = English;
			hasScannedForEncodings = 0;
			knownRegions = (
				en,
				he,
				English,
				Base,
			);
			mainGroup = 02A91709170207BC00F2E55F;
			productRefGroup = 02A91713170207BC00F2E55F /* Products */;
			projectDirPath = "";
			projectRoot = "";
			targets = (
				02A91711170207BC00F2E55F /* miniGame */,
			);
		};
/* End PBXProject section */

/* Begin PBXResourcesBuildPhase section */
		02A91710170207BC00F2E55F /* Resources */ = {
			isa = PBXResourcesBuildPhase;
			buildActionMask = 2147483647;
			files = (
				49E388C117F5A2CD0012C8A9 /* newsTimeLineViewController.xib in Resources */,
				02A91720170207BC00F2E55F /* InfoPlist.strings in Resources */,
				02A91728170207BC00F2E55F /* Default.png in Resources */,
				02A9172C170207BC00F2E55F /* Default-568h@2x.png in Resources */,
				02A91732170207BC00F2E55F /* ViewController.xib in Resources */,
				02A68AFC17034A8300B34828 /* JsonViewController.xib in Resources */,
				02A67C73174BDA1800BCD095 /* CVCell.xib in Resources */,
				02A67C8D174BE06000BCD095 /* refViewController.xib in Resources */,
				02A67C97174BE21100BCD095 /* menuViewController.xib in Resources */,
				02A67C9C174BE29600BCD095 /* foodDetailViewController.xib in Resources */,
				02A67CA8174BE3DE00BCD095 /* Property List.plist in Resources */,
				02A8DD6317F2027D00E6B5D9 /* MaterialCell.xib in Resources */,
				02A4E79E174C023A00EA8FEB /* foodData.plist in Resources */,
				49F1F4CB17FEC64B00E7A0AA /* 564.png in Resources */,
				020C700117FC7FD900623DF6 /* combineResultsViewController.xib in Resources */,
				02AE7873174F211500DDCBDA /* 蒜香烤土司.jpg in Resources */,
				02AE7874174F211500DDCBDA /* 銀杏百合蝦球.jpg in Resources */,
				02A99DAB174F450600F576E2 /* game.png in Resources */,
				02A99DAE174F492700F576E2 /* gamepan.png in Resources */,
				02A99DB0174F496C00F576E2 /* gamebaby.png in Resources */,
				02A99DB6174F5D2E00F576E2 /* 001.png in Resources */,
				023842C017588CC800831605 /* UploadRecipe.xib in Resources */,
				491AE83C175FAD4800E4121C /* homepage1.png in Resources */,
				491AE83D175FAD4800E4121C /* homepage2-1.png in Resources */,
				491AE842175FAF3D00E4121C /* entryViewController.xib in Resources */,
				491AE84A175FB7FB00E4121C /* materialViewController.xib in Resources */,
				49A090DC17E22F7900B19E8C /* back-arrow.png in Resources */,
				49A090DD17E22F7900B19E8C /* back-arrow@2x.png in Resources */,
				49F1F4C917FEC64B00E7A0AA /* background-big.png in Resources */,
				49A090DE17E22F7900B19E8C /* menu-icon.png in Resources */,
				49E388D117F5A4570012C8A9 /* SampleTimelineViewCell.xib in Resources */,
				02B69EE71801ECBD00A43E20 /* navbackgound.png in Resources */,
				02B69EE81801ECBD00A43E20 /* back.png in Resources */,
				49A090DF17E22F7900B19E8C /* menu-icon@2x.png in Resources */,
				02A8DD5717F1DE5E00E6B5D9 /* materialWithCollectionViewController.xib in Resources */,
				49F1F4CC17FEC64B00E7A0AA /* 123.png in Resources */,
				4927D89B17E33FEE000DDEBF /* matchMaterialViewController.xib in Resources */,
				4927D8A117E34AC0000DDEBF /* moveFinishViewController.xib in Resources */,
				4975630417F1D4C10053248F /* procedureStepViewController.xib in Resources */,
				499C632A17E43EFB00513989 /* loginWithFBViewController.xib in Resources */,
				499C634417E449EC00513989 /* 37x-Checkmark.png in Resources */,
				499C634517E449EC00513989 /* icon.png in Resources */,
				499C634617E449EC00513989 /* icon@2x.png in Resources */,
				499C634717E449EC00513989 /* Icon-72.png in Resources */,
				499C634817E449EC00513989 /* Icon-72@2x.png in Resources */,
				490322C917E5BBBB0008F1F4 /* recipesWithICarouselViewController.xib in Resources */,
				49F1F4CA17FEC64B00E7A0AA /* backgrond.png in Resources */,
				497562EF17F1D0570053248F /* procedureWithMPFlipViewController.xib in Resources */,
				02B69EE61801ECBD00A43E20 /* left.png in Resources */,
				49FD44AD17EC3A6E00F472B5 /* recipesSideViewController.xib in Resources */,
				49E388D717F5B4A80012C8A9 /* asyncImageCellViewController.xib in Resources */,
				49FD44B717EC57F900F472B5 /* aboutUsViewController.xib in Resources */,
			);
			runOnlyForDeploymentPostprocessing = 0;
		};
/* End PBXResourcesBuildPhase section */

/* Begin PBXShellScriptBuildPhase section */
		260B78C1321446C4B6257BC3 /* Check Pods Manifest.lock */ = {
			isa = PBXShellScriptBuildPhase;
			buildActionMask = 2147483647;
			files = (
			);
			inputPaths = (
			);
			name = "Check Pods Manifest.lock";
			outputPaths = (
			);
			runOnlyForDeploymentPostprocessing = 0;
			shellPath = /bin/sh;
			shellScript = "diff \"${PODS_ROOT}/../Podfile.lock\" \"${PODS_ROOT}/Manifest.lock\" > /dev/null\nif [[ $? != 0 ]] ; then\n    cat << EOM\nerror: The sandbox is not in sync with the Podfile.lock. Run 'pod install' or update your CocoaPods installation.\nEOM\n    exit 1\nfi\n";
		};
		63B92297A3464817A1FA3B5F /* Copy Pods Resources */ = {
			isa = PBXShellScriptBuildPhase;
			buildActionMask = 2147483647;
			files = (
			);
			inputPaths = (
			);
			name = "Copy Pods Resources";
			outputPaths = (
			);
			runOnlyForDeploymentPostprocessing = 0;
			shellPath = /bin/sh;
			shellScript = "\"${SRCROOT}/Pods/Pods-resources.sh\"\n";
		};
/* End PBXShellScriptBuildPhase section */

/* Begin PBXSourcesBuildPhase section */
		02A9170E170207BC00F2E55F /* Sources */ = {
			isa = PBXSourcesBuildPhase;
			buildActionMask = 2147483647;
			files = (
				497562FC17F1D1F50053248F /* MPFlipTransition.m in Sources */,
				49E388C017F5A2CD0012C8A9 /* newsTimeLineViewController.m in Sources */,
				02A91722170207BC00F2E55F /* main.m in Sources */,
				02A91726170207BC00F2E55F /* AppDelegate.m in Sources */,
				02A9B11617F5FDE200535CC7 /* LBYouTubePlayerViewController.m in Sources */,
				49E388B917F5A25C0012C8A9 /* TimelineView+Tiling.m in Sources */,
				4975630317F1D4C10053248F /* procedureStepViewController.m in Sources */,
				02A9172F170207BC00F2E55F /* ViewController.m in Sources */,
				02A68AFB17034A8300B34828 /* JsonViewController.m in Sources */,
				497562FD17F1D1F60053248F /* MPFlipViewController.m in Sources */,
				020C700017FC7FD900623DF6 /* combineResultsViewController.m in Sources */,
				02A68B3017035EDF00B34828 /* Person.m in Sources */,
				02A68B3417035F9F00B34828 /* WebJsonDataGetter.m in Sources */,
				02A67C72174BDA1800BCD095 /* CVCell.m in Sources */,
				02A67C85174BDECA00BCD095 /* Recipes.m in Sources */,
				49E388BA17F5A25C0012C8A9 /* TimelineView.m in Sources */,
				02A67C88174BDF0500BCD095 /* PlsitRead.m in Sources */,
				02A8DD5617F1DE5E00E6B5D9 /* materialWithCollectionViewController.m in Sources */,
				02A67C8C174BE06000BCD095 /* refViewController.m in Sources */,
				02A67C96174BE21100BCD095 /* menuViewController.m in Sources */,
				49E388B717F5A25C0012C8A9 /* TimelineView+Gestures.m in Sources */,
				02A67C9B174BE29600BCD095 /* foodDetailViewController.m in Sources */,
				023842BF17588CC800831605 /* UploadRecipe.m in Sources */,
				497562FE17F1D1F60053248F /* MPTransition.m in Sources */,
				49E388BB17F5A25C0012C8A9 /* TimelineViewCell.m in Sources */,
				491AE841175FAF3D00E4121C /* entryViewController.m in Sources */,
				491AE849175FB7FB00E4121C /* materialViewController.m in Sources */,
				497562FB17F1D1F50053248F /* MPAnimation.m in Sources */,
				4927D89A17E33FEE000DDEBF /* matchMaterialViewController.m in Sources */,
				49E388B617F5A25C0012C8A9 /* TimelineView+Discovery.m in Sources */,
				4927D8A017E34AC0000DDEBF /* moveFinishViewController.m in Sources */,
				499C632917E43EFB00513989 /* loginWithFBViewController.m in Sources */,
				02608D0017FDEAB900F0082E /* UILabel+AutoFrame.m in Sources */,
				49E388D017F5A4570012C8A9 /* SampleTimelineViewCell.m in Sources */,
				02A8DD6217F2027D00E6B5D9 /* MaterialCell.m in Sources */,
				490322C817E5BBBB0008F1F4 /* recipesWithICarouselViewController.m in Sources */,
				02A9B11517F5FDE200535CC7 /* LBYouTubeExtractor.m in Sources */,
				02C8795217EA1BDD00E1F738 /* materialSideViewController.m in Sources */,
				49FD44AC17EC3A6E00F472B5 /* recipesSideViewController.m in Sources */,
				49E388D617F5B4A80012C8A9 /* asyncImageCellViewController.m in Sources */,
				49FD44B017EC3E1600F472B5 /* profileSideMenuViewController.m in Sources */,
				497562EE17F1D0570053248F /* procedureWithMPFlipViewController.m in Sources */,
				49E388B817F5A25C0012C8A9 /* TimelineView+Mutation.m in Sources */,
				49FD44B617EC57F900F472B5 /* aboutUsViewController.m in Sources */,
			);
			runOnlyForDeploymentPostprocessing = 0;
		};
/* End PBXSourcesBuildPhase section */

/* Begin PBXVariantGroup section */
		02A9171E170207BC00F2E55F /* InfoPlist.strings */ = {
			isa = PBXVariantGroup;
			children = (
				02A9171F170207BC00F2E55F /* en */,
			);
			name = InfoPlist.strings;
			sourceTree = "<group>";
		};
		02A91730170207BC00F2E55F /* ViewController.xib */ = {
			isa = PBXVariantGroup;
			children = (
				02A91731170207BC00F2E55F /* en */,
			);
			name = ViewController.xib;
			sourceTree = "<group>";
		};
/* End PBXVariantGroup section */

/* Begin XCBuildConfiguration section */
		02A91733170207BC00F2E55F /* Debug */ = {
			isa = XCBuildConfiguration;
			buildSettings = {
				ALWAYS_SEARCH_USER_PATHS = NO;
				CLANG_CXX_LANGUAGE_STANDARD = "gnu++0x";
				CLANG_CXX_LIBRARY = "libc++";
				CLANG_ENABLE_OBJC_ARC = YES;
				CLANG_WARN_CONSTANT_CONVERSION = YES;
				CLANG_WARN_EMPTY_BODY = YES;
				CLANG_WARN_ENUM_CONVERSION = YES;
				CLANG_WARN_INT_CONVERSION = YES;
				CLANG_WARN__DUPLICATE_METHOD_MATCH = YES;
				"CODE_SIGN_IDENTITY[sdk=iphoneos*]" = "iPhone Developer";
				COPY_PHASE_STRIP = NO;
				GCC_C_LANGUAGE_STANDARD = gnu99;
				GCC_DYNAMIC_NO_PIC = NO;
				GCC_OPTIMIZATION_LEVEL = 0;
				GCC_PREPROCESSOR_DEFINITIONS = (
					"DEBUG=1",
					"$(inherited)",
				);
				GCC_SYMBOLS_PRIVATE_EXTERN = NO;
				GCC_WARN_ABOUT_RETURN_TYPE = YES;
				GCC_WARN_UNINITIALIZED_AUTOS = YES;
				GCC_WARN_UNUSED_VARIABLE = YES;
				IPHONEOS_DEPLOYMENT_TARGET = 6.1;
				ONLY_ACTIVE_ARCH = YES;
				SDKROOT = iphoneos;
			};
			name = Debug;
		};
		02A91734170207BC00F2E55F /* Release */ = {
			isa = XCBuildConfiguration;
			buildSettings = {
				ALWAYS_SEARCH_USER_PATHS = NO;
				CLANG_CXX_LANGUAGE_STANDARD = "gnu++0x";
				CLANG_CXX_LIBRARY = "libc++";
				CLANG_ENABLE_OBJC_ARC = YES;
				CLANG_WARN_CONSTANT_CONVERSION = YES;
				CLANG_WARN_EMPTY_BODY = YES;
				CLANG_WARN_ENUM_CONVERSION = YES;
				CLANG_WARN_INT_CONVERSION = YES;
				CLANG_WARN__DUPLICATE_METHOD_MATCH = YES;
				"CODE_SIGN_IDENTITY[sdk=iphoneos*]" = "iPhone Developer";
				COPY_PHASE_STRIP = YES;
				GCC_C_LANGUAGE_STANDARD = gnu99;
				GCC_WARN_ABOUT_RETURN_TYPE = YES;
				GCC_WARN_UNINITIALIZED_AUTOS = YES;
				GCC_WARN_UNUSED_VARIABLE = YES;
				IPHONEOS_DEPLOYMENT_TARGET = 6.1;
				OTHER_CFLAGS = "-DNS_BLOCK_ASSERTIONS=1";
				SDKROOT = iphoneos;
				VALIDATE_PRODUCT = YES;
			};
			name = Release;
		};
		02A91736170207BC00F2E55F /* Debug */ = {
			isa = XCBuildConfiguration;
			baseConfigurationReference = 15404D105D6D4CF9B5351AEF /* Pods.xcconfig */;
			buildSettings = {
				FRAMEWORK_SEARCH_PATHS = (
					"$(inherited)",
					"\\\\\\\\\\\\\\\"$(SRCROOT)/../../Documents/ios_framework/FacebookSDK\\\\\\\\\\\\\\\"",
					"\\\\\\\\\\\\\\\"$(SRCROOT)/../Documents/ios_framework/FacebookSDK\\\\\\\\\\\\\\\"",
					/Users/chenweiwu/Documents/ios_framework/FacebookSDK,
					/Documents/FacebookSDK,
					/Users/birdchiu/Documents/ios_framework/FacebookSDK,
				);
				GCC_PRECOMPILE_PREFIX_HEADER = YES;
				GCC_PREFIX_HEADER = "miniGame/miniGame-Prefix.pch";
				HEADER_SEARCH_PATHS = /usr/include/libxml2;
				INFOPLIST_FILE = "miniGame/miniGame-Info.plist";
				IPHONEOS_DEPLOYMENT_TARGET = 6.1;
				PRODUCT_NAME = ShaCookie;
				USER_HEADER_SEARCH_PATHS = "$(SRCROOT)/**";
				WRAPPER_EXTENSION = app;
			};
			name = Debug;
		};
		02A91737170207BC00F2E55F /* Release */ = {
			isa = XCBuildConfiguration;
			baseConfigurationReference = 15404D105D6D4CF9B5351AEF /* Pods.xcconfig */;
			buildSettings = {
				FRAMEWORK_SEARCH_PATHS = (
					"$(inherited)",
					"\\\\\\\\\\\\\\\"$(SRCROOT)/../../Documents/ios_framework/FacebookSDK\\\\\\\\\\\\\\\"",
					"\\\\\\\\\\\\\\\"$(SRCROOT)/../Documents/ios_framework/FacebookSDK\\\\\\\\\\\\\\\"",
					/Users/chenweiwu/Documents/ios_framework/FacebookSDK,
					/Documents/FacebookSDK,
					/Users/birdchiu/Documents/ios_framework/FacebookSDK,
				);
				GCC_PRECOMPILE_PREFIX_HEADER = YES;
				GCC_PREFIX_HEADER = "miniGame/miniGame-Prefix.pch";
				HEADER_SEARCH_PATHS = /usr/include/libxml2;
				INFOPLIST_FILE = "miniGame/miniGame-Info.plist";
				IPHONEOS_DEPLOYMENT_TARGET = 6.1;
				PRODUCT_NAME = ShaCookie;
				USER_HEADER_SEARCH_PATHS = "$(SRCROOT)/**";
				WRAPPER_EXTENSION = app;
			};
			name = Release;
		};
/* End XCBuildConfiguration section */

/* Begin XCConfigurationList section */
		02A9170D170207BC00F2E55F /* Build configuration list for PBXProject "miniGame" */ = {
			isa = XCConfigurationList;
			buildConfigurations = (
				02A91733170207BC00F2E55F /* Debug */,
				02A91734170207BC00F2E55F /* Release */,
			);
			defaultConfigurationIsVisible = 0;
			defaultConfigurationName = Release;
		};
		02A91735170207BC00F2E55F /* Build configuration list for PBXNativeTarget "miniGame" */ = {
			isa = XCConfigurationList;
			buildConfigurations = (
				02A91736170207BC00F2E55F /* Debug */,
				02A91737170207BC00F2E55F /* Release */,
			);
			defaultConfigurationIsVisible = 0;
			defaultConfigurationName = Release;
		};
/* End XCConfigurationList section */
	};
	rootObject = 02A9170A170207BC00F2E55F /* Project object */;
}
