// !$*UTF8*$!
{
	archiveVersion = 1;
	classes = {
	};
	objectVersion = 46;
	objects = {

/* Begin PBXBuildFile section */
		0202E78A1704CA7200B0CD51 /* testViewController.m in Sources */ = {isa = PBXBuildFile; fileRef = 0202E7881704CA7200B0CD51 /* testViewController.m */; };
		0202E78B1704CA7200B0CD51 /* testViewController.xib in Resources */ = {isa = PBXBuildFile; fileRef = 0202E7891704CA7200B0CD51 /* testViewController.xib */; };
		023842BF17588CC800831605 /* UploadRecipe.m in Sources */ = {isa = PBXBuildFile; fileRef = 023842BD17588CC700831605 /* UploadRecipe.m */; };
		023842C017588CC800831605 /* UploadRecipe.xib in Resources */ = {isa = PBXBuildFile; fileRef = 023842BE17588CC700831605 /* UploadRecipe.xib */; };
		023F8A101708992900283A71 /* 37x-Checkmark.png in Resources */ = {isa = PBXBuildFile; fileRef = 023F8A0C1708992900283A71 /* 37x-Checkmark.png */; };
		023F8A1517089AC600283A71 /* main.m in Sources */ = {isa = PBXBuildFile; fileRef = 023F8A1417089AC600283A71 /* main.m */; };
		023F8A1817089BDD00283A71 /* MBProgressHUD.m in Sources */ = {isa = PBXBuildFile; fileRef = 023F8A1717089BDD00283A71 /* MBProgressHUD.m */; };
		02612DE8173CB23600C04A37 /* QuartzCore.framework in Frameworks */ = {isa = PBXBuildFile; fileRef = 02612DE7173CB23600C04A37 /* QuartzCore.framework */; };
		02A4E79E174C023A00EA8FEB /* foodData.plist in Resources */ = {isa = PBXBuildFile; fileRef = 02A4E79D174C023A00EA8FEB /* foodData.plist */; };
		02A4E7A0174C03CA00EA8FEB /* icon.png in Resources */ = {isa = PBXBuildFile; fileRef = 02A4E79F174C03CA00EA8FEB /* icon.png */; };
		02A4E7A2174C03D000EA8FEB /* icon@2x.png in Resources */ = {isa = PBXBuildFile; fileRef = 02A4E7A1174C03D000EA8FEB /* icon@2x.png */; };
		02A4E7A8174C08D600EA8FEB /* Default.png in Resources */ = {isa = PBXBuildFile; fileRef = 02A4E7A7174C08D600EA8FEB /* Default.png */; };
		02A4E7AA174C08DD00EA8FEB /* Default@2x.png in Resources */ = {isa = PBXBuildFile; fileRef = 02A4E7A9174C08DD00EA8FEB /* Default@2x.png */; };
		02A67C72174BDA1800BCD095 /* CVCell.m in Sources */ = {isa = PBXBuildFile; fileRef = 02A67C70174BDA1800BCD095 /* CVCell.m */; };
		02A67C73174BDA1800BCD095 /* CVCell.xib in Resources */ = {isa = PBXBuildFile; fileRef = 02A67C71174BDA1800BCD095 /* CVCell.xib */; };
		02A67C7C174BDC6200BCD095 /* mainTabViewController.m in Sources */ = {isa = PBXBuildFile; fileRef = 02A67C7A174BDC6200BCD095 /* mainTabViewController.m */; };
		02A67C7D174BDC6200BCD095 /* mainTabViewController.xib in Resources */ = {isa = PBXBuildFile; fileRef = 02A67C7B174BDC6200BCD095 /* mainTabViewController.xib */; };
		02A67C85174BDECA00BCD095 /* Recipes.m in Sources */ = {isa = PBXBuildFile; fileRef = 02A67C84174BDECA00BCD095 /* Recipes.m */; };
		02A67C88174BDF0500BCD095 /* PlsitRead.m in Sources */ = {isa = PBXBuildFile; fileRef = 02A67C87174BDF0500BCD095 /* PlsitRead.m */; };
		02A67C8C174BE06000BCD095 /* refViewController.m in Sources */ = {isa = PBXBuildFile; fileRef = 02A67C8A174BE05F00BCD095 /* refViewController.m */; };
		02A67C8D174BE06000BCD095 /* refViewController.xib in Resources */ = {isa = PBXBuildFile; fileRef = 02A67C8B174BE05F00BCD095 /* refViewController.xib */; };
		02A67C96174BE21100BCD095 /* menuViewController.m in Sources */ = {isa = PBXBuildFile; fileRef = 02A67C94174BE21100BCD095 /* menuViewController.m */; };
		02A67C97174BE21100BCD095 /* menuViewController.xib in Resources */ = {isa = PBXBuildFile; fileRef = 02A67C95174BE21100BCD095 /* menuViewController.xib */; };
		02A67C9B174BE29600BCD095 /* foodDetailViewController.m in Sources */ = {isa = PBXBuildFile; fileRef = 02A67C99174BE29500BCD095 /* foodDetailViewController.m */; };
		02A67C9C174BE29600BCD095 /* foodDetailViewController.xib in Resources */ = {isa = PBXBuildFile; fileRef = 02A67C9A174BE29600BCD095 /* foodDetailViewController.xib */; };
		02A67CA4174BE3CA00BCD095 /* Cell 2.jpg in Resources */ = {isa = PBXBuildFile; fileRef = 02A67C9F174BE3C900BCD095 /* Cell 2.jpg */; };
		02A67CA5174BE3CA00BCD095 /* Cell 3.jpg in Resources */ = {isa = PBXBuildFile; fileRef = 02A67CA0174BE3C900BCD095 /* Cell 3.jpg */; };
		02A67CA6174BE3CA00BCD095 /* Cell 4.jpg in Resources */ = {isa = PBXBuildFile; fileRef = 02A67CA1174BE3CA00BCD095 /* Cell 4.jpg */; };
		02A67CA8174BE3DE00BCD095 /* Property List.plist in Resources */ = {isa = PBXBuildFile; fileRef = 02A67CA7174BE3DE00BCD095 /* Property List.plist */; };
		02A68AEF17033FFD00B34828 /* SystemConfiguration.framework in Frameworks */ = {isa = PBXBuildFile; fileRef = 02A68AEE17033FFD00B34828 /* SystemConfiguration.framework */; };
		02A68AF11703401000B34828 /* CFNetwork.framework in Frameworks */ = {isa = PBXBuildFile; fileRef = 02A68AF01703401000B34828 /* CFNetwork.framework */; };
		02A68AF31703402700B34828 /* MobileCoreServices.framework in Frameworks */ = {isa = PBXBuildFile; fileRef = 02A68AF21703402700B34828 /* MobileCoreServices.framework */; };
		02A68AF51703404A00B34828 /* CoreLocation.framework in Frameworks */ = {isa = PBXBuildFile; fileRef = 02A68AF41703404A00B34828 /* CoreLocation.framework */; };
		02A68AF71703405000B34828 /* MapKit.framework in Frameworks */ = {isa = PBXBuildFile; fileRef = 02A68AF61703405000B34828 /* MapKit.framework */; };
		02A68AFB17034A8300B34828 /* JsonViewController.m in Sources */ = {isa = PBXBuildFile; fileRef = 02A68AF917034A8300B34828 /* JsonViewController.m */; };
		02A68AFC17034A8300B34828 /* JsonViewController.xib in Resources */ = {isa = PBXBuildFile; fileRef = 02A68AFA17034A8300B34828 /* JsonViewController.xib */; };
		02A68AFF17034C5600B34828 /* RecipeInfo.m in Sources */ = {isa = PBXBuildFile; fileRef = 02A68AFE17034C5600B34828 /* RecipeInfo.m */; };
		02A68B0D1703596800B34828 /* NSObject+SBJSON.m in Sources */ = {isa = PBXBuildFile; fileRef = 02A68B041703596800B34828 /* NSObject+SBJSON.m */; settings = {COMPILER_FLAGS = "-fno-objc-arc"; }; };
		02A68B0E1703596800B34828 /* NSString+SBJSON.m in Sources */ = {isa = PBXBuildFile; fileRef = 02A68B061703596800B34828 /* NSString+SBJSON.m */; settings = {COMPILER_FLAGS = "-fno-objc-arc"; }; };
		02A68B0F1703596800B34828 /* SBJsonBase.m in Sources */ = {isa = PBXBuildFile; fileRef = 02A68B081703596800B34828 /* SBJsonBase.m */; settings = {COMPILER_FLAGS = "-fno-objc-arc"; }; };
		02A68B101703596800B34828 /* SBJsonParser.m in Sources */ = {isa = PBXBuildFile; fileRef = 02A68B0A1703596800B34828 /* SBJsonParser.m */; settings = {COMPILER_FLAGS = "-fno-objc-arc"; }; };
		02A68B111703596800B34828 /* SBJsonWriter.m in Sources */ = {isa = PBXBuildFile; fileRef = 02A68B0C1703596800B34828 /* SBJsonWriter.m */; settings = {COMPILER_FLAGS = "-fno-objc-arc"; }; };
		02A68B2617035EA400B34828 /* ASIAuthenticationDialog.m in Sources */ = {isa = PBXBuildFile; fileRef = 02A68B1317035EA400B34828 /* ASIAuthenticationDialog.m */; settings = {COMPILER_FLAGS = "-fno-objc-arc"; }; };
		02A68B2717035EA400B34828 /* ASIDataCompressor.m in Sources */ = {isa = PBXBuildFile; fileRef = 02A68B1617035EA400B34828 /* ASIDataCompressor.m */; settings = {COMPILER_FLAGS = "-fno-objc-arc"; }; };
		02A68B2817035EA400B34828 /* ASIDataDecompressor.m in Sources */ = {isa = PBXBuildFile; fileRef = 02A68B1817035EA400B34828 /* ASIDataDecompressor.m */; settings = {COMPILER_FLAGS = "-fno-objc-arc"; }; };
		02A68B2917035EA400B34828 /* ASIDownloadCache.m in Sources */ = {isa = PBXBuildFile; fileRef = 02A68B1A17035EA400B34828 /* ASIDownloadCache.m */; settings = {COMPILER_FLAGS = "-fno-objc-arc"; }; };
		02A68B2A17035EA400B34828 /* ASIFormDataRequest.m in Sources */ = {isa = PBXBuildFile; fileRef = 02A68B1C17035EA400B34828 /* ASIFormDataRequest.m */; settings = {COMPILER_FLAGS = "-fno-objc-arc"; }; };
		02A68B2B17035EA400B34828 /* ASIHTTPRequest.m in Sources */ = {isa = PBXBuildFile; fileRef = 02A68B1E17035EA400B34828 /* ASIHTTPRequest.m */; settings = {COMPILER_FLAGS = "-fno-objc-arc"; }; };
		02A68B2C17035EA400B34828 /* ASIInputStream.m in Sources */ = {isa = PBXBuildFile; fileRef = 02A68B2217035EA400B34828 /* ASIInputStream.m */; settings = {COMPILER_FLAGS = "-fno-objc-arc"; }; };
		02A68B2D17035EA400B34828 /* ASINetworkQueue.m in Sources */ = {isa = PBXBuildFile; fileRef = 02A68B2417035EA400B34828 /* ASINetworkQueue.m */; settings = {COMPILER_FLAGS = "-fno-objc-arc"; }; };
		02A68B3017035EDF00B34828 /* Person.m in Sources */ = {isa = PBXBuildFile; fileRef = 02A68B2F17035EDF00B34828 /* Person.m */; };
		02A68B3417035F9F00B34828 /* WebJsonDataGetter.m in Sources */ = {isa = PBXBuildFile; fileRef = 02A68B3317035F9F00B34828 /* WebJsonDataGetter.m */; };
		02A68B3A1703795A00B34828 /* ASIWebPageRequest.m in Sources */ = {isa = PBXBuildFile; fileRef = 02A68B391703795A00B34828 /* ASIWebPageRequest.m */; settings = {COMPILER_FLAGS = "-fno-objc-arc"; }; };
		02A68B491703796B00B34828 /* ASICloudFilesCDNRequest.m in Sources */ = {isa = PBXBuildFile; fileRef = 02A68B3C1703796B00B34828 /* ASICloudFilesCDNRequest.m */; settings = {COMPILER_FLAGS = "-fno-objc-arc"; }; };
		02A68B4A1703796B00B34828 /* ASICloudFilesContainer.m in Sources */ = {isa = PBXBuildFile; fileRef = 02A68B3E1703796B00B34828 /* ASICloudFilesContainer.m */; settings = {COMPILER_FLAGS = "-fno-objc-arc"; }; };
		02A68B4B1703796B00B34828 /* ASICloudFilesContainerRequest.m in Sources */ = {isa = PBXBuildFile; fileRef = 02A68B401703796B00B34828 /* ASICloudFilesContainerRequest.m */; settings = {COMPILER_FLAGS = "-fno-objc-arc"; }; };
		02A68B4C1703796B00B34828 /* ASICloudFilesContainerXMLParserDelegate.m in Sources */ = {isa = PBXBuildFile; fileRef = 02A68B421703796B00B34828 /* ASICloudFilesContainerXMLParserDelegate.m */; settings = {COMPILER_FLAGS = "-fno-objc-arc"; }; };
		02A68B4D1703796B00B34828 /* ASICloudFilesObject.m in Sources */ = {isa = PBXBuildFile; fileRef = 02A68B441703796B00B34828 /* ASICloudFilesObject.m */; settings = {COMPILER_FLAGS = "-fno-objc-arc"; }; };
		02A68B4E1703796B00B34828 /* ASICloudFilesObjectRequest.m in Sources */ = {isa = PBXBuildFile; fileRef = 02A68B461703796B00B34828 /* ASICloudFilesObjectRequest.m */; settings = {COMPILER_FLAGS = "-fno-objc-arc"; }; };
		02A68B4F1703796B00B34828 /* ASICloudFilesRequest.m in Sources */ = {isa = PBXBuildFile; fileRef = 02A68B481703796B00B34828 /* ASICloudFilesRequest.m */; settings = {COMPILER_FLAGS = "-fno-objc-arc"; }; };
		02A68B5D1703797B00B34828 /* ASIS3Bucket.m in Sources */ = {isa = PBXBuildFile; fileRef = 02A68B521703797B00B34828 /* ASIS3Bucket.m */; settings = {COMPILER_FLAGS = "-fno-objc-arc"; }; };
		02A68B5E1703797B00B34828 /* ASIS3BucketObject.m in Sources */ = {isa = PBXBuildFile; fileRef = 02A68B541703797B00B34828 /* ASIS3BucketObject.m */; settings = {COMPILER_FLAGS = "-fno-objc-arc"; }; };
		02A68B5F1703797B00B34828 /* ASIS3BucketRequest.m in Sources */ = {isa = PBXBuildFile; fileRef = 02A68B561703797B00B34828 /* ASIS3BucketRequest.m */; settings = {COMPILER_FLAGS = "-fno-objc-arc"; }; };
		02A68B601703797B00B34828 /* ASIS3ObjectRequest.m in Sources */ = {isa = PBXBuildFile; fileRef = 02A68B581703797B00B34828 /* ASIS3ObjectRequest.m */; settings = {COMPILER_FLAGS = "-fno-objc-arc"; }; };
		02A68B611703797B00B34828 /* ASIS3Request.m in Sources */ = {isa = PBXBuildFile; fileRef = 02A68B5A1703797B00B34828 /* ASIS3Request.m */; settings = {COMPILER_FLAGS = "-fno-objc-arc"; }; };
		02A68B621703797B00B34828 /* ASIS3ServiceRequest.m in Sources */ = {isa = PBXBuildFile; fileRef = 02A68B5C1703797B00B34828 /* ASIS3ServiceRequest.m */; settings = {COMPILER_FLAGS = "-fno-objc-arc"; }; };
		02A68B6617037A6900B34828 /* Reachability.m in Sources */ = {isa = PBXBuildFile; fileRef = 02A68B6517037A6900B34828 /* Reachability.m */; settings = {COMPILER_FLAGS = "-fno-objc-arc"; }; };
		02A68B6817037BEE00B34828 /* libxml2.dylib in Frameworks */ = {isa = PBXBuildFile; fileRef = 02A68B6717037BEE00B34828 /* libxml2.dylib */; };
		02A68B6A17037BFC00B34828 /* libz.dylib in Frameworks */ = {isa = PBXBuildFile; fileRef = 02A68B6917037BFC00B34828 /* libz.dylib */; };
		02A68B6C170380B300B34828 /* blackhole.png in Resources */ = {isa = PBXBuildFile; fileRef = 02A68B6B170380B300B34828 /* blackhole.png */; };
		02A91716170207BC00F2E55F /* UIKit.framework in Frameworks */ = {isa = PBXBuildFile; fileRef = 02A91715170207BC00F2E55F /* UIKit.framework */; };
		02A91718170207BC00F2E55F /* Foundation.framework in Frameworks */ = {isa = PBXBuildFile; fileRef = 02A91717170207BC00F2E55F /* Foundation.framework */; };
		02A9171A170207BC00F2E55F /* CoreGraphics.framework in Frameworks */ = {isa = PBXBuildFile; fileRef = 02A91719170207BC00F2E55F /* CoreGraphics.framework */; };
		02A91720170207BC00F2E55F /* InfoPlist.strings in Resources */ = {isa = PBXBuildFile; fileRef = 02A9171E170207BC00F2E55F /* InfoPlist.strings */; };
		02A91722170207BC00F2E55F /* main.m in Sources */ = {isa = PBXBuildFile; fileRef = 02A91721170207BC00F2E55F /* main.m */; };
		02A91726170207BC00F2E55F /* AppDelegate.m in Sources */ = {isa = PBXBuildFile; fileRef = 02A91725170207BC00F2E55F /* AppDelegate.m */; };
		02A91728170207BC00F2E55F /* Default.png in Resources */ = {isa = PBXBuildFile; fileRef = 02A91727170207BC00F2E55F /* Default.png */; };
		02A9172C170207BC00F2E55F /* Default-568h@2x.png in Resources */ = {isa = PBXBuildFile; fileRef = 02A9172B170207BC00F2E55F /* Default-568h@2x.png */; };
		02A9172F170207BC00F2E55F /* ViewController.m in Sources */ = {isa = PBXBuildFile; fileRef = 02A9172E170207BC00F2E55F /* ViewController.m */; settings = {COMPILER_FLAGS = "-fno-objc-arc"; }; };
		02A91732170207BC00F2E55F /* ViewController.xib in Resources */ = {isa = PBXBuildFile; fileRef = 02A91730170207BC00F2E55F /* ViewController.xib */; };
		02A917391702307A00F2E55F /* CoreMotion.framework in Frameworks */ = {isa = PBXBuildFile; fileRef = 02A917381702307A00F2E55F /* CoreMotion.framework */; };
		02A99DAB174F450600F576E2 /* game.png in Resources */ = {isa = PBXBuildFile; fileRef = 02A99DA8174F450600F576E2 /* game.png */; };
		02A99DAE174F492700F576E2 /* gamepan.png in Resources */ = {isa = PBXBuildFile; fileRef = 02A99DAD174F492700F576E2 /* gamepan.png */; };
		02A99DB0174F496C00F576E2 /* gamebaby.png in Resources */ = {isa = PBXBuildFile; fileRef = 02A99DAF174F496C00F576E2 /* gamebaby.png */; };
		02A99DB3174F5B5900F576E2 /* background-big.png in Resources */ = {isa = PBXBuildFile; fileRef = 02A99DB1174F5B5900F576E2 /* background-big.png */; };
		02A99DB6174F5D2E00F576E2 /* 001.png in Resources */ = {isa = PBXBuildFile; fileRef = 02A99DB5174F5D2E00F576E2 /* 001.png */; };
		02A99DB8174F5FC500F576E2 /* backgrond.png in Resources */ = {isa = PBXBuildFile; fileRef = 02A99DB7174F5FC500F576E2 /* backgrond.png */; };
		02A99DBA174F602900F576E2 /* 123.png in Resources */ = {isa = PBXBuildFile; fileRef = 02A99DB9174F602900F576E2 /* 123.png */; };
		02A99DBC174F612800F576E2 /* 564.png in Resources */ = {isa = PBXBuildFile; fileRef = 02A99DBB174F612800F576E2 /* 564.png */; };
		02AE7873174F211500DDCBDA /* 蒜香烤土司.jpg in Resources */ = {isa = PBXBuildFile; fileRef = 02AE7871174F211500DDCBDA /* 蒜香烤土司.jpg */; };
		02AE7874174F211500DDCBDA /* 銀杏百合蝦球.jpg in Resources */ = {isa = PBXBuildFile; fileRef = 02AE7872174F211500DDCBDA /* 銀杏百合蝦球.jpg */; };
		491AE83C175FAD4800E4121C /* homepage1.png in Resources */ = {isa = PBXBuildFile; fileRef = 491AE83A175FAD4800E4121C /* homepage1.png */; };
		491AE83D175FAD4800E4121C /* homepage2-1.png in Resources */ = {isa = PBXBuildFile; fileRef = 491AE83B175FAD4800E4121C /* homepage2-1.png */; };
		491AE841175FAF3D00E4121C /* entryViewController.m in Sources */ = {isa = PBXBuildFile; fileRef = 491AE83F175FAF3C00E4121C /* entryViewController.m */; };
		491AE842175FAF3D00E4121C /* entryViewController.xib in Resources */ = {isa = PBXBuildFile; fileRef = 491AE840175FAF3D00E4121C /* entryViewController.xib */; };
		491AE849175FB7FB00E4121C /* materialViewController.m in Sources */ = {isa = PBXBuildFile; fileRef = 491AE847175FB7F900E4121C /* materialViewController.m */; };
		491AE84A175FB7FB00E4121C /* materialViewController.xib in Resources */ = {isa = PBXBuildFile; fileRef = 491AE848175FB7FA00E4121C /* materialViewController.xib */; };
/* End PBXBuildFile section */

/* Begin PBXFileReference section */
		0202E7871704CA7200B0CD51 /* testViewController.h */ = {isa = PBXFileReference; fileEncoding = 4; lastKnownFileType = sourcecode.c.h; path = testViewController.h; sourceTree = "<group>"; };
		0202E7881704CA7200B0CD51 /* testViewController.m */ = {isa = PBXFileReference; fileEncoding = 4; lastKnownFileType = sourcecode.c.objc; path = testViewController.m; sourceTree = "<group>"; };
		0202E7891704CA7200B0CD51 /* testViewController.xib */ = {isa = PBXFileReference; fileEncoding = 4; lastKnownFileType = file.xib; path = testViewController.xib; sourceTree = "<group>"; };
		023842BC17588CC700831605 /* UploadRecipe.h */ = {isa = PBXFileReference; fileEncoding = 4; lastKnownFileType = sourcecode.c.h; path = UploadRecipe.h; sourceTree = "<group>"; };
		023842BD17588CC700831605 /* UploadRecipe.m */ = {isa = PBXFileReference; fileEncoding = 4; lastKnownFileType = sourcecode.c.objc; path = UploadRecipe.m; sourceTree = "<group>"; };
		023842BE17588CC700831605 /* UploadRecipe.xib */ = {isa = PBXFileReference; fileEncoding = 4; lastKnownFileType = file.xib; path = UploadRecipe.xib; sourceTree = "<group>"; };
		023F8A0C1708992900283A71 /* 37x-Checkmark.png */ = {isa = PBXFileReference; lastKnownFileType = image.png; path = "37x-Checkmark.png"; sourceTree = "<group>"; };
		023F8A1317089AB100283A71 /* HudDemo_Prefix.pch */ = {isa = PBXFileReference; fileEncoding = 4; lastKnownFileType = sourcecode.c.h; path = HudDemo_Prefix.pch; sourceTree = "<group>"; };
		023F8A1417089AC600283A71 /* main.m */ = {isa = PBXFileReference; fileEncoding = 4; lastKnownFileType = sourcecode.c.objc; path = main.m; sourceTree = "<group>"; };
		023F8A1617089BDD00283A71 /* MBProgressHUD.h */ = {isa = PBXFileReference; fileEncoding = 4; lastKnownFileType = sourcecode.c.h; path = MBProgressHUD.h; sourceTree = "<group>"; };
		023F8A1717089BDD00283A71 /* MBProgressHUD.m */ = {isa = PBXFileReference; fileEncoding = 4; lastKnownFileType = sourcecode.c.objc; path = MBProgressHUD.m; sourceTree = "<group>"; };
		02612DE7173CB23600C04A37 /* QuartzCore.framework */ = {isa = PBXFileReference; lastKnownFileType = wrapper.framework; name = QuartzCore.framework; path = System/Library/Frameworks/QuartzCore.framework; sourceTree = SDKROOT; };
		02A4E79D174C023A00EA8FEB /* foodData.plist */ = {isa = PBXFileReference; fileEncoding = 4; lastKnownFileType = text.plist.xml; path = foodData.plist; sourceTree = "<group>"; };
		02A4E79F174C03CA00EA8FEB /* icon.png */ = {isa = PBXFileReference; lastKnownFileType = image.png; path = icon.png; sourceTree = "<group>"; };
		02A4E7A1174C03D000EA8FEB /* icon@2x.png */ = {isa = PBXFileReference; lastKnownFileType = image.png; path = "icon@2x.png"; sourceTree = "<group>"; };
		02A4E7A7174C08D600EA8FEB /* Default.png */ = {isa = PBXFileReference; lastKnownFileType = image.png; path = Default.png; sourceTree = "<group>"; };
		02A4E7A9174C08DD00EA8FEB /* Default@2x.png */ = {isa = PBXFileReference; lastKnownFileType = image.png; path = "Default@2x.png"; sourceTree = "<group>"; };
		02A67C6F174BDA1800BCD095 /* CVCell.h */ = {isa = PBXFileReference; fileEncoding = 4; lastKnownFileType = sourcecode.c.h; path = CVCell.h; sourceTree = "<group>"; };
		02A67C70174BDA1800BCD095 /* CVCell.m */ = {isa = PBXFileReference; fileEncoding = 4; lastKnownFileType = sourcecode.c.objc; path = CVCell.m; sourceTree = "<group>"; };
		02A67C71174BDA1800BCD095 /* CVCell.xib */ = {isa = PBXFileReference; fileEncoding = 4; lastKnownFileType = file.xib; path = CVCell.xib; sourceTree = "<group>"; };
		02A67C79174BDC6200BCD095 /* mainTabViewController.h */ = {isa = PBXFileReference; fileEncoding = 4; lastKnownFileType = sourcecode.c.h; path = mainTabViewController.h; sourceTree = "<group>"; };
		02A67C7A174BDC6200BCD095 /* mainTabViewController.m */ = {isa = PBXFileReference; fileEncoding = 4; lastKnownFileType = sourcecode.c.objc; path = mainTabViewController.m; sourceTree = "<group>"; };
		02A67C7B174BDC6200BCD095 /* mainTabViewController.xib */ = {isa = PBXFileReference; fileEncoding = 4; lastKnownFileType = file.xib; path = mainTabViewController.xib; sourceTree = "<group>"; };
		02A67C83174BDECA00BCD095 /* Recipes.h */ = {isa = PBXFileReference; fileEncoding = 4; lastKnownFileType = sourcecode.c.h; path = Recipes.h; sourceTree = "<group>"; };
		02A67C84174BDECA00BCD095 /* Recipes.m */ = {isa = PBXFileReference; fileEncoding = 4; lastKnownFileType = sourcecode.c.objc; path = Recipes.m; sourceTree = "<group>"; };
		02A67C86174BDF0500BCD095 /* PlsitRead.h */ = {isa = PBXFileReference; fileEncoding = 4; lastKnownFileType = sourcecode.c.h; path = PlsitRead.h; sourceTree = "<group>"; };
		02A67C87174BDF0500BCD095 /* PlsitRead.m */ = {isa = PBXFileReference; fileEncoding = 4; lastKnownFileType = sourcecode.c.objc; path = PlsitRead.m; sourceTree = "<group>"; };
		02A67C89174BE05F00BCD095 /* refViewController.h */ = {isa = PBXFileReference; fileEncoding = 4; lastKnownFileType = sourcecode.c.h; path = refViewController.h; sourceTree = "<group>"; };
		02A67C8A174BE05F00BCD095 /* refViewController.m */ = {isa = PBXFileReference; fileEncoding = 4; lastKnownFileType = sourcecode.c.objc; path = refViewController.m; sourceTree = "<group>"; };
		02A67C8B174BE05F00BCD095 /* refViewController.xib */ = {isa = PBXFileReference; fileEncoding = 4; lastKnownFileType = file.xib; path = refViewController.xib; sourceTree = "<group>"; };
		02A67C93174BE21100BCD095 /* menuViewController.h */ = {isa = PBXFileReference; fileEncoding = 4; lastKnownFileType = sourcecode.c.h; path = menuViewController.h; sourceTree = "<group>"; };
		02A67C94174BE21100BCD095 /* menuViewController.m */ = {isa = PBXFileReference; fileEncoding = 4; lastKnownFileType = sourcecode.c.objc; path = menuViewController.m; sourceTree = "<group>"; };
		02A67C95174BE21100BCD095 /* menuViewController.xib */ = {isa = PBXFileReference; fileEncoding = 4; lastKnownFileType = file.xib; path = menuViewController.xib; sourceTree = "<group>"; };
		02A67C98174BE29500BCD095 /* foodDetailViewController.h */ = {isa = PBXFileReference; fileEncoding = 4; lastKnownFileType = sourcecode.c.h; path = foodDetailViewController.h; sourceTree = "<group>"; };
		02A67C99174BE29500BCD095 /* foodDetailViewController.m */ = {isa = PBXFileReference; fileEncoding = 4; lastKnownFileType = sourcecode.c.objc; path = foodDetailViewController.m; sourceTree = "<group>"; };
		02A67C9A174BE29600BCD095 /* foodDetailViewController.xib */ = {isa = PBXFileReference; fileEncoding = 4; lastKnownFileType = file.xib; path = foodDetailViewController.xib; sourceTree = "<group>"; };
		02A67C9F174BE3C900BCD095 /* Cell 2.jpg */ = {isa = PBXFileReference; lastKnownFileType = image.jpeg; path = "Cell 2.jpg"; sourceTree = "<group>"; };
		02A67CA0174BE3C900BCD095 /* Cell 3.jpg */ = {isa = PBXFileReference; lastKnownFileType = image.jpeg; path = "Cell 3.jpg"; sourceTree = "<group>"; };
		02A67CA1174BE3CA00BCD095 /* Cell 4.jpg */ = {isa = PBXFileReference; lastKnownFileType = image.jpeg; path = "Cell 4.jpg"; sourceTree = "<group>"; };
		02A67CA7174BE3DE00BCD095 /* Property List.plist */ = {isa = PBXFileReference; fileEncoding = 4; lastKnownFileType = text.plist.xml; path = "Property List.plist"; sourceTree = "<group>"; };
		02A68AEE17033FFD00B34828 /* SystemConfiguration.framework */ = {isa = PBXFileReference; lastKnownFileType = wrapper.framework; name = SystemConfiguration.framework; path = System/Library/Frameworks/SystemConfiguration.framework; sourceTree = SDKROOT; };
		02A68AF01703401000B34828 /* CFNetwork.framework */ = {isa = PBXFileReference; lastKnownFileType = wrapper.framework; name = CFNetwork.framework; path = System/Library/Frameworks/CFNetwork.framework; sourceTree = SDKROOT; };
		02A68AF21703402700B34828 /* MobileCoreServices.framework */ = {isa = PBXFileReference; lastKnownFileType = wrapper.framework; name = MobileCoreServices.framework; path = System/Library/Frameworks/MobileCoreServices.framework; sourceTree = SDKROOT; };
		02A68AF41703404A00B34828 /* CoreLocation.framework */ = {isa = PBXFileReference; lastKnownFileType = wrapper.framework; name = CoreLocation.framework; path = System/Library/Frameworks/CoreLocation.framework; sourceTree = SDKROOT; };
		02A68AF61703405000B34828 /* MapKit.framework */ = {isa = PBXFileReference; lastKnownFileType = wrapper.framework; name = MapKit.framework; path = System/Library/Frameworks/MapKit.framework; sourceTree = SDKROOT; };
		02A68AF817034A8300B34828 /* JsonViewController.h */ = {isa = PBXFileReference; fileEncoding = 4; lastKnownFileType = sourcecode.c.h; path = JsonViewController.h; sourceTree = "<group>"; };
		02A68AF917034A8300B34828 /* JsonViewController.m */ = {isa = PBXFileReference; fileEncoding = 4; lastKnownFileType = sourcecode.c.objc; path = JsonViewController.m; sourceTree = "<group>"; };
		02A68AFA17034A8300B34828 /* JsonViewController.xib */ = {isa = PBXFileReference; fileEncoding = 4; lastKnownFileType = file.xib; path = JsonViewController.xib; sourceTree = "<group>"; };
		02A68AFD17034C5600B34828 /* RecipeInfo.h */ = {isa = PBXFileReference; fileEncoding = 4; lastKnownFileType = sourcecode.c.h; path = RecipeInfo.h; sourceTree = "<group>"; };
		02A68AFE17034C5600B34828 /* RecipeInfo.m */ = {isa = PBXFileReference; fileEncoding = 4; lastKnownFileType = sourcecode.c.objc; path = RecipeInfo.m; sourceTree = "<group>"; };
		02A68B021703596800B34828 /* JSON.h */ = {isa = PBXFileReference; fileEncoding = 4; lastKnownFileType = sourcecode.c.h; path = JSON.h; sourceTree = "<group>"; };
		02A68B031703596800B34828 /* NSObject+SBJSON.h */ = {isa = PBXFileReference; fileEncoding = 4; lastKnownFileType = sourcecode.c.h; path = "NSObject+SBJSON.h"; sourceTree = "<group>"; };
		02A68B041703596800B34828 /* NSObject+SBJSON.m */ = {isa = PBXFileReference; fileEncoding = 4; lastKnownFileType = sourcecode.c.objc; path = "NSObject+SBJSON.m"; sourceTree = "<group>"; };
		02A68B051703596800B34828 /* NSString+SBJSON.h */ = {isa = PBXFileReference; fileEncoding = 4; lastKnownFileType = sourcecode.c.h; path = "NSString+SBJSON.h"; sourceTree = "<group>"; };
		02A68B061703596800B34828 /* NSString+SBJSON.m */ = {isa = PBXFileReference; fileEncoding = 4; lastKnownFileType = sourcecode.c.objc; path = "NSString+SBJSON.m"; sourceTree = "<group>"; };
		02A68B071703596800B34828 /* SBJsonBase.h */ = {isa = PBXFileReference; fileEncoding = 4; lastKnownFileType = sourcecode.c.h; path = SBJsonBase.h; sourceTree = "<group>"; };
		02A68B081703596800B34828 /* SBJsonBase.m */ = {isa = PBXFileReference; fileEncoding = 4; lastKnownFileType = sourcecode.c.objc; path = SBJsonBase.m; sourceTree = "<group>"; };
		02A68B091703596800B34828 /* SBJsonParser.h */ = {isa = PBXFileReference; fileEncoding = 4; lastKnownFileType = sourcecode.c.h; path = SBJsonParser.h; sourceTree = "<group>"; };
		02A68B0A1703596800B34828 /* SBJsonParser.m */ = {isa = PBXFileReference; fileEncoding = 4; lastKnownFileType = sourcecode.c.objc; path = SBJsonParser.m; sourceTree = "<group>"; };
		02A68B0B1703596800B34828 /* SBJsonWriter.h */ = {isa = PBXFileReference; fileEncoding = 4; lastKnownFileType = sourcecode.c.h; path = SBJsonWriter.h; sourceTree = "<group>"; };
		02A68B0C1703596800B34828 /* SBJsonWriter.m */ = {isa = PBXFileReference; fileEncoding = 4; lastKnownFileType = sourcecode.c.objc; path = SBJsonWriter.m; sourceTree = "<group>"; };
		02A68B1217035EA400B34828 /* ASIAuthenticationDialog.h */ = {isa = PBXFileReference; fileEncoding = 4; lastKnownFileType = sourcecode.c.h; path = ASIAuthenticationDialog.h; sourceTree = "<group>"; };
		02A68B1317035EA400B34828 /* ASIAuthenticationDialog.m */ = {isa = PBXFileReference; fileEncoding = 4; lastKnownFileType = sourcecode.c.objc; path = ASIAuthenticationDialog.m; sourceTree = "<group>"; };
		02A68B1417035EA400B34828 /* ASICacheDelegate.h */ = {isa = PBXFileReference; fileEncoding = 4; lastKnownFileType = sourcecode.c.h; path = ASICacheDelegate.h; sourceTree = "<group>"; };
		02A68B1517035EA400B34828 /* ASIDataCompressor.h */ = {isa = PBXFileReference; fileEncoding = 4; lastKnownFileType = sourcecode.c.h; path = ASIDataCompressor.h; sourceTree = "<group>"; };
		02A68B1617035EA400B34828 /* ASIDataCompressor.m */ = {isa = PBXFileReference; fileEncoding = 4; lastKnownFileType = sourcecode.c.objc; path = ASIDataCompressor.m; sourceTree = "<group>"; };
		02A68B1717035EA400B34828 /* ASIDataDecompressor.h */ = {isa = PBXFileReference; fileEncoding = 4; lastKnownFileType = sourcecode.c.h; path = ASIDataDecompressor.h; sourceTree = "<group>"; };
		02A68B1817035EA400B34828 /* ASIDataDecompressor.m */ = {isa = PBXFileReference; fileEncoding = 4; lastKnownFileType = sourcecode.c.objc; path = ASIDataDecompressor.m; sourceTree = "<group>"; };
		02A68B1917035EA400B34828 /* ASIDownloadCache.h */ = {isa = PBXFileReference; fileEncoding = 4; lastKnownFileType = sourcecode.c.h; path = ASIDownloadCache.h; sourceTree = "<group>"; };
		02A68B1A17035EA400B34828 /* ASIDownloadCache.m */ = {isa = PBXFileReference; fileEncoding = 4; lastKnownFileType = sourcecode.c.objc; path = ASIDownloadCache.m; sourceTree = "<group>"; };
		02A68B1B17035EA400B34828 /* ASIFormDataRequest.h */ = {isa = PBXFileReference; fileEncoding = 4; lastKnownFileType = sourcecode.c.h; path = ASIFormDataRequest.h; sourceTree = "<group>"; };
		02A68B1C17035EA400B34828 /* ASIFormDataRequest.m */ = {isa = PBXFileReference; fileEncoding = 4; lastKnownFileType = sourcecode.c.objc; path = ASIFormDataRequest.m; sourceTree = "<group>"; };
		02A68B1D17035EA400B34828 /* ASIHTTPRequest.h */ = {isa = PBXFileReference; fileEncoding = 4; lastKnownFileType = sourcecode.c.h; path = ASIHTTPRequest.h; sourceTree = "<group>"; };
		02A68B1E17035EA400B34828 /* ASIHTTPRequest.m */ = {isa = PBXFileReference; fileEncoding = 4; lastKnownFileType = sourcecode.c.objc; path = ASIHTTPRequest.m; sourceTree = "<group>"; };
		02A68B1F17035EA400B34828 /* ASIHTTPRequestConfig.h */ = {isa = PBXFileReference; fileEncoding = 4; lastKnownFileType = sourcecode.c.h; path = ASIHTTPRequestConfig.h; sourceTree = "<group>"; };
		02A68B2017035EA400B34828 /* ASIHTTPRequestDelegate.h */ = {isa = PBXFileReference; fileEncoding = 4; lastKnownFileType = sourcecode.c.h; path = ASIHTTPRequestDelegate.h; sourceTree = "<group>"; };
		02A68B2117035EA400B34828 /* ASIInputStream.h */ = {isa = PBXFileReference; fileEncoding = 4; lastKnownFileType = sourcecode.c.h; path = ASIInputStream.h; sourceTree = "<group>"; };
		02A68B2217035EA400B34828 /* ASIInputStream.m */ = {isa = PBXFileReference; fileEncoding = 4; lastKnownFileType = sourcecode.c.objc; path = ASIInputStream.m; sourceTree = "<group>"; };
		02A68B2317035EA400B34828 /* ASINetworkQueue.h */ = {isa = PBXFileReference; fileEncoding = 4; lastKnownFileType = sourcecode.c.h; path = ASINetworkQueue.h; sourceTree = "<group>"; };
		02A68B2417035EA400B34828 /* ASINetworkQueue.m */ = {isa = PBXFileReference; fileEncoding = 4; lastKnownFileType = sourcecode.c.objc; path = ASINetworkQueue.m; sourceTree = "<group>"; };
		02A68B2517035EA400B34828 /* ASIProgressDelegate.h */ = {isa = PBXFileReference; fileEncoding = 4; lastKnownFileType = sourcecode.c.h; path = ASIProgressDelegate.h; sourceTree = "<group>"; };
		02A68B2E17035EDF00B34828 /* Person.h */ = {isa = PBXFileReference; fileEncoding = 4; lastKnownFileType = sourcecode.c.h; path = Person.h; sourceTree = "<group>"; };
		02A68B2F17035EDF00B34828 /* Person.m */ = {isa = PBXFileReference; fileEncoding = 4; lastKnownFileType = sourcecode.c.objc; path = Person.m; sourceTree = "<group>"; };
		02A68B3117035F5F00B34828 /* WebList.h */ = {isa = PBXFileReference; fileEncoding = 4; lastKnownFileType = sourcecode.c.h; path = WebList.h; sourceTree = "<group>"; };
		02A68B3217035F9F00B34828 /* WebJsonDataGetter.h */ = {isa = PBXFileReference; fileEncoding = 4; lastKnownFileType = sourcecode.c.h; path = WebJsonDataGetter.h; sourceTree = "<group>"; };
		02A68B3317035F9F00B34828 /* WebJsonDataGetter.m */ = {isa = PBXFileReference; fileEncoding = 4; lastKnownFileType = sourcecode.c.objc; path = WebJsonDataGetter.m; sourceTree = "<group>"; };
		02A68B381703795A00B34828 /* ASIWebPageRequest.h */ = {isa = PBXFileReference; fileEncoding = 4; lastKnownFileType = sourcecode.c.h; path = ASIWebPageRequest.h; sourceTree = "<group>"; };
		02A68B391703795A00B34828 /* ASIWebPageRequest.m */ = {isa = PBXFileReference; fileEncoding = 4; lastKnownFileType = sourcecode.c.objc; path = ASIWebPageRequest.m; sourceTree = "<group>"; };
		02A68B3B1703796B00B34828 /* ASICloudFilesCDNRequest.h */ = {isa = PBXFileReference; fileEncoding = 4; lastKnownFileType = sourcecode.c.h; path = ASICloudFilesCDNRequest.h; sourceTree = "<group>"; };
		02A68B3C1703796B00B34828 /* ASICloudFilesCDNRequest.m */ = {isa = PBXFileReference; fileEncoding = 4; lastKnownFileType = sourcecode.c.objc; path = ASICloudFilesCDNRequest.m; sourceTree = "<group>"; };
		02A68B3D1703796B00B34828 /* ASICloudFilesContainer.h */ = {isa = PBXFileReference; fileEncoding = 4; lastKnownFileType = sourcecode.c.h; path = ASICloudFilesContainer.h; sourceTree = "<group>"; };
		02A68B3E1703796B00B34828 /* ASICloudFilesContainer.m */ = {isa = PBXFileReference; fileEncoding = 4; lastKnownFileType = sourcecode.c.objc; path = ASICloudFilesContainer.m; sourceTree = "<group>"; };
		02A68B3F1703796B00B34828 /* ASICloudFilesContainerRequest.h */ = {isa = PBXFileReference; fileEncoding = 4; lastKnownFileType = sourcecode.c.h; path = ASICloudFilesContainerRequest.h; sourceTree = "<group>"; };
		02A68B401703796B00B34828 /* ASICloudFilesContainerRequest.m */ = {isa = PBXFileReference; fileEncoding = 4; lastKnownFileType = sourcecode.c.objc; path = ASICloudFilesContainerRequest.m; sourceTree = "<group>"; };
		02A68B411703796B00B34828 /* ASICloudFilesContainerXMLParserDelegate.h */ = {isa = PBXFileReference; fileEncoding = 4; lastKnownFileType = sourcecode.c.h; path = ASICloudFilesContainerXMLParserDelegate.h; sourceTree = "<group>"; };
		02A68B421703796B00B34828 /* ASICloudFilesContainerXMLParserDelegate.m */ = {isa = PBXFileReference; fileEncoding = 4; lastKnownFileType = sourcecode.c.objc; path = ASICloudFilesContainerXMLParserDelegate.m; sourceTree = "<group>"; };
		02A68B431703796B00B34828 /* ASICloudFilesObject.h */ = {isa = PBXFileReference; fileEncoding = 4; lastKnownFileType = sourcecode.c.h; path = ASICloudFilesObject.h; sourceTree = "<group>"; };
		02A68B441703796B00B34828 /* ASICloudFilesObject.m */ = {isa = PBXFileReference; fileEncoding = 4; lastKnownFileType = sourcecode.c.objc; path = ASICloudFilesObject.m; sourceTree = "<group>"; };
		02A68B451703796B00B34828 /* ASICloudFilesObjectRequest.h */ = {isa = PBXFileReference; fileEncoding = 4; lastKnownFileType = sourcecode.c.h; path = ASICloudFilesObjectRequest.h; sourceTree = "<group>"; };
		02A68B461703796B00B34828 /* ASICloudFilesObjectRequest.m */ = {isa = PBXFileReference; fileEncoding = 4; lastKnownFileType = sourcecode.c.objc; path = ASICloudFilesObjectRequest.m; sourceTree = "<group>"; };
		02A68B471703796B00B34828 /* ASICloudFilesRequest.h */ = {isa = PBXFileReference; fileEncoding = 4; lastKnownFileType = sourcecode.c.h; path = ASICloudFilesRequest.h; sourceTree = "<group>"; };
		02A68B481703796B00B34828 /* ASICloudFilesRequest.m */ = {isa = PBXFileReference; fileEncoding = 4; lastKnownFileType = sourcecode.c.objc; path = ASICloudFilesRequest.m; sourceTree = "<group>"; };
		02A68B501703797B00B34828 /* ASINSXMLParserCompat.h */ = {isa = PBXFileReference; fileEncoding = 4; lastKnownFileType = sourcecode.c.h; path = ASINSXMLParserCompat.h; sourceTree = "<group>"; };
		02A68B511703797B00B34828 /* ASIS3Bucket.h */ = {isa = PBXFileReference; fileEncoding = 4; lastKnownFileType = sourcecode.c.h; path = ASIS3Bucket.h; sourceTree = "<group>"; };
		02A68B521703797B00B34828 /* ASIS3Bucket.m */ = {isa = PBXFileReference; fileEncoding = 4; lastKnownFileType = sourcecode.c.objc; path = ASIS3Bucket.m; sourceTree = "<group>"; };
		02A68B531703797B00B34828 /* ASIS3BucketObject.h */ = {isa = PBXFileReference; fileEncoding = 4; lastKnownFileType = sourcecode.c.h; path = ASIS3BucketObject.h; sourceTree = "<group>"; };
		02A68B541703797B00B34828 /* ASIS3BucketObject.m */ = {isa = PBXFileReference; fileEncoding = 4; lastKnownFileType = sourcecode.c.objc; path = ASIS3BucketObject.m; sourceTree = "<group>"; };
		02A68B551703797B00B34828 /* ASIS3BucketRequest.h */ = {isa = PBXFileReference; fileEncoding = 4; lastKnownFileType = sourcecode.c.h; path = ASIS3BucketRequest.h; sourceTree = "<group>"; };
		02A68B561703797B00B34828 /* ASIS3BucketRequest.m */ = {isa = PBXFileReference; fileEncoding = 4; lastKnownFileType = sourcecode.c.objc; path = ASIS3BucketRequest.m; sourceTree = "<group>"; };
		02A68B571703797B00B34828 /* ASIS3ObjectRequest.h */ = {isa = PBXFileReference; fileEncoding = 4; lastKnownFileType = sourcecode.c.h; path = ASIS3ObjectRequest.h; sourceTree = "<group>"; };
		02A68B581703797B00B34828 /* ASIS3ObjectRequest.m */ = {isa = PBXFileReference; fileEncoding = 4; lastKnownFileType = sourcecode.c.objc; path = ASIS3ObjectRequest.m; sourceTree = "<group>"; };
		02A68B591703797B00B34828 /* ASIS3Request.h */ = {isa = PBXFileReference; fileEncoding = 4; lastKnownFileType = sourcecode.c.h; path = ASIS3Request.h; sourceTree = "<group>"; };
		02A68B5A1703797B00B34828 /* ASIS3Request.m */ = {isa = PBXFileReference; fileEncoding = 4; lastKnownFileType = sourcecode.c.objc; path = ASIS3Request.m; sourceTree = "<group>"; };
		02A68B5B1703797B00B34828 /* ASIS3ServiceRequest.h */ = {isa = PBXFileReference; fileEncoding = 4; lastKnownFileType = sourcecode.c.h; path = ASIS3ServiceRequest.h; sourceTree = "<group>"; };
		02A68B5C1703797B00B34828 /* ASIS3ServiceRequest.m */ = {isa = PBXFileReference; fileEncoding = 4; lastKnownFileType = sourcecode.c.objc; path = ASIS3ServiceRequest.m; sourceTree = "<group>"; };
		02A68B6417037A6900B34828 /* Reachability.h */ = {isa = PBXFileReference; fileEncoding = 4; lastKnownFileType = sourcecode.c.h; path = Reachability.h; sourceTree = "<group>"; };
		02A68B6517037A6900B34828 /* Reachability.m */ = {isa = PBXFileReference; fileEncoding = 4; lastKnownFileType = sourcecode.c.objc; path = Reachability.m; sourceTree = "<group>"; };
		02A68B6717037BEE00B34828 /* libxml2.dylib */ = {isa = PBXFileReference; lastKnownFileType = "compiled.mach-o.dylib"; name = libxml2.dylib; path = usr/lib/libxml2.dylib; sourceTree = SDKROOT; };
		02A68B6917037BFC00B34828 /* libz.dylib */ = {isa = PBXFileReference; lastKnownFileType = "compiled.mach-o.dylib"; name = libz.dylib; path = usr/lib/libz.dylib; sourceTree = SDKROOT; };
		02A68B6B170380B300B34828 /* blackhole.png */ = {isa = PBXFileReference; lastKnownFileType = image.png; path = blackhole.png; sourceTree = "<group>"; };
		02A91712170207BC00F2E55F /* ShaCookie.app */ = {isa = PBXFileReference; explicitFileType = wrapper.application; includeInIndex = 0; path = ShaCookie.app; sourceTree = BUILT_PRODUCTS_DIR; };
		02A91715170207BC00F2E55F /* UIKit.framework */ = {isa = PBXFileReference; lastKnownFileType = wrapper.framework; name = UIKit.framework; path = System/Library/Frameworks/UIKit.framework; sourceTree = SDKROOT; };
		02A91717170207BC00F2E55F /* Foundation.framework */ = {isa = PBXFileReference; lastKnownFileType = wrapper.framework; name = Foundation.framework; path = System/Library/Frameworks/Foundation.framework; sourceTree = SDKROOT; };
		02A91719170207BC00F2E55F /* CoreGraphics.framework */ = {isa = PBXFileReference; lastKnownFileType = wrapper.framework; name = CoreGraphics.framework; path = System/Library/Frameworks/CoreGraphics.framework; sourceTree = SDKROOT; };
		02A9171D170207BC00F2E55F /* miniGame-Info.plist */ = {isa = PBXFileReference; lastKnownFileType = text.plist.xml; path = "miniGame-Info.plist"; sourceTree = "<group>"; };
		02A9171F170207BC00F2E55F /* en */ = {isa = PBXFileReference; lastKnownFileType = text.plist.strings; name = en; path = en.lproj/InfoPlist.strings; sourceTree = "<group>"; };
		02A91721170207BC00F2E55F /* main.m */ = {isa = PBXFileReference; lastKnownFileType = sourcecode.c.objc; path = main.m; sourceTree = "<group>"; };
		02A91723170207BC00F2E55F /* miniGame-Prefix.pch */ = {isa = PBXFileReference; lastKnownFileType = sourcecode.c.h; path = "miniGame-Prefix.pch"; sourceTree = "<group>"; };
		02A91724170207BC00F2E55F /* AppDelegate.h */ = {isa = PBXFileReference; lastKnownFileType = sourcecode.c.h; path = AppDelegate.h; sourceTree = "<group>"; };
		02A91725170207BC00F2E55F /* AppDelegate.m */ = {isa = PBXFileReference; lastKnownFileType = sourcecode.c.objc; path = AppDelegate.m; sourceTree = "<group>"; };
		02A91727170207BC00F2E55F /* Default.png */ = {isa = PBXFileReference; lastKnownFileType = image.png; path = Default.png; sourceTree = "<group>"; };
		02A91729170207BC00F2E55F /* Default@2x.png */ = {isa = PBXFileReference; lastKnownFileType = image.png; path = "Default@2x.png"; sourceTree = "<group>"; };
		02A9172B170207BC00F2E55F /* Default-568h@2x.png */ = {isa = PBXFileReference; lastKnownFileType = image.png; path = "Default-568h@2x.png"; sourceTree = "<group>"; };
		02A9172D170207BC00F2E55F /* ViewController.h */ = {isa = PBXFileReference; lastKnownFileType = sourcecode.c.h; path = ViewController.h; sourceTree = "<group>"; };
		02A9172E170207BC00F2E55F /* ViewController.m */ = {isa = PBXFileReference; lastKnownFileType = sourcecode.c.objc; path = ViewController.m; sourceTree = "<group>"; };
		02A91731170207BC00F2E55F /* en */ = {isa = PBXFileReference; lastKnownFileType = file.xib; name = en; path = en.lproj/ViewController.xib; sourceTree = "<group>"; };
		02A917381702307A00F2E55F /* CoreMotion.framework */ = {isa = PBXFileReference; lastKnownFileType = wrapper.framework; name = CoreMotion.framework; path = System/Library/Frameworks/CoreMotion.framework; sourceTree = SDKROOT; };
		02A99DA8174F450600F576E2 /* game.png */ = {isa = PBXFileReference; lastKnownFileType = image.png; path = game.png; sourceTree = "<group>"; };
		02A99DAD174F492700F576E2 /* gamepan.png */ = {isa = PBXFileReference; lastKnownFileType = image.png; path = gamepan.png; sourceTree = "<group>"; };
		02A99DAF174F496C00F576E2 /* gamebaby.png */ = {isa = PBXFileReference; lastKnownFileType = image.png; path = gamebaby.png; sourceTree = "<group>"; };
		02A99DB1174F5B5900F576E2 /* background-big.png */ = {isa = PBXFileReference; lastKnownFileType = image.png; path = "background-big.png"; sourceTree = "<group>"; };
		02A99DB5174F5D2E00F576E2 /* 001.png */ = {isa = PBXFileReference; lastKnownFileType = image.png; path = 001.png; sourceTree = "<group>"; };
		02A99DB7174F5FC500F576E2 /* backgrond.png */ = {isa = PBXFileReference; lastKnownFileType = image.png; path = backgrond.png; sourceTree = "<group>"; };
		02A99DB9174F602900F576E2 /* 123.png */ = {isa = PBXFileReference; lastKnownFileType = image.png; path = 123.png; sourceTree = "<group>"; };
		02A99DBB174F612800F576E2 /* 564.png */ = {isa = PBXFileReference; lastKnownFileType = image.png; path = 564.png; sourceTree = "<group>"; };
		02AE7871174F211500DDCBDA /* 蒜香烤土司.jpg */ = {isa = PBXFileReference; lastKnownFileType = image.jpeg; path = "蒜香烤土司.jpg"; sourceTree = "<group>"; };
		02AE7872174F211500DDCBDA /* 銀杏百合蝦球.jpg */ = {isa = PBXFileReference; lastKnownFileType = image.jpeg; path = "銀杏百合蝦球.jpg"; sourceTree = "<group>"; };
		491AE83A175FAD4800E4121C /* homepage1.png */ = {isa = PBXFileReference; lastKnownFileType = image.png; path = homepage1.png; sourceTree = "<group>"; };
		491AE83B175FAD4800E4121C /* homepage2-1.png */ = {isa = PBXFileReference; lastKnownFileType = image.png; path = "homepage2-1.png"; sourceTree = "<group>"; };
		491AE83E175FAF3C00E4121C /* entryViewController.h */ = {isa = PBXFileReference; fileEncoding = 4; lastKnownFileType = sourcecode.c.h; path = entryViewController.h; sourceTree = "<group>"; };
		491AE83F175FAF3C00E4121C /* entryViewController.m */ = {isa = PBXFileReference; fileEncoding = 4; lastKnownFileType = sourcecode.c.objc; path = entryViewController.m; sourceTree = "<group>"; };
		491AE840175FAF3D00E4121C /* entryViewController.xib */ = {isa = PBXFileReference; fileEncoding = 4; lastKnownFileType = file.xib; path = entryViewController.xib; sourceTree = "<group>"; };
		491AE846175FB7F900E4121C /* materialViewController.h */ = {isa = PBXFileReference; fileEncoding = 4; lastKnownFileType = sourcecode.c.h; path = materialViewController.h; sourceTree = "<group>"; };
		491AE847175FB7F900E4121C /* materialViewController.m */ = {isa = PBXFileReference; fileEncoding = 4; lastKnownFileType = sourcecode.c.objc; path = materialViewController.m; sourceTree = "<group>"; };
		491AE848175FB7FA00E4121C /* materialViewController.xib */ = {isa = PBXFileReference; fileEncoding = 4; lastKnownFileType = file.xib; path = materialViewController.xib; sourceTree = "<group>"; };
/* End PBXFileReference section */

/* Begin PBXFrameworksBuildPhase section */
		02A9170F170207BC00F2E55F /* Frameworks */ = {
			isa = PBXFrameworksBuildPhase;
			buildActionMask = 2147483647;
			files = (
				02612DE8173CB23600C04A37 /* QuartzCore.framework in Frameworks */,
				02A68B6A17037BFC00B34828 /* libz.dylib in Frameworks */,
				02A68B6817037BEE00B34828 /* libxml2.dylib in Frameworks */,
				02A68AF71703405000B34828 /* MapKit.framework in Frameworks */,
				02A68AF51703404A00B34828 /* CoreLocation.framework in Frameworks */,
				02A68AF31703402700B34828 /* MobileCoreServices.framework in Frameworks */,
				02A68AF11703401000B34828 /* CFNetwork.framework in Frameworks */,
				02A68AEF17033FFD00B34828 /* SystemConfiguration.framework in Frameworks */,
				02A917391702307A00F2E55F /* CoreMotion.framework in Frameworks */,
				02A91716170207BC00F2E55F /* UIKit.framework in Frameworks */,
				02A91718170207BC00F2E55F /* Foundation.framework in Frameworks */,
				02A9171A170207BC00F2E55F /* CoreGraphics.framework in Frameworks */,
			);
			runOnlyForDeploymentPostprocessing = 0;
		};
/* End PBXFrameworksBuildPhase section */

/* Begin PBXGroup section */
		023F8A051708971B00283A71 /* Resources */ = {
			isa = PBXGroup;
			children = (
				023F8A081708979200283A71 /* Images */,
				023F8A071708978800283A71 /* UI */,
			);
			name = Resources;
			sourceTree = "<group>";
		};
		023F8A061708974D00283A71 /* Other Sources */ = {
			isa = PBXGroup;
			children = (
				023F8A1417089AC600283A71 /* main.m */,
				023F8A1317089AB100283A71 /* HudDemo_Prefix.pch */,
			);
			name = "Other Sources";
			sourceTree = "<group>";
		};
		023F8A071708978800283A71 /* UI */ = {
			isa = PBXGroup;
			children = (
			);
			name = UI;
			sourceTree = "<group>";
		};
		023F8A081708979200283A71 /* Images */ = {
			isa = PBXGroup;
			children = (
				02A4E7A9174C08DD00EA8FEB /* Default@2x.png */,
				02A4E7A7174C08D600EA8FEB /* Default.png */,
				02A4E7A1174C03D000EA8FEB /* icon@2x.png */,
				02A4E79F174C03CA00EA8FEB /* icon.png */,
				023F8A0C1708992900283A71 /* 37x-Checkmark.png */,
			);
			name = Images;
			sourceTree = "<group>";
		};
		02A68B00170357DA00B34828 /* ASIHTTPRequest */ = {
			isa = PBXGroup;
			children = (
				02A68B371703794A00B34828 /* S3 */,
				02A68B361703793800B34828 /* CloudFiles */,
				02A68B351703792900B34828 /* ASIWebPageRequest */,
				02A68B1217035EA400B34828 /* ASIAuthenticationDialog.h */,
				02A68B1317035EA400B34828 /* ASIAuthenticationDialog.m */,
				02A68B1417035EA400B34828 /* ASICacheDelegate.h */,
				02A68B1517035EA400B34828 /* ASIDataCompressor.h */,
				02A68B1617035EA400B34828 /* ASIDataCompressor.m */,
				02A68B1717035EA400B34828 /* ASIDataDecompressor.h */,
				02A68B1817035EA400B34828 /* ASIDataDecompressor.m */,
				02A68B1917035EA400B34828 /* ASIDownloadCache.h */,
				02A68B1A17035EA400B34828 /* ASIDownloadCache.m */,
				02A68B1B17035EA400B34828 /* ASIFormDataRequest.h */,
				02A68B1C17035EA400B34828 /* ASIFormDataRequest.m */,
				02A68B1D17035EA400B34828 /* ASIHTTPRequest.h */,
				02A68B1E17035EA400B34828 /* ASIHTTPRequest.m */,
				02A68B1F17035EA400B34828 /* ASIHTTPRequestConfig.h */,
				02A68B2017035EA400B34828 /* ASIHTTPRequestDelegate.h */,
				02A68B2117035EA400B34828 /* ASIInputStream.h */,
				02A68B2217035EA400B34828 /* ASIInputStream.m */,
				02A68B2317035EA400B34828 /* ASINetworkQueue.h */,
				02A68B2417035EA400B34828 /* ASINetworkQueue.m */,
				02A68B2517035EA400B34828 /* ASIProgressDelegate.h */,
			);
			name = ASIHTTPRequest;
			sourceTree = "<group>";
		};
		02A68B01170357F700B34828 /* JSON */ = {
			isa = PBXGroup;
			children = (
				02A68B021703596800B34828 /* JSON.h */,
				02A68B031703596800B34828 /* NSObject+SBJSON.h */,
				02A68B041703596800B34828 /* NSObject+SBJSON.m */,
				02A68B051703596800B34828 /* NSString+SBJSON.h */,
				02A68B061703596800B34828 /* NSString+SBJSON.m */,
				02A68B071703596800B34828 /* SBJsonBase.h */,
				02A68B081703596800B34828 /* SBJsonBase.m */,
				02A68B091703596800B34828 /* SBJsonParser.h */,
				02A68B0A1703596800B34828 /* SBJsonParser.m */,
				02A68B0B1703596800B34828 /* SBJsonWriter.h */,
				02A68B0C1703596800B34828 /* SBJsonWriter.m */,
			);
			name = JSON;
			sourceTree = "<group>";
		};
		02A68B351703792900B34828 /* ASIWebPageRequest */ = {
			isa = PBXGroup;
			children = (
				02A68B381703795A00B34828 /* ASIWebPageRequest.h */,
				02A68B391703795A00B34828 /* ASIWebPageRequest.m */,
			);
			name = ASIWebPageRequest;
			sourceTree = "<group>";
		};
		02A68B361703793800B34828 /* CloudFiles */ = {
			isa = PBXGroup;
			children = (
				02A68B3B1703796B00B34828 /* ASICloudFilesCDNRequest.h */,
				02A68B3C1703796B00B34828 /* ASICloudFilesCDNRequest.m */,
				02A68B3D1703796B00B34828 /* ASICloudFilesContainer.h */,
				02A68B3E1703796B00B34828 /* ASICloudFilesContainer.m */,
				02A68B3F1703796B00B34828 /* ASICloudFilesContainerRequest.h */,
				02A68B401703796B00B34828 /* ASICloudFilesContainerRequest.m */,
				02A68B411703796B00B34828 /* ASICloudFilesContainerXMLParserDelegate.h */,
				02A68B421703796B00B34828 /* ASICloudFilesContainerXMLParserDelegate.m */,
				02A68B431703796B00B34828 /* ASICloudFilesObject.h */,
				02A68B441703796B00B34828 /* ASICloudFilesObject.m */,
				02A68B451703796B00B34828 /* ASICloudFilesObjectRequest.h */,
				02A68B461703796B00B34828 /* ASICloudFilesObjectRequest.m */,
				02A68B471703796B00B34828 /* ASICloudFilesRequest.h */,
				02A68B481703796B00B34828 /* ASICloudFilesRequest.m */,
			);
			name = CloudFiles;
			sourceTree = "<group>";
		};
		02A68B371703794A00B34828 /* S3 */ = {
			isa = PBXGroup;
			children = (
				02A68B501703797B00B34828 /* ASINSXMLParserCompat.h */,
				02A68B511703797B00B34828 /* ASIS3Bucket.h */,
				02A68B521703797B00B34828 /* ASIS3Bucket.m */,
				02A68B531703797B00B34828 /* ASIS3BucketObject.h */,
				02A68B541703797B00B34828 /* ASIS3BucketObject.m */,
				02A68B551703797B00B34828 /* ASIS3BucketRequest.h */,
				02A68B561703797B00B34828 /* ASIS3BucketRequest.m */,
				02A68B571703797B00B34828 /* ASIS3ObjectRequest.h */,
				02A68B581703797B00B34828 /* ASIS3ObjectRequest.m */,
				02A68B591703797B00B34828 /* ASIS3Request.h */,
				02A68B5A1703797B00B34828 /* ASIS3Request.m */,
				02A68B5B1703797B00B34828 /* ASIS3ServiceRequest.h */,
				02A68B5C1703797B00B34828 /* ASIS3ServiceRequest.m */,
			);
			name = S3;
			sourceTree = "<group>";
		};
		02A68B6317037A3900B34828 /* Reachability */ = {
			isa = PBXGroup;
			children = (
				02A68B6417037A6900B34828 /* Reachability.h */,
				02A68B6517037A6900B34828 /* Reachability.m */,
			);
			name = Reachability;
			sourceTree = "<group>";
		};
		02A91709170207BC00F2E55F = {
			isa = PBXGroup;
			children = (
				023F8A061708974D00283A71 /* Other Sources */,
				023F8A051708971B00283A71 /* Resources */,
				02A9171B170207BC00F2E55F /* miniGame */,
				02A91714170207BC00F2E55F /* Frameworks */,
				02A91713170207BC00F2E55F /* Products */,
			);
			sourceTree = "<group>";
		};
		02A91713170207BC00F2E55F /* Products */ = {
			isa = PBXGroup;
			children = (
				02A91712170207BC00F2E55F /* ShaCookie.app */,
			);
			name = Products;
			sourceTree = "<group>";
		};
		02A91714170207BC00F2E55F /* Frameworks */ = {
			isa = PBXGroup;
			children = (
				02A68B6917037BFC00B34828 /* libz.dylib */,
				02A68B6717037BEE00B34828 /* libxml2.dylib */,
				02612DE7173CB23600C04A37 /* QuartzCore.framework */,
				02A68AF61703405000B34828 /* MapKit.framework */,
				02A68AF41703404A00B34828 /* CoreLocation.framework */,
				02A68AF21703402700B34828 /* MobileCoreServices.framework */,
				02A68AF01703401000B34828 /* CFNetwork.framework */,
				02A68AEE17033FFD00B34828 /* SystemConfiguration.framework */,
				02A917381702307A00F2E55F /* CoreMotion.framework */,
				02A91715170207BC00F2E55F /* UIKit.framework */,
				02A91717170207BC00F2E55F /* Foundation.framework */,
				02A91719170207BC00F2E55F /* CoreGraphics.framework */,
			);
			name = Frameworks;
			sourceTree = "<group>";
		};
		02A9171B170207BC00F2E55F /* miniGame */ = {
			isa = PBXGroup;
			children = (
				02A91724170207BC00F2E55F /* AppDelegate.h */,
				02A91725170207BC00F2E55F /* AppDelegate.m */,
				4984C51C17DF17D300EDE6B1 /* logical */,
				02A9171C170207BC00F2E55F /* Supporting Files */,
				02A9172D170207BC00F2E55F /* ViewController.h */,
				02A9172E170207BC00F2E55F /* ViewController.m */,
				02A91730170207BC00F2E55F /* ViewController.xib */,
				4984C51B17DF177400EDE6B1 /* Views */,
			);
			path = miniGame;
			sourceTree = "<group>";
		};
		02A9171C170207BC00F2E55F /* Supporting Files */ = {
			isa = PBXGroup;
			children = (
				02A9171D170207BC00F2E55F /* miniGame-Info.plist */,
				02A4E79D174C023A00EA8FEB /* foodData.plist */,
				02A9171E170207BC00F2E55F /* InfoPlist.strings */,
				02A91721170207BC00F2E55F /* main.m */,
				02A91723170207BC00F2E55F /* miniGame-Prefix.pch */,
				02A91727170207BC00F2E55F /* Default.png */,
				02A91729170207BC00F2E55F /* Default@2x.png */,
				02A9172B170207BC00F2E55F /* Default-568h@2x.png */,
			);
			name = "Supporting Files";
			sourceTree = "<group>";
		};
		4984C50A17DF140400EDE6B1 /* images */ = {
			isa = PBXGroup;
			children = (
				02A68B6B170380B300B34828 /* blackhole.png */,
				02A67CA7174BE3DE00BCD095 /* Property List.plist */,
				02A67C9F174BE3C900BCD095 /* Cell 2.jpg */,
				02A67CA0174BE3C900BCD095 /* Cell 3.jpg */,
				02A67CA1174BE3CA00BCD095 /* Cell 4.jpg */,
				02A99DB5174F5D2E00F576E2 /* 001.png */,
				491AE83A175FAD4800E4121C /* homepage1.png */,
				491AE83B175FAD4800E4121C /* homepage2-1.png */,
				02A99DBB174F612800F576E2 /* 564.png */,
				02A99DB9174F602900F576E2 /* 123.png */,
				02A99DB7174F5FC500F576E2 /* backgrond.png */,
				02A99DB1174F5B5900F576E2 /* background-big.png */,
				02A99DAF174F496C00F576E2 /* gamebaby.png */,
				02A99DAD174F492700F576E2 /* gamepan.png */,
				02A99DA8174F450600F576E2 /* game.png */,
				02AE7871174F211500DDCBDA /* 蒜香烤土司.jpg */,
				02AE7872174F211500DDCBDA /* 銀杏百合蝦球.jpg */,
			);
			name = images;
			sourceTree = "<group>";
		};
		4984C50B17DF14BD00EDE6B1 /* JsonView */ = {
			isa = PBXGroup;
			children = (
				02A68AF817034A8300B34828 /* JsonViewController.h */,
				02A68AF917034A8300B34828 /* JsonViewController.m */,
				02A68AFA17034A8300B34828 /* JsonViewController.xib */,
			);
			name = JsonView;
			sourceTree = "<group>";
		};
		4984C50C17DF14DE00EDE6B1 /* RecipeInfo */ = {
			isa = PBXGroup;
			children = (
				02A68AFD17034C5600B34828 /* RecipeInfo.h */,
				02A68AFE17034C5600B34828 /* RecipeInfo.m */,
			);
			name = RecipeInfo;
			sourceTree = "<group>";
		};
		4984C50D17DF153B00EDE6B1 /* Person */ = {
			isa = PBXGroup;
			children = (
				02A68B2E17035EDF00B34828 /* Person.h */,
				02A68B2F17035EDF00B34828 /* Person.m */,
			);
			name = Person;
			sourceTree = "<group>";
		};
		4984C50E17DF156800EDE6B1 /* WebJsonDataGetter */ = {
			isa = PBXGroup;
			children = (
				02A68B3217035F9F00B34828 /* WebJsonDataGetter.h */,
				02A68B3317035F9F00B34828 /* WebJsonDataGetter.m */,
			);
			name = WebJsonDataGetter;
			sourceTree = "<group>";
		};
		4984C50F17DF15C000EDE6B1 /* testView */ = {
			isa = PBXGroup;
			children = (
				0202E7891704CA7200B0CD51 /* testViewController.xib */,
				0202E7871704CA7200B0CD51 /* testViewController.h */,
				0202E7881704CA7200B0CD51 /* testViewController.m */,
			);
			name = testView;
			sourceTree = "<group>";
		};
		4984C51017DF160800EDE6B1 /* materialView */ = {
			isa = PBXGroup;
			children = (
				491AE846175FB7F900E4121C /* materialViewController.h */,
				491AE847175FB7F900E4121C /* materialViewController.m */,
				491AE848175FB7FA00E4121C /* materialViewController.xib */,
			);
			name = materialView;
			sourceTree = "<group>";
		};
		4984C51117DF164900EDE6B1 /* MBProgressHUD */ = {
			isa = PBXGroup;
			children = (
				023F8A1617089BDD00283A71 /* MBProgressHUD.h */,
				023F8A1717089BDD00283A71 /* MBProgressHUD.m */,
			);
			name = MBProgressHUD;
			sourceTree = "<group>";
		};
		4984C51217DF166F00EDE6B1 /* CVCell */ = {
			isa = PBXGroup;
			children = (
				02A67C6F174BDA1800BCD095 /* CVCell.h */,
				02A67C70174BDA1800BCD095 /* CVCell.m */,
				02A67C71174BDA1800BCD095 /* CVCell.xib */,
			);
			name = CVCell;
			sourceTree = "<group>";
		};
		4984C51317DF16A300EDE6B1 /* mainTabView */ = {
			isa = PBXGroup;
			children = (
				02A67C79174BDC6200BCD095 /* mainTabViewController.h */,
				02A67C7A174BDC6200BCD095 /* mainTabViewController.m */,
				02A67C7B174BDC6200BCD095 /* mainTabViewController.xib */,
			);
			name = mainTabView;
			sourceTree = "<group>";
		};
		4984C51417DF16B600EDE6B1 /* Recipes */ = {
			isa = PBXGroup;
			children = (
				02A67C83174BDECA00BCD095 /* Recipes.h */,
				02A67C84174BDECA00BCD095 /* Recipes.m */,
			);
			name = Recipes;
			sourceTree = "<group>";
		};
		4984C51517DF16D500EDE6B1 /* PlsitRead */ = {
			isa = PBXGroup;
			children = (
				02A67C86174BDF0500BCD095 /* PlsitRead.h */,
				02A67C87174BDF0500BCD095 /* PlsitRead.m */,
			);
			name = PlsitRead;
			sourceTree = "<group>";
		};
		4984C51617DF16E800EDE6B1 /* refView */ = {
			isa = PBXGroup;
			children = (
				02A67C89174BE05F00BCD095 /* refViewController.h */,
				02A67C8A174BE05F00BCD095 /* refViewController.m */,
				02A67C8B174BE05F00BCD095 /* refViewController.xib */,
			);
			name = refView;
			sourceTree = "<group>";
		};
		4984C51717DF16FF00EDE6B1 /* menuView */ = {
			isa = PBXGroup;
			children = (
				02A67C93174BE21100BCD095 /* menuViewController.h */,
				02A67C94174BE21100BCD095 /* menuViewController.m */,
				02A67C95174BE21100BCD095 /* menuViewController.xib */,
			);
			name = menuView;
			sourceTree = "<group>";
		};
		4984C51817DF173000EDE6B1 /* foodDetailView */ = {
			isa = PBXGroup;
			children = (
				02A67C98174BE29500BCD095 /* foodDetailViewController.h */,
				02A67C99174BE29500BCD095 /* foodDetailViewController.m */,
				02A67C9A174BE29600BCD095 /* foodDetailViewController.xib */,
			);
			name = foodDetailView;
			sourceTree = "<group>";
		};
		4984C51917DF174300EDE6B1 /* UploadRecipe */ = {
			isa = PBXGroup;
			children = (
				023842BC17588CC700831605 /* UploadRecipe.h */,
				023842BD17588CC700831605 /* UploadRecipe.m */,
				023842BE17588CC700831605 /* UploadRecipe.xib */,
			);
			name = UploadRecipe;
			sourceTree = "<group>";
		};
		4984C51A17DF175400EDE6B1 /* entryView */ = {
			isa = PBXGroup;
			children = (
				491AE83E175FAF3C00E4121C /* entryViewController.h */,
				491AE83F175FAF3C00E4121C /* entryViewController.m */,
				491AE840175FAF3D00E4121C /* entryViewController.xib */,
			);
			name = entryView;
			sourceTree = "<group>";
		};
		4984C51B17DF177400EDE6B1 /* Views */ = {
			isa = PBXGroup;
			children = (
				4984C51A17DF175400EDE6B1 /* entryView */,
				4984C51817DF173000EDE6B1 /* foodDetailView */,
				4984C51717DF16FF00EDE6B1 /* menuView */,
				4984C51617DF16E800EDE6B1 /* refView */,
				4984C51317DF16A300EDE6B1 /* mainTabView */,
				4984C51017DF160800EDE6B1 /* materialView */,
				4984C50F17DF15C000EDE6B1 /* testView */,
				4984C50B17DF14BD00EDE6B1 /* JsonView */,
			);
			name = Views;
			sourceTree = "<group>";
		};
		4984C51C17DF17D300EDE6B1 /* logical */ = {
			isa = PBXGroup;
			children = (
				02A68B3117035F5F00B34828 /* WebList.h */,
				4984C51917DF174300EDE6B1 /* UploadRecipe */,
				4984C51517DF16D500EDE6B1 /* PlsitRead */,
				4984C51417DF16B600EDE6B1 /* Recipes */,
				4984C51217DF166F00EDE6B1 /* CVCell */,
				4984C51117DF164900EDE6B1 /* MBProgressHUD */,
				4984C50E17DF156800EDE6B1 /* WebJsonDataGetter */,
				4984C50D17DF153B00EDE6B1 /* Person */,
				4984C50C17DF14DE00EDE6B1 /* RecipeInfo */,
				4984C50A17DF140400EDE6B1 /* images */,
				02A68B6317037A3900B34828 /* Reachability */,
				02A68B01170357F700B34828 /* JSON */,
				02A68B00170357DA00B34828 /* ASIHTTPRequest */,
			);
			name = logical;
			sourceTree = "<group>";
		};
/* End PBXGroup section */

/* Begin PBXNativeTarget section */
		02A91711170207BC00F2E55F /* miniGame */ = {
			isa = PBXNativeTarget;
			buildConfigurationList = 02A91735170207BC00F2E55F /* Build configuration list for PBXNativeTarget "miniGame" */;
			buildPhases = (
				02A9170E170207BC00F2E55F /* Sources */,
				02A9170F170207BC00F2E55F /* Frameworks */,
				02A91710170207BC00F2E55F /* Resources */,
			);
			buildRules = (
			);
			dependencies = (
			);
			name = miniGame;
			productName = miniGame;
			productReference = 02A91712170207BC00F2E55F /* ShaCookie.app */;
			productType = "com.apple.product-type.application";
		};
/* End PBXNativeTarget section */

/* Begin PBXProject section */
		02A9170A170207BC00F2E55F /* Project object */ = {
			isa = PBXProject;
			attributes = {
				LastUpgradeCheck = 0460;
			};
			buildConfigurationList = 02A9170D170207BC00F2E55F /* Build configuration list for PBXProject "miniGame" */;
			compatibilityVersion = "Xcode 3.2";
			developmentRegion = English;
			hasScannedForEncodings = 0;
			knownRegions = (
				en,
			);
			mainGroup = 02A91709170207BC00F2E55F;
			productRefGroup = 02A91713170207BC00F2E55F /* Products */;
			projectDirPath = "";
			projectRoot = "";
			targets = (
				02A91711170207BC00F2E55F /* miniGame */,
			);
		};
/* End PBXProject section */

/* Begin PBXResourcesBuildPhase section */
		02A91710170207BC00F2E55F /* Resources */ = {
			isa = PBXResourcesBuildPhase;
			buildActionMask = 2147483647;
			files = (
				02A91720170207BC00F2E55F /* InfoPlist.strings in Resources */,
				02A91728170207BC00F2E55F /* Default.png in Resources */,
				02A9172C170207BC00F2E55F /* Default-568h@2x.png in Resources */,
				02A91732170207BC00F2E55F /* ViewController.xib in Resources */,
				02A68AFC17034A8300B34828 /* JsonViewController.xib in Resources */,
				02A68B6C170380B300B34828 /* blackhole.png in Resources */,
				0202E78B1704CA7200B0CD51 /* testViewController.xib in Resources */,
				023F8A101708992900283A71 /* 37x-Checkmark.png in Resources */,
				02A67C73174BDA1800BCD095 /* CVCell.xib in Resources */,
				02A67C7D174BDC6200BCD095 /* mainTabViewController.xib in Resources */,
				02A67C8D174BE06000BCD095 /* refViewController.xib in Resources */,
				02A67C97174BE21100BCD095 /* menuViewController.xib in Resources */,
				02A67C9C174BE29600BCD095 /* foodDetailViewController.xib in Resources */,
				02A67CA4174BE3CA00BCD095 /* Cell 2.jpg in Resources */,
				02A67CA5174BE3CA00BCD095 /* Cell 3.jpg in Resources */,
				02A67CA6174BE3CA00BCD095 /* Cell 4.jpg in Resources */,
				02A67CA8174BE3DE00BCD095 /* Property List.plist in Resources */,
				02A4E79E174C023A00EA8FEB /* foodData.plist in Resources */,
				02A4E7A0174C03CA00EA8FEB /* icon.png in Resources */,
				02A4E7A2174C03D000EA8FEB /* icon@2x.png in Resources */,
				02A4E7A8174C08D600EA8FEB /* Default.png in Resources */,
				02A4E7AA174C08DD00EA8FEB /* Default@2x.png in Resources */,
				02AE7873174F211500DDCBDA /* 蒜香烤土司.jpg in Resources */,
				02AE7874174F211500DDCBDA /* 銀杏百合蝦球.jpg in Resources */,
				02A99DAB174F450600F576E2 /* game.png in Resources */,
				02A99DAE174F492700F576E2 /* gamepan.png in Resources */,
				02A99DB0174F496C00F576E2 /* gamebaby.png in Resources */,
				02A99DB3174F5B5900F576E2 /* background-big.png in Resources */,
				02A99DB6174F5D2E00F576E2 /* 001.png in Resources */,
				02A99DB8174F5FC500F576E2 /* backgrond.png in Resources */,
				02A99DBA174F602900F576E2 /* 123.png in Resources */,
				02A99DBC174F612800F576E2 /* 564.png in Resources */,
				023842C017588CC800831605 /* UploadRecipe.xib in Resources */,
				491AE83C175FAD4800E4121C /* homepage1.png in Resources */,
				491AE83D175FAD4800E4121C /* homepage2-1.png in Resources */,
				491AE842175FAF3D00E4121C /* entryViewController.xib in Resources */,
				491AE84A175FB7FB00E4121C /* materialViewController.xib in Resources */,
			);
			runOnlyForDeploymentPostprocessing = 0;
		};
/* End PBXResourcesBuildPhase section */

/* Begin PBXSourcesBuildPhase section */
		02A9170E170207BC00F2E55F /* Sources */ = {
			isa = PBXSourcesBuildPhase;
			buildActionMask = 2147483647;
			files = (
				02A91722170207BC00F2E55F /* main.m in Sources */,
				02A91726170207BC00F2E55F /* AppDelegate.m in Sources */,
				02A9172F170207BC00F2E55F /* ViewController.m in Sources */,
				02A68AFB17034A8300B34828 /* JsonViewController.m in Sources */,
				02A68AFF17034C5600B34828 /* RecipeInfo.m in Sources */,
				02A68B0D1703596800B34828 /* NSObject+SBJSON.m in Sources */,
				02A68B0E1703596800B34828 /* NSString+SBJSON.m in Sources */,
				02A68B0F1703596800B34828 /* SBJsonBase.m in Sources */,
				02A68B101703596800B34828 /* SBJsonParser.m in Sources */,
				02A68B111703596800B34828 /* SBJsonWriter.m in Sources */,
				02A68B2617035EA400B34828 /* ASIAuthenticationDialog.m in Sources */,
				02A68B2717035EA400B34828 /* ASIDataCompressor.m in Sources */,
				02A68B2817035EA400B34828 /* ASIDataDecompressor.m in Sources */,
				02A68B2917035EA400B34828 /* ASIDownloadCache.m in Sources */,
				02A68B2A17035EA400B34828 /* ASIFormDataRequest.m in Sources */,
				02A68B2B17035EA400B34828 /* ASIHTTPRequest.m in Sources */,
				02A68B2C17035EA400B34828 /* ASIInputStream.m in Sources */,
				02A68B2D17035EA400B34828 /* ASINetworkQueue.m in Sources */,
				02A68B3017035EDF00B34828 /* Person.m in Sources */,
				02A68B3417035F9F00B34828 /* WebJsonDataGetter.m in Sources */,
				02A68B3A1703795A00B34828 /* ASIWebPageRequest.m in Sources */,
				02A68B491703796B00B34828 /* ASICloudFilesCDNRequest.m in Sources */,
				02A68B4A1703796B00B34828 /* ASICloudFilesContainer.m in Sources */,
				02A68B4B1703796B00B34828 /* ASICloudFilesContainerRequest.m in Sources */,
				02A68B4C1703796B00B34828 /* ASICloudFilesContainerXMLParserDelegate.m in Sources */,
				02A68B4D1703796B00B34828 /* ASICloudFilesObject.m in Sources */,
				02A68B4E1703796B00B34828 /* ASICloudFilesObjectRequest.m in Sources */,
				02A68B4F1703796B00B34828 /* ASICloudFilesRequest.m in Sources */,
				02A68B5D1703797B00B34828 /* ASIS3Bucket.m in Sources */,
				02A68B5E1703797B00B34828 /* ASIS3BucketObject.m in Sources */,
				02A68B5F1703797B00B34828 /* ASIS3BucketRequest.m in Sources */,
				02A68B601703797B00B34828 /* ASIS3ObjectRequest.m in Sources */,
				02A68B611703797B00B34828 /* ASIS3Request.m in Sources */,
				02A68B621703797B00B34828 /* ASIS3ServiceRequest.m in Sources */,
				02A68B6617037A6900B34828 /* Reachability.m in Sources */,
				0202E78A1704CA7200B0CD51 /* testViewController.m in Sources */,
				023F8A1517089AC600283A71 /* main.m in Sources */,
				023F8A1817089BDD00283A71 /* MBProgressHUD.m in Sources */,
				02A67C72174BDA1800BCD095 /* CVCell.m in Sources */,
				02A67C7C174BDC6200BCD095 /* mainTabViewController.m in Sources */,
				02A67C85174BDECA00BCD095 /* Recipes.m in Sources */,
				02A67C88174BDF0500BCD095 /* PlsitRead.m in Sources */,
				02A67C8C174BE06000BCD095 /* refViewController.m in Sources */,
				02A67C96174BE21100BCD095 /* menuViewController.m in Sources */,
				02A67C9B174BE29600BCD095 /* foodDetailViewController.m in Sources */,
				023842BF17588CC800831605 /* UploadRecipe.m in Sources */,
				491AE841175FAF3D00E4121C /* entryViewController.m in Sources */,
				491AE849175FB7FB00E4121C /* materialViewController.m in Sources */,
			);
			runOnlyForDeploymentPostprocessing = 0;
		};
/* End PBXSourcesBuildPhase section */

/* Begin PBXVariantGroup section */
		02A9171E170207BC00F2E55F /* InfoPlist.strings */ = {
			isa = PBXVariantGroup;
			children = (
				02A9171F170207BC00F2E55F /* en */,
			);
			name = InfoPlist.strings;
			sourceTree = "<group>";
		};
		02A91730170207BC00F2E55F /* ViewController.xib */ = {
			isa = PBXVariantGroup;
			children = (
				02A91731170207BC00F2E55F /* en */,
			);
			name = ViewController.xib;
			sourceTree = "<group>";
		};
/* End PBXVariantGroup section */

/* Begin XCBuildConfiguration section */
		02A91733170207BC00F2E55F /* Debug */ = {
			isa = XCBuildConfiguration;
			buildSettings = {
				ALWAYS_SEARCH_USER_PATHS = NO;
				CLANG_CXX_LANGUAGE_STANDARD = "gnu++0x";
				CLANG_CXX_LIBRARY = "libc++";
				CLANG_ENABLE_OBJC_ARC = YES;
				CLANG_WARN_CONSTANT_CONVERSION = YES;
				CLANG_WARN_EMPTY_BODY = YES;
				CLANG_WARN_ENUM_CONVERSION = YES;
				CLANG_WARN_INT_CONVERSION = YES;
				CLANG_WARN__DUPLICATE_METHOD_MATCH = YES;
				"CODE_SIGN_IDENTITY[sdk=iphoneos*]" = "iPhone Developer";
				COPY_PHASE_STRIP = NO;
				GCC_C_LANGUAGE_STANDARD = gnu99;
				GCC_DYNAMIC_NO_PIC = NO;
				GCC_OPTIMIZATION_LEVEL = 0;
				GCC_PREPROCESSOR_DEFINITIONS = (
					"DEBUG=1",
					"$(inherited)",
				);
				GCC_SYMBOLS_PRIVATE_EXTERN = NO;
				GCC_WARN_ABOUT_RETURN_TYPE = YES;
				GCC_WARN_UNINITIALIZED_AUTOS = YES;
				GCC_WARN_UNUSED_VARIABLE = YES;
				IPHONEOS_DEPLOYMENT_TARGET = 6.1;
				ONLY_ACTIVE_ARCH = YES;
				SDKROOT = iphoneos;
			};
			name = Debug;
		};
		02A91734170207BC00F2E55F /* Release */ = {
			isa = XCBuildConfiguration;
			buildSettings = {
				ALWAYS_SEARCH_USER_PATHS = NO;
				CLANG_CXX_LANGUAGE_STANDARD = "gnu++0x";
				CLANG_CXX_LIBRARY = "libc++";
				CLANG_ENABLE_OBJC_ARC = YES;
				CLANG_WARN_CONSTANT_CONVERSION = YES;
				CLANG_WARN_EMPTY_BODY = YES;
				CLANG_WARN_ENUM_CONVERSION = YES;
				CLANG_WARN_INT_CONVERSION = YES;
				CLANG_WARN__DUPLICATE_METHOD_MATCH = YES;
				"CODE_SIGN_IDENTITY[sdk=iphoneos*]" = "iPhone Developer";
				COPY_PHASE_STRIP = YES;
				GCC_C_LANGUAGE_STANDARD = gnu99;
				GCC_WARN_ABOUT_RETURN_TYPE = YES;
				GCC_WARN_UNINITIALIZED_AUTOS = YES;
				GCC_WARN_UNUSED_VARIABLE = YES;
				IPHONEOS_DEPLOYMENT_TARGET = 6.1;
				OTHER_CFLAGS = "-DNS_BLOCK_ASSERTIONS=1";
				SDKROOT = iphoneos;
				VALIDATE_PRODUCT = YES;
			};
			name = Release;
		};
		02A91736170207BC00F2E55F /* Debug */ = {
			isa = XCBuildConfiguration;
			buildSettings = {
				GCC_PRECOMPILE_PREFIX_HEADER = YES;
				GCC_PREFIX_HEADER = "miniGame/miniGame-Prefix.pch";
				HEADER_SEARCH_PATHS = /usr/include/libxml2;
				INFOPLIST_FILE = "miniGame/miniGame-Info.plist";
				PRODUCT_NAME = ShaCookie;
				WRAPPER_EXTENSION = app;
			};
			name = Debug;
		};
		02A91737170207BC00F2E55F /* Release */ = {
			isa = XCBuildConfiguration;
			buildSettings = {
				GCC_PRECOMPILE_PREFIX_HEADER = YES;
				GCC_PREFIX_HEADER = "miniGame/miniGame-Prefix.pch";
				HEADER_SEARCH_PATHS = /usr/include/libxml2;
				INFOPLIST_FILE = "miniGame/miniGame-Info.plist";
				PRODUCT_NAME = ShaCookie;
				WRAPPER_EXTENSION = app;
			};
			name = Release;
		};
/* End XCBuildConfiguration section */

/* Begin XCConfigurationList section */
		02A9170D170207BC00F2E55F /* Build configuration list for PBXProject "miniGame" */ = {
			isa = XCConfigurationList;
			buildConfigurations = (
				02A91733170207BC00F2E55F /* Debug */,
				02A91734170207BC00F2E55F /* Release */,
			);
			defaultConfigurationIsVisible = 0;
			defaultConfigurationName = Release;
		};
		02A91735170207BC00F2E55F /* Build configuration list for PBXNativeTarget "miniGame" */ = {
			isa = XCConfigurationList;
			buildConfigurations = (
				02A91736170207BC00F2E55F /* Debug */,
				02A91737170207BC00F2E55F /* Release */,
			);
			defaultConfigurationIsVisible = 0;
			defaultConfigurationName = Release;
		};
/* End XCConfigurationList section */
	};
	rootObject = 02A9170A170207BC00F2E55F /* Project object */;
}
